
Microsoft Visual Studio Solution File, Format Version 12.00
# Visual Studio 15
VisualStudioVersion = 15.0.26206.0
MinimumVisualStudioVersion = 10.0.40219.1
Project("{8BC9CEB8-8B4A-11D0-8D11-00A0C91BC942}") = "libcrypto-1_1", "libcrypto-1_1\libcrypto-1_1.vcxproj", "{C92E1E46-3C94-4DD6-8E7D-E23ECED32A8C}"
	ProjectSection(ProjectDependencies) = postProject
		{625D49F1-BC00-4C36-AE25-2F408B208B08} = {625D49F1-BC00-4C36-AE25-2F408B208B08}
	EndProjectSection
EndProject
Project("{8BC9CEB8-8B4A-11D0-8D11-00A0C91BC942}") = "libssl-1_1", "libssl-1_1\libssl-1_1.vcxproj", "{1E068827-5CD6-4648-98DD-B0417F0B9DDC}"
	ProjectSection(ProjectDependencies) = postProject
		{C92E1E46-3C94-4DD6-8E7D-E23ECED32A8C} = {C92E1E46-3C94-4DD6-8E7D-E23ECED32A8C}
		{625D49F1-BC00-4C36-AE25-2F408B208B08} = {625D49F1-BC00-4C36-AE25-2F408B208B08}
	EndProjectSection
EndProject
Project("{8BC9CEB8-8B4A-11D0-8D11-00A0C91BC942}") = "openssl", "openssl\openssl.vcxproj", "{6138B808-39FD-4D03-B672-A8CBCD5FF85D}"
	ProjectSection(ProjectDependencies) = postProject
		{D170F81B-97DA-4313-A52A-640C17502B9D} = {D170F81B-97DA-4313-A52A-640C17502B9D}
		{1E068827-5CD6-4648-98DD-B0417F0B9DDC} = {1E068827-5CD6-4648-98DD-B0417F0B9DDC}
		{C92E1E46-3C94-4DD6-8E7D-E23ECED32A8C} = {C92E1E46-3C94-4DD6-8E7D-E23ECED32A8C}
	EndProjectSection
EndProject
Project("{8BC9CEB8-8B4A-11D0-8D11-00A0C91BC942}") = "libcrypto-1_1-static", "libcrypto-1_1-static\libcrypto-1_1-static.vcxproj", "{09F451A2-DA76-4340-B4CF-39982FA65C01}"
	ProjectSection(ProjectDependencies) = postProject
		{625D49F1-BC00-4C36-AE25-2F408B208B08} = {625D49F1-BC00-4C36-AE25-2F408B208B08}
	EndProjectSection
EndProject
Project("{8BC9CEB8-8B4A-11D0-8D11-00A0C91BC942}") = "openssl-static", "openssl-static\openssl-static.vcxproj", "{8F9B94C0-2A1C-4295-A6CD-A90750976913}"
	ProjectSection(ProjectDependencies) = postProject
		{6C2BC411-3453-4E33-8245-ED2A51A140BB} = {6C2BC411-3453-4E33-8245-ED2A51A140BB}
		{6B53B941-33A6-469D-883B-3D533EA2F64C} = {6B53B941-33A6-469D-883B-3D533EA2F64C}
		{09F451A2-DA76-4340-B4CF-39982FA65C01} = {09F451A2-DA76-4340-B4CF-39982FA65C01}
	EndProjectSection
EndProject
Project("{8BC9CEB8-8B4A-11D0-8D11-00A0C91BC942}") = "libssl-1_1-static", "libssl-1_1-static\libssl-1_1-static.vcxproj", "{6C2BC411-3453-4E33-8245-ED2A51A140BB}"
	ProjectSection(ProjectDependencies) = postProject
		{09F451A2-DA76-4340-B4CF-39982FA65C01} = {09F451A2-DA76-4340-B4CF-39982FA65C01}
		{625D49F1-BC00-4C36-AE25-2F408B208B08} = {625D49F1-BC00-4C36-AE25-2F408B208B08}
	EndProjectSection
EndProject
Project("{2150E333-8FDC-42A3-9474-1A3956D46DE8}") = "tests", "tests", "{ED572982-5E44-4CB6-9D4B-A637E4315089}"
EndProject
Project("{2150E333-8FDC-42A3-9474-1A3956D46DE8}") = "dll", "dll", "{07943888-EEE8-4D31-968A-D1F12A95D77A}"
EndProject
Project("{2150E333-8FDC-42A3-9474-1A3956D46DE8}") = "static", "static", "{988025B3-1995-4CF9-9388-0688DEA2DF93}"
EndProject
Project("{8BC9CEB8-8B4A-11D0-8D11-00A0C91BC942}") = "bad_dtls_test", "tests\bad_dtls_test\bad_dtls_test.vcxproj", "{583581BB-FF74-4C51-B032-4A937077A482}"
	ProjectSection(ProjectDependencies) = postProject
		{1E068827-5CD6-4648-98DD-B0417F0B9DDC} = {1E068827-5CD6-4648-98DD-B0417F0B9DDC}
		{C92E1E46-3C94-4DD6-8E7D-E23ECED32A8C} = {C92E1E46-3C94-4DD6-8E7D-E23ECED32A8C}
	EndProjectSection
EndProject
Project("{8BC9CEB8-8B4A-11D0-8D11-00A0C91BC942}") = "bftest", "tests\bftest\bftest.vcxproj", "{FAD0E6AC-E222-46E5-8E6D-943F0948FB73}"
	ProjectSection(ProjectDependencies) = postProject
		{1E068827-5CD6-4648-98DD-B0417F0B9DDC} = {1E068827-5CD6-4648-98DD-B0417F0B9DDC}
		{C92E1E46-3C94-4DD6-8E7D-E23ECED32A8C} = {C92E1E46-3C94-4DD6-8E7D-E23ECED32A8C}
	EndProjectSection
EndProject
Project("{8BC9CEB8-8B4A-11D0-8D11-00A0C91BC942}") = "bntest", "tests\bntest\bntest.vcxproj", "{2A0E871E-0ACD-4553-B9C3-8F664750E584}"
	ProjectSection(ProjectDependencies) = postProject
		{1E068827-5CD6-4648-98DD-B0417F0B9DDC} = {1E068827-5CD6-4648-98DD-B0417F0B9DDC}
		{C92E1E46-3C94-4DD6-8E7D-E23ECED32A8C} = {C92E1E46-3C94-4DD6-8E7D-E23ECED32A8C}
	EndProjectSection
EndProject
Project("{8BC9CEB8-8B4A-11D0-8D11-00A0C91BC942}") = "casttest", "tests\casttest\casttest.vcxproj", "{6EA57FA6-45CD-4AFC-B9A3-17E6D957F06C}"
	ProjectSection(ProjectDependencies) = postProject
		{1E068827-5CD6-4648-98DD-B0417F0B9DDC} = {1E068827-5CD6-4648-98DD-B0417F0B9DDC}
		{C92E1E46-3C94-4DD6-8E7D-E23ECED32A8C} = {C92E1E46-3C94-4DD6-8E7D-E23ECED32A8C}
	EndProjectSection
EndProject
Project("{8BC9CEB8-8B4A-11D0-8D11-00A0C91BC942}") = "clienthellotest", "tests\clienthellotest\clienthellotest.vcxproj", "{47DB4223-8E90-4B1F-B449-913B2E87585B}"
	ProjectSection(ProjectDependencies) = postProject
		{1E068827-5CD6-4648-98DD-B0417F0B9DDC} = {1E068827-5CD6-4648-98DD-B0417F0B9DDC}
		{C92E1E46-3C94-4DD6-8E7D-E23ECED32A8C} = {C92E1E46-3C94-4DD6-8E7D-E23ECED32A8C}
	EndProjectSection
EndProject
Project("{8BC9CEB8-8B4A-11D0-8D11-00A0C91BC942}") = "constant_time_test", "tests\constant_time_test\constant_time_test.vcxproj", "{88310957-111B-4661-82B1-CBE6E9D9C461}"
	ProjectSection(ProjectDependencies) = postProject
		{1E068827-5CD6-4648-98DD-B0417F0B9DDC} = {1E068827-5CD6-4648-98DD-B0417F0B9DDC}
		{C92E1E46-3C94-4DD6-8E7D-E23ECED32A8C} = {C92E1E46-3C94-4DD6-8E7D-E23ECED32A8C}
	EndProjectSection
EndProject
Project("{8BC9CEB8-8B4A-11D0-8D11-00A0C91BC942}") = "destest", "tests\destest\destest.vcxproj", "{B37BF46C-813E-431A-B7B6-DA1FD90BA8C4}"
	ProjectSection(ProjectDependencies) = postProject
		{1E068827-5CD6-4648-98DD-B0417F0B9DDC} = {1E068827-5CD6-4648-98DD-B0417F0B9DDC}
		{C92E1E46-3C94-4DD6-8E7D-E23ECED32A8C} = {C92E1E46-3C94-4DD6-8E7D-E23ECED32A8C}
	EndProjectSection
EndProject
Project("{8BC9CEB8-8B4A-11D0-8D11-00A0C91BC942}") = "dhtest", "tests\dhtest\dhtest.vcxproj", "{EE2A9818-15EA-4DA2-8BB6-E722AFCCA2B6}"
	ProjectSection(ProjectDependencies) = postProject
		{1E068827-5CD6-4648-98DD-B0417F0B9DDC} = {1E068827-5CD6-4648-98DD-B0417F0B9DDC}
		{C92E1E46-3C94-4DD6-8E7D-E23ECED32A8C} = {C92E1E46-3C94-4DD6-8E7D-E23ECED32A8C}
	EndProjectSection
EndProject
Project("{8BC9CEB8-8B4A-11D0-8D11-00A0C91BC942}") = "dsatest", "tests\dsatest\dsatest.vcxproj", "{FF93E30B-CEC3-4487-84D7-24FF7743DCDF}"
	ProjectSection(ProjectDependencies) = postProject
		{1E068827-5CD6-4648-98DD-B0417F0B9DDC} = {1E068827-5CD6-4648-98DD-B0417F0B9DDC}
		{C92E1E46-3C94-4DD6-8E7D-E23ECED32A8C} = {C92E1E46-3C94-4DD6-8E7D-E23ECED32A8C}
	EndProjectSection
EndProject
Project("{8BC9CEB8-8B4A-11D0-8D11-00A0C91BC942}") = "dtlstest", "tests\dtlstest\dtlstest.vcxproj", "{C7492591-C8D7-4C57-846B-987D63DD560B}"
	ProjectSection(ProjectDependencies) = postProject
		{1E068827-5CD6-4648-98DD-B0417F0B9DDC} = {1E068827-5CD6-4648-98DD-B0417F0B9DDC}
		{C92E1E46-3C94-4DD6-8E7D-E23ECED32A8C} = {C92E1E46-3C94-4DD6-8E7D-E23ECED32A8C}
	EndProjectSection
EndProject
Project("{8BC9CEB8-8B4A-11D0-8D11-00A0C91BC942}") = "ecdsatest", "tests\ecdsatest\ecdsatest.vcxproj", "{8BE457BB-4281-4C9F-A42A-4612C2A79AB1}"
	ProjectSection(ProjectDependencies) = postProject
		{1E068827-5CD6-4648-98DD-B0417F0B9DDC} = {1E068827-5CD6-4648-98DD-B0417F0B9DDC}
		{C92E1E46-3C94-4DD6-8E7D-E23ECED32A8C} = {C92E1E46-3C94-4DD6-8E7D-E23ECED32A8C}
	EndProjectSection
EndProject
Project("{8BC9CEB8-8B4A-11D0-8D11-00A0C91BC942}") = "ectest", "tests\ectest\ectest.vcxproj", "{C9055CA8-5AE8-48A6-AD42-BF57AFD8C5DB}"
	ProjectSection(ProjectDependencies) = postProject
		{1E068827-5CD6-4648-98DD-B0417F0B9DDC} = {1E068827-5CD6-4648-98DD-B0417F0B9DDC}
		{C92E1E46-3C94-4DD6-8E7D-E23ECED32A8C} = {C92E1E46-3C94-4DD6-8E7D-E23ECED32A8C}
	EndProjectSection
EndProject
Project("{8BC9CEB8-8B4A-11D0-8D11-00A0C91BC942}") = "enginetest", "tests\enginetest\enginetest.vcxproj", "{B6418CEA-2FCF-4398-93BC-C8F828115CDD}"
	ProjectSection(ProjectDependencies) = postProject
		{1E068827-5CD6-4648-98DD-B0417F0B9DDC} = {1E068827-5CD6-4648-98DD-B0417F0B9DDC}
		{C92E1E46-3C94-4DD6-8E7D-E23ECED32A8C} = {C92E1E46-3C94-4DD6-8E7D-E23ECED32A8C}
	EndProjectSection
EndProject
Project("{8BC9CEB8-8B4A-11D0-8D11-00A0C91BC942}") = "evp_extra_test", "tests\evp_extra_test\evp_extra_test.vcxproj", "{96E9D2AB-EC23-42E5-B8D9-6E561F66FB17}"
	ProjectSection(ProjectDependencies) = postProject
		{1E068827-5CD6-4648-98DD-B0417F0B9DDC} = {1E068827-5CD6-4648-98DD-B0417F0B9DDC}
		{C92E1E46-3C94-4DD6-8E7D-E23ECED32A8C} = {C92E1E46-3C94-4DD6-8E7D-E23ECED32A8C}
	EndProjectSection
EndProject
Project("{8BC9CEB8-8B4A-11D0-8D11-00A0C91BC942}") = "evp_test", "tests\evp_test\evp_test.vcxproj", "{B2DC9141-8B78-46F9-B53F-1CEDF8EC28A6}"
	ProjectSection(ProjectDependencies) = postProject
		{1E068827-5CD6-4648-98DD-B0417F0B9DDC} = {1E068827-5CD6-4648-98DD-B0417F0B9DDC}
		{C92E1E46-3C94-4DD6-8E7D-E23ECED32A8C} = {C92E1E46-3C94-4DD6-8E7D-E23ECED32A8C}
	EndProjectSection
EndProject
Project("{8BC9CEB8-8B4A-11D0-8D11-00A0C91BC942}") = "exptest", "tests\exptest\exptest.vcxproj", "{49FF749E-F727-4D6B-818D-04ABFE1617B3}"
	ProjectSection(ProjectDependencies) = postProject
		{1E068827-5CD6-4648-98DD-B0417F0B9DDC} = {1E068827-5CD6-4648-98DD-B0417F0B9DDC}
		{C92E1E46-3C94-4DD6-8E7D-E23ECED32A8C} = {C92E1E46-3C94-4DD6-8E7D-E23ECED32A8C}
	EndProjectSection
EndProject
Project("{8BC9CEB8-8B4A-11D0-8D11-00A0C91BC942}") = "fatalerrtest", "tests\fatalerrtest\fatalerrtest.vcxproj", "{22C0F8FB-D315-4145-98DD-5176BBB298FC}"
	ProjectSection(ProjectDependencies) = postProject
		{1E068827-5CD6-4648-98DD-B0417F0B9DDC} = {1E068827-5CD6-4648-98DD-B0417F0B9DDC}
		{C92E1E46-3C94-4DD6-8E7D-E23ECED32A8C} = {C92E1E46-3C94-4DD6-8E7D-E23ECED32A8C}
	EndProjectSection
EndProject
Project("{8BC9CEB8-8B4A-11D0-8D11-00A0C91BC942}") = "hmactest", "tests\hmactest\hmactest.vcxproj", "{9E041C99-DB1A-44F8-9543-AC3321B726A4}"
	ProjectSection(ProjectDependencies) = postProject
		{1E068827-5CD6-4648-98DD-B0417F0B9DDC} = {1E068827-5CD6-4648-98DD-B0417F0B9DDC}
		{C92E1E46-3C94-4DD6-8E7D-E23ECED32A8C} = {C92E1E46-3C94-4DD6-8E7D-E23ECED32A8C}
	EndProjectSection
EndProject
Project("{8BC9CEB8-8B4A-11D0-8D11-00A0C91BC942}") = "ideatest", "tests\ideatest\ideatest.vcxproj", "{B984292E-DBC2-40A5-AA90-842AFF4BC82A}"
	ProjectSection(ProjectDependencies) = postProject
		{1E068827-5CD6-4648-98DD-B0417F0B9DDC} = {1E068827-5CD6-4648-98DD-B0417F0B9DDC}
		{C92E1E46-3C94-4DD6-8E7D-E23ECED32A8C} = {C92E1E46-3C94-4DD6-8E7D-E23ECED32A8C}
	EndProjectSection
EndProject
Project("{8BC9CEB8-8B4A-11D0-8D11-00A0C91BC942}") = "igetest", "tests\igetest\igetest.vcxproj", "{9A62FE89-87BF-4561-AE18-1EA93BF789FB}"
	ProjectSection(ProjectDependencies) = postProject
		{1E068827-5CD6-4648-98DD-B0417F0B9DDC} = {1E068827-5CD6-4648-98DD-B0417F0B9DDC}
		{C92E1E46-3C94-4DD6-8E7D-E23ECED32A8C} = {C92E1E46-3C94-4DD6-8E7D-E23ECED32A8C}
	EndProjectSection
EndProject
Project("{8BC9CEB8-8B4A-11D0-8D11-00A0C91BC942}") = "mdc2test", "tests\mdc2test\mdc2test.vcxproj", "{CDA5B015-6134-4472-BF59-A23D476C01F0}"
	ProjectSection(ProjectDependencies) = postProject
		{1E068827-5CD6-4648-98DD-B0417F0B9DDC} = {1E068827-5CD6-4648-98DD-B0417F0B9DDC}
		{C92E1E46-3C94-4DD6-8E7D-E23ECED32A8C} = {C92E1E46-3C94-4DD6-8E7D-E23ECED32A8C}
	EndProjectSection
EndProject
Project("{8BC9CEB8-8B4A-11D0-8D11-00A0C91BC942}") = "rc2test", "tests\rc2test\rc2test.vcxproj", "{F615BD88-5FA6-45F1-801E-F177F4DBF6CC}"
	ProjectSection(ProjectDependencies) = postProject
		{1E068827-5CD6-4648-98DD-B0417F0B9DDC} = {1E068827-5CD6-4648-98DD-B0417F0B9DDC}
		{C92E1E46-3C94-4DD6-8E7D-E23ECED32A8C} = {C92E1E46-3C94-4DD6-8E7D-E23ECED32A8C}
	EndProjectSection
EndProject
Project("{8BC9CEB8-8B4A-11D0-8D11-00A0C91BC942}") = "rc4test", "tests\rc4test\rc4test.vcxproj", "{0D4C1EED-5FAE-4537-8D6F-55BA738390EE}"
	ProjectSection(ProjectDependencies) = postProject
		{1E068827-5CD6-4648-98DD-B0417F0B9DDC} = {1E068827-5CD6-4648-98DD-B0417F0B9DDC}
		{C92E1E46-3C94-4DD6-8E7D-E23ECED32A8C} = {C92E1E46-3C94-4DD6-8E7D-E23ECED32A8C}
	EndProjectSection
EndProject
Project("{8BC9CEB8-8B4A-11D0-8D11-00A0C91BC942}") = "rsa_test", "tests\rsa_test\rsa_test.vcxproj", "{9A4293E8-482B-4626-AAA0-78287F11CDC2}"
	ProjectSection(ProjectDependencies) = postProject
		{1E068827-5CD6-4648-98DD-B0417F0B9DDC} = {1E068827-5CD6-4648-98DD-B0417F0B9DDC}
		{C92E1E46-3C94-4DD6-8E7D-E23ECED32A8C} = {C92E1E46-3C94-4DD6-8E7D-E23ECED32A8C}
	EndProjectSection
EndProject
Project("{8BC9CEB8-8B4A-11D0-8D11-00A0C91BC942}") = "srptest", "tests\srptest\srptest.vcxproj", "{E37FA51E-D01E-49F4-8021-602C1AA23155}"
	ProjectSection(ProjectDependencies) = postProject
		{1E068827-5CD6-4648-98DD-B0417F0B9DDC} = {1E068827-5CD6-4648-98DD-B0417F0B9DDC}
		{C92E1E46-3C94-4DD6-8E7D-E23ECED32A8C} = {C92E1E46-3C94-4DD6-8E7D-E23ECED32A8C}
	EndProjectSection
EndProject
Project("{8BC9CEB8-8B4A-11D0-8D11-00A0C91BC942}") = "v3nametest", "tests\v3nametest\v3nametest.vcxproj", "{9FBFCC9D-68E7-4F2D-B579-0CE3FC0B9D4C}"
	ProjectSection(ProjectDependencies) = postProject
		{1E068827-5CD6-4648-98DD-B0417F0B9DDC} = {1E068827-5CD6-4648-98DD-B0417F0B9DDC}
		{C92E1E46-3C94-4DD6-8E7D-E23ECED32A8C} = {C92E1E46-3C94-4DD6-8E7D-E23ECED32A8C}
	EndProjectSection
EndProject
Project("{8BC9CEB8-8B4A-11D0-8D11-00A0C91BC942}") = "verify_extra_test", "tests\verify_extra_test\verify_extra_test.vcxproj", "{30270E1E-8392-4E15-BF34-95418AA11ED8}"
	ProjectSection(ProjectDependencies) = postProject
		{1E068827-5CD6-4648-98DD-B0417F0B9DDC} = {1E068827-5CD6-4648-98DD-B0417F0B9DDC}
		{C92E1E46-3C94-4DD6-8E7D-E23ECED32A8C} = {C92E1E46-3C94-4DD6-8E7D-E23ECED32A8C}
	EndProjectSection
EndProject
Project("{8BC9CEB8-8B4A-11D0-8D11-00A0C91BC942}") = "bad_dtls_test-static", "tests\bad_dtls_test-static\bad_dtls_test-static.vcxproj", "{D86044CA-4CD5-4507-802B-982212AFB4B0}"
	ProjectSection(ProjectDependencies) = postProject
		{6C2BC411-3453-4E33-8245-ED2A51A140BB} = {6C2BC411-3453-4E33-8245-ED2A51A140BB}
		{09F451A2-DA76-4340-B4CF-39982FA65C01} = {09F451A2-DA76-4340-B4CF-39982FA65C01}
	EndProjectSection
EndProject
Project("{8BC9CEB8-8B4A-11D0-8D11-00A0C91BC942}") = "bftest-static", "tests\bftest-static\bftest-static.vcxproj", "{BDFAD855-C841-4ED0-8563-D12BCB8BE4AF}"
	ProjectSection(ProjectDependencies) = postProject
		{6C2BC411-3453-4E33-8245-ED2A51A140BB} = {6C2BC411-3453-4E33-8245-ED2A51A140BB}
		{09F451A2-DA76-4340-B4CF-39982FA65C01} = {09F451A2-DA76-4340-B4CF-39982FA65C01}
	EndProjectSection
EndProject
Project("{8BC9CEB8-8B4A-11D0-8D11-00A0C91BC942}") = "bntest-static", "tests\bntest-static\bntest-static.vcxproj", "{C0997873-B839-4B20-B4DE-F22696FC80BC}"
	ProjectSection(ProjectDependencies) = postProject
		{6C2BC411-3453-4E33-8245-ED2A51A140BB} = {6C2BC411-3453-4E33-8245-ED2A51A140BB}
		{09F451A2-DA76-4340-B4CF-39982FA65C01} = {09F451A2-DA76-4340-B4CF-39982FA65C01}
	EndProjectSection
EndProject
Project("{8BC9CEB8-8B4A-11D0-8D11-00A0C91BC942}") = "casttest-static", "tests\casttest-static\casttest-static.vcxproj", "{C0BEDD61-5B91-4DED-8345-CEE918D68258}"
	ProjectSection(ProjectDependencies) = postProject
		{6C2BC411-3453-4E33-8245-ED2A51A140BB} = {6C2BC411-3453-4E33-8245-ED2A51A140BB}
		{09F451A2-DA76-4340-B4CF-39982FA65C01} = {09F451A2-DA76-4340-B4CF-39982FA65C01}
	EndProjectSection
EndProject
Project("{8BC9CEB8-8B4A-11D0-8D11-00A0C91BC942}") = "clienthellotest-static", "tests\clienthellotest-static\clienthellotest-static.vcxproj", "{8F439A9D-C2AE-4F35-B9C4-C364373837F8}"
	ProjectSection(ProjectDependencies) = postProject
		{6C2BC411-3453-4E33-8245-ED2A51A140BB} = {6C2BC411-3453-4E33-8245-ED2A51A140BB}
		{09F451A2-DA76-4340-B4CF-39982FA65C01} = {09F451A2-DA76-4340-B4CF-39982FA65C01}
	EndProjectSection
EndProject
Project("{8BC9CEB8-8B4A-11D0-8D11-00A0C91BC942}") = "constant_time_test-static", "tests\constant_time_test-static\constant_time_test-static.vcxproj", "{783B4549-F1B7-4C7F-BCB6-45E6D9BD0947}"
	ProjectSection(ProjectDependencies) = postProject
		{6C2BC411-3453-4E33-8245-ED2A51A140BB} = {6C2BC411-3453-4E33-8245-ED2A51A140BB}
		{09F451A2-DA76-4340-B4CF-39982FA65C01} = {09F451A2-DA76-4340-B4CF-39982FA65C01}
	EndProjectSection
EndProject
Project("{8BC9CEB8-8B4A-11D0-8D11-00A0C91BC942}") = "destest-static", "tests\destest-static\destest-static.vcxproj", "{EBB50638-2290-4682-A94D-8D188C4145E6}"
	ProjectSection(ProjectDependencies) = postProject
		{6C2BC411-3453-4E33-8245-ED2A51A140BB} = {6C2BC411-3453-4E33-8245-ED2A51A140BB}
		{09F451A2-DA76-4340-B4CF-39982FA65C01} = {09F451A2-DA76-4340-B4CF-39982FA65C01}
	EndProjectSection
EndProject
Project("{8BC9CEB8-8B4A-11D0-8D11-00A0C91BC942}") = "dhtest-static", "tests\dhtest-static\dhtest-static.vcxproj", "{3B13967B-BE43-4F62-8475-5916339844B8}"
	ProjectSection(ProjectDependencies) = postProject
		{6C2BC411-3453-4E33-8245-ED2A51A140BB} = {6C2BC411-3453-4E33-8245-ED2A51A140BB}
		{09F451A2-DA76-4340-B4CF-39982FA65C01} = {09F451A2-DA76-4340-B4CF-39982FA65C01}
	EndProjectSection
EndProject
Project("{8BC9CEB8-8B4A-11D0-8D11-00A0C91BC942}") = "dsatest-static", "tests\dsatest-static\dsatest-static.vcxproj", "{A7BE9D51-9535-450A-BCE1-13DFDB7CB9BC}"
	ProjectSection(ProjectDependencies) = postProject
		{6C2BC411-3453-4E33-8245-ED2A51A140BB} = {6C2BC411-3453-4E33-8245-ED2A51A140BB}
		{09F451A2-DA76-4340-B4CF-39982FA65C01} = {09F451A2-DA76-4340-B4CF-39982FA65C01}
	EndProjectSection
EndProject
Project("{8BC9CEB8-8B4A-11D0-8D11-00A0C91BC942}") = "dtlstest-static", "tests\dtlstest-static\dtlstest-static.vcxproj", "{5EF092B8-B117-4A03-9D38-16A59D1F37DD}"
	ProjectSection(ProjectDependencies) = postProject
		{6C2BC411-3453-4E33-8245-ED2A51A140BB} = {6C2BC411-3453-4E33-8245-ED2A51A140BB}
		{09F451A2-DA76-4340-B4CF-39982FA65C01} = {09F451A2-DA76-4340-B4CF-39982FA65C01}
	EndProjectSection
EndProject
Project("{8BC9CEB8-8B4A-11D0-8D11-00A0C91BC942}") = "ecdsatest-static", "tests\ecdsatest-static\ecdsatest-static.vcxproj", "{9D287426-76F6-484B-AFBF-FB9FED44A7AF}"
	ProjectSection(ProjectDependencies) = postProject
		{6C2BC411-3453-4E33-8245-ED2A51A140BB} = {6C2BC411-3453-4E33-8245-ED2A51A140BB}
		{09F451A2-DA76-4340-B4CF-39982FA65C01} = {09F451A2-DA76-4340-B4CF-39982FA65C01}
	EndProjectSection
EndProject
Project("{8BC9CEB8-8B4A-11D0-8D11-00A0C91BC942}") = "ectest-static", "tests\ectest-static\ectest-static.vcxproj", "{48E1F97B-973E-4822-A0ED-BCDBBAAABFCD}"
	ProjectSection(ProjectDependencies) = postProject
		{6C2BC411-3453-4E33-8245-ED2A51A140BB} = {6C2BC411-3453-4E33-8245-ED2A51A140BB}
		{09F451A2-DA76-4340-B4CF-39982FA65C01} = {09F451A2-DA76-4340-B4CF-39982FA65C01}
	EndProjectSection
EndProject
Project("{8BC9CEB8-8B4A-11D0-8D11-00A0C91BC942}") = "enginetest-static", "tests\enginetest-static\enginetest-static.vcxproj", "{4D1DCE81-3ECF-4B86-9143-89966ABA26E8}"
	ProjectSection(ProjectDependencies) = postProject
		{6C2BC411-3453-4E33-8245-ED2A51A140BB} = {6C2BC411-3453-4E33-8245-ED2A51A140BB}
		{09F451A2-DA76-4340-B4CF-39982FA65C01} = {09F451A2-DA76-4340-B4CF-39982FA65C01}
	EndProjectSection
EndProject
Project("{8BC9CEB8-8B4A-11D0-8D11-00A0C91BC942}") = "evp_extra_test-static", "tests\evp_extra_test-static\evp_extra_test-static.vcxproj", "{A4AEA9EA-FA05-46B2-88FA-A51732F5D7D2}"
	ProjectSection(ProjectDependencies) = postProject
		{6C2BC411-3453-4E33-8245-ED2A51A140BB} = {6C2BC411-3453-4E33-8245-ED2A51A140BB}
		{09F451A2-DA76-4340-B4CF-39982FA65C01} = {09F451A2-DA76-4340-B4CF-39982FA65C01}
	EndProjectSection
EndProject
Project("{8BC9CEB8-8B4A-11D0-8D11-00A0C91BC942}") = "evp_test-static", "tests\evp_test-static\evp_test-static.vcxproj", "{82ADDF96-0882-4F9E-A85D-B1C84FC795B6}"
	ProjectSection(ProjectDependencies) = postProject
		{6C2BC411-3453-4E33-8245-ED2A51A140BB} = {6C2BC411-3453-4E33-8245-ED2A51A140BB}
		{09F451A2-DA76-4340-B4CF-39982FA65C01} = {09F451A2-DA76-4340-B4CF-39982FA65C01}
	EndProjectSection
EndProject
Project("{8BC9CEB8-8B4A-11D0-8D11-00A0C91BC942}") = "exptest-static", "tests\exptest-static\exptest-static.vcxproj", "{AB9E175F-9CC9-4FC9-A9AC-9367CBBE1D9B}"
	ProjectSection(ProjectDependencies) = postProject
		{6C2BC411-3453-4E33-8245-ED2A51A140BB} = {6C2BC411-3453-4E33-8245-ED2A51A140BB}
		{09F451A2-DA76-4340-B4CF-39982FA65C01} = {09F451A2-DA76-4340-B4CF-39982FA65C01}
	EndProjectSection
EndProject
Project("{8BC9CEB8-8B4A-11D0-8D11-00A0C91BC942}") = "fatalerrtest-static", "tests\fatalerrtest-static\fatalerrtest-static.vcxproj", "{1EB4BA91-9D5C-4531-80B6-9A7A055CACDF}"
	ProjectSection(ProjectDependencies) = postProject
		{6C2BC411-3453-4E33-8245-ED2A51A140BB} = {6C2BC411-3453-4E33-8245-ED2A51A140BB}
		{09F451A2-DA76-4340-B4CF-39982FA65C01} = {09F451A2-DA76-4340-B4CF-39982FA65C01}
	EndProjectSection
EndProject
Project("{8BC9CEB8-8B4A-11D0-8D11-00A0C91BC942}") = "hmactest-static", "tests\hmactest-static\hmactest-static.vcxproj", "{A9F8B1CC-F813-401B-A37B-3AF226D49EDA}"
	ProjectSection(ProjectDependencies) = postProject
		{6C2BC411-3453-4E33-8245-ED2A51A140BB} = {6C2BC411-3453-4E33-8245-ED2A51A140BB}
		{09F451A2-DA76-4340-B4CF-39982FA65C01} = {09F451A2-DA76-4340-B4CF-39982FA65C01}
	EndProjectSection
EndProject
Project("{8BC9CEB8-8B4A-11D0-8D11-00A0C91BC942}") = "ideatest-static", "tests\ideatest-static\ideatest-static.vcxproj", "{E9EDF232-3E0C-492A-BEEE-1824C265207F}"
	ProjectSection(ProjectDependencies) = postProject
		{6C2BC411-3453-4E33-8245-ED2A51A140BB} = {6C2BC411-3453-4E33-8245-ED2A51A140BB}
		{09F451A2-DA76-4340-B4CF-39982FA65C01} = {09F451A2-DA76-4340-B4CF-39982FA65C01}
	EndProjectSection
EndProject
Project("{8BC9CEB8-8B4A-11D0-8D11-00A0C91BC942}") = "igetest-static", "tests\igetest-static\igetest-static.vcxproj", "{8C52C809-D650-4EF0-94CE-749E8FC80184}"
	ProjectSection(ProjectDependencies) = postProject
		{6C2BC411-3453-4E33-8245-ED2A51A140BB} = {6C2BC411-3453-4E33-8245-ED2A51A140BB}
		{09F451A2-DA76-4340-B4CF-39982FA65C01} = {09F451A2-DA76-4340-B4CF-39982FA65C01}
	EndProjectSection
EndProject
Project("{8BC9CEB8-8B4A-11D0-8D11-00A0C91BC942}") = "mdc2test-static", "tests\mdc2test-static\mdc2test-static.vcxproj", "{A84ACC07-7717-486E-9FA1-5805B99A7E07}"
	ProjectSection(ProjectDependencies) = postProject
		{6C2BC411-3453-4E33-8245-ED2A51A140BB} = {6C2BC411-3453-4E33-8245-ED2A51A140BB}
		{09F451A2-DA76-4340-B4CF-39982FA65C01} = {09F451A2-DA76-4340-B4CF-39982FA65C01}
	EndProjectSection
EndProject
Project("{8BC9CEB8-8B4A-11D0-8D11-00A0C91BC942}") = "rc2test-static", "tests\rc2test-static\rc2test-static.vcxproj", "{BD51EBD5-F240-48ED-AD9B-50FF801A1CF9}"
	ProjectSection(ProjectDependencies) = postProject
		{6C2BC411-3453-4E33-8245-ED2A51A140BB} = {6C2BC411-3453-4E33-8245-ED2A51A140BB}
		{09F451A2-DA76-4340-B4CF-39982FA65C01} = {09F451A2-DA76-4340-B4CF-39982FA65C01}
	EndProjectSection
EndProject
Project("{8BC9CEB8-8B4A-11D0-8D11-00A0C91BC942}") = "rc4test-static", "tests\rc4test-static\rc4test-static.vcxproj", "{94CBB7C2-8421-4467-AB05-2A9902905576}"
	ProjectSection(ProjectDependencies) = postProject
		{6C2BC411-3453-4E33-8245-ED2A51A140BB} = {6C2BC411-3453-4E33-8245-ED2A51A140BB}
		{09F451A2-DA76-4340-B4CF-39982FA65C01} = {09F451A2-DA76-4340-B4CF-39982FA65C01}
	EndProjectSection
EndProject
Project("{8BC9CEB8-8B4A-11D0-8D11-00A0C91BC942}") = "rsa_test-static", "tests\rsa_test-static\rsa_test-static.vcxproj", "{2DB898FA-2B16-401C-822F-8B6A8C5AB60F}"
	ProjectSection(ProjectDependencies) = postProject
		{6C2BC411-3453-4E33-8245-ED2A51A140BB} = {6C2BC411-3453-4E33-8245-ED2A51A140BB}
		{09F451A2-DA76-4340-B4CF-39982FA65C01} = {09F451A2-DA76-4340-B4CF-39982FA65C01}
	EndProjectSection
EndProject
Project("{8BC9CEB8-8B4A-11D0-8D11-00A0C91BC942}") = "srptest-static", "tests\srptest-static\srptest-static.vcxproj", "{4378E007-6FE6-4BAC-83D1-45381C9F5C0D}"
	ProjectSection(ProjectDependencies) = postProject
		{6C2BC411-3453-4E33-8245-ED2A51A140BB} = {6C2BC411-3453-4E33-8245-ED2A51A140BB}
		{09F451A2-DA76-4340-B4CF-39982FA65C01} = {09F451A2-DA76-4340-B4CF-39982FA65C01}
	EndProjectSection
EndProject
Project("{8BC9CEB8-8B4A-11D0-8D11-00A0C91BC942}") = "v3nametest-static", "tests\v3nametest-static\v3nametest-static.vcxproj", "{226A2E98-26B9-4262-A7AD-FB4E1F1EDA97}"
	ProjectSection(ProjectDependencies) = postProject
		{6C2BC411-3453-4E33-8245-ED2A51A140BB} = {6C2BC411-3453-4E33-8245-ED2A51A140BB}
		{09F451A2-DA76-4340-B4CF-39982FA65C01} = {09F451A2-DA76-4340-B4CF-39982FA65C01}
	EndProjectSection
EndProject
Project("{8BC9CEB8-8B4A-11D0-8D11-00A0C91BC942}") = "verify_extra_test-static", "tests\verify_extra_test-static\verify_extra_test-static.vcxproj", "{CE5DD1F5-E2F8-4CB3-B4F7-372A34B583DE}"
	ProjectSection(ProjectDependencies) = postProject
		{6C2BC411-3453-4E33-8245-ED2A51A140BB} = {6C2BC411-3453-4E33-8245-ED2A51A140BB}
		{09F451A2-DA76-4340-B4CF-39982FA65C01} = {09F451A2-DA76-4340-B4CF-39982FA65C01}
	EndProjectSection
EndProject
Project("{8BC9CEB8-8B4A-11D0-8D11-00A0C91BC942}") = "libapps", "libapps\libapps.vcxproj", "{D170F81B-97DA-4313-A52A-640C17502B9D}"
EndProject
Project("{8BC9CEB8-8B4A-11D0-8D11-00A0C91BC942}") = "libtestutil", "libtestutil\libtestutil.vcxproj", "{DB307C21-DF5A-4592-8BF5-2F84070E49C4}"
EndProject
Project("{8BC9CEB8-8B4A-11D0-8D11-00A0C91BC942}") = "libapps-static", "libapps-static\libapps-static.vcxproj", "{6B53B941-33A6-469D-883B-3D533EA2F64C}"
EndProject
Project("{8BC9CEB8-8B4A-11D0-8D11-00A0C91BC942}") = "libtestutil-static", "libtestutil-static\libtestutil-static.vcxproj", "{EFBC9744-A234-4EBE-8D81-EB233CDFD6AA}"
EndProject
Project("{8BC9CEB8-8B4A-11D0-8D11-00A0C91BC942}") = "_prebuild", "_prebuild\_prebuild.vcxproj", "{625D49F1-BC00-4C36-AE25-2F408B208B08}"
EndProject
Global
	GlobalSection(SolutionConfigurationPlatforms) = preSolution
		Debug|Win32 = Debug|Win32
		Debug|x64 = Debug|x64
		Release|Win32 = Release|Win32
		Release|x64 = Release|x64
	EndGlobalSection
	GlobalSection(ProjectConfigurationPlatforms) = postSolution
		{C92E1E46-3C94-4DD6-8E7D-E23ECED32A8C}.Debug|Win32.ActiveCfg = Debug|Win32
		{C92E1E46-3C94-4DD6-8E7D-E23ECED32A8C}.Debug|Win32.Build.0 = Debug|Win32
		{C92E1E46-3C94-4DD6-8E7D-E23ECED32A8C}.Debug|x64.ActiveCfg = Debug|x64
		{C92E1E46-3C94-4DD6-8E7D-E23ECED32A8C}.Debug|x64.Build.0 = Debug|x64
		{C92E1E46-3C94-4DD6-8E7D-E23ECED32A8C}.Release|Win32.ActiveCfg = Release|Win32
		{C92E1E46-3C94-4DD6-8E7D-E23ECED32A8C}.Release|Win32.Build.0 = Release|Win32
		{C92E1E46-3C94-4DD6-8E7D-E23ECED32A8C}.Release|x64.ActiveCfg = Release|x64
		{C92E1E46-3C94-4DD6-8E7D-E23ECED32A8C}.Release|x64.Build.0 = Release|x64
		{1E068827-5CD6-4648-98DD-B0417F0B9DDC}.Debug|Win32.ActiveCfg = Debug|Win32
		{1E068827-5CD6-4648-98DD-B0417F0B9DDC}.Debug|Win32.Build.0 = Debug|Win32
		{1E068827-5CD6-4648-98DD-B0417F0B9DDC}.Debug|x64.ActiveCfg = Debug|x64
		{1E068827-5CD6-4648-98DD-B0417F0B9DDC}.Debug|x64.Build.0 = Debug|x64
		{1E068827-5CD6-4648-98DD-B0417F0B9DDC}.Release|Win32.ActiveCfg = Release|Win32
		{1E068827-5CD6-4648-98DD-B0417F0B9DDC}.Release|Win32.Build.0 = Release|Win32
		{1E068827-5CD6-4648-98DD-B0417F0B9DDC}.Release|x64.ActiveCfg = Release|x64
		{1E068827-5CD6-4648-98DD-B0417F0B9DDC}.Release|x64.Build.0 = Release|x64
		{6138B808-39FD-4D03-B672-A8CBCD5FF85D}.Debug|Win32.ActiveCfg = Debug|Win32
		{6138B808-39FD-4D03-B672-A8CBCD5FF85D}.Debug|Win32.Build.0 = Debug|Win32
		{6138B808-39FD-4D03-B672-A8CBCD5FF85D}.Debug|x64.ActiveCfg = Debug|x64
		{6138B808-39FD-4D03-B672-A8CBCD5FF85D}.Debug|x64.Build.0 = Debug|x64
		{6138B808-39FD-4D03-B672-A8CBCD5FF85D}.Release|Win32.ActiveCfg = Release|Win32
		{6138B808-39FD-4D03-B672-A8CBCD5FF85D}.Release|Win32.Build.0 = Release|Win32
		{6138B808-39FD-4D03-B672-A8CBCD5FF85D}.Release|x64.ActiveCfg = Release|x64
		{6138B808-39FD-4D03-B672-A8CBCD5FF85D}.Release|x64.Build.0 = Release|x64
		{09F451A2-DA76-4340-B4CF-39982FA65C01}.Debug|Win32.ActiveCfg = Debug|Win32
		{09F451A2-DA76-4340-B4CF-39982FA65C01}.Debug|Win32.Build.0 = Debug|Win32
		{09F451A2-DA76-4340-B4CF-39982FA65C01}.Debug|x64.ActiveCfg = Debug|x64
		{09F451A2-DA76-4340-B4CF-39982FA65C01}.Debug|x64.Build.0 = Debug|x64
		{09F451A2-DA76-4340-B4CF-39982FA65C01}.Release|Win32.ActiveCfg = Release|Win32
		{09F451A2-DA76-4340-B4CF-39982FA65C01}.Release|Win32.Build.0 = Release|Win32
		{09F451A2-DA76-4340-B4CF-39982FA65C01}.Release|x64.ActiveCfg = Release|x64
		{09F451A2-DA76-4340-B4CF-39982FA65C01}.Release|x64.Build.0 = Release|x64
		{8F9B94C0-2A1C-4295-A6CD-A90750976913}.Debug|Win32.ActiveCfg = Debug|Win32
		{8F9B94C0-2A1C-4295-A6CD-A90750976913}.Debug|Win32.Build.0 = Debug|Win32
		{8F9B94C0-2A1C-4295-A6CD-A90750976913}.Debug|x64.ActiveCfg = Debug|x64
		{8F9B94C0-2A1C-4295-A6CD-A90750976913}.Debug|x64.Build.0 = Debug|x64
		{8F9B94C0-2A1C-4295-A6CD-A90750976913}.Release|Win32.ActiveCfg = Release|Win32
		{8F9B94C0-2A1C-4295-A6CD-A90750976913}.Release|Win32.Build.0 = Release|Win32
		{8F9B94C0-2A1C-4295-A6CD-A90750976913}.Release|x64.ActiveCfg = Release|x64
		{8F9B94C0-2A1C-4295-A6CD-A90750976913}.Release|x64.Build.0 = Release|x64
		{6C2BC411-3453-4E33-8245-ED2A51A140BB}.Debug|Win32.ActiveCfg = Debug|Win32
		{6C2BC411-3453-4E33-8245-ED2A51A140BB}.Debug|Win32.Build.0 = Debug|Win32
		{6C2BC411-3453-4E33-8245-ED2A51A140BB}.Debug|x64.ActiveCfg = Debug|x64
		{6C2BC411-3453-4E33-8245-ED2A51A140BB}.Debug|x64.Build.0 = Debug|x64
		{6C2BC411-3453-4E33-8245-ED2A51A140BB}.Release|Win32.ActiveCfg = Release|Win32
		{6C2BC411-3453-4E33-8245-ED2A51A140BB}.Release|Win32.Build.0 = Release|Win32
		{6C2BC411-3453-4E33-8245-ED2A51A140BB}.Release|x64.ActiveCfg = Release|x64
		{6C2BC411-3453-4E33-8245-ED2A51A140BB}.Release|x64.Build.0 = Release|x64
		{583581BB-FF74-4C51-B032-4A937077A482}.Debug|Win32.ActiveCfg = Debug|Win32
		{583581BB-FF74-4C51-B032-4A937077A482}.Debug|Win32.Build.0 = Debug|Win32
		{583581BB-FF74-4C51-B032-4A937077A482}.Debug|x64.ActiveCfg = Debug|x64
		{583581BB-FF74-4C51-B032-4A937077A482}.Debug|x64.Build.0 = Debug|x64
		{583581BB-FF74-4C51-B032-4A937077A482}.Release|Win32.ActiveCfg = Release|Win32
		{583581BB-FF74-4C51-B032-4A937077A482}.Release|Win32.Build.0 = Release|Win32
		{583581BB-FF74-4C51-B032-4A937077A482}.Release|x64.ActiveCfg = Release|x64
		{583581BB-FF74-4C51-B032-4A937077A482}.Release|x64.Build.0 = Release|x64
		{FAD0E6AC-E222-46E5-8E6D-943F0948FB73}.Debug|Win32.ActiveCfg = Debug|Win32
		{FAD0E6AC-E222-46E5-8E6D-943F0948FB73}.Debug|Win32.Build.0 = Debug|Win32
		{FAD0E6AC-E222-46E5-8E6D-943F0948FB73}.Debug|x64.ActiveCfg = Debug|x64
		{FAD0E6AC-E222-46E5-8E6D-943F0948FB73}.Debug|x64.Build.0 = Debug|x64
		{FAD0E6AC-E222-46E5-8E6D-943F0948FB73}.Release|Win32.ActiveCfg = Release|Win32
		{FAD0E6AC-E222-46E5-8E6D-943F0948FB73}.Release|Win32.Build.0 = Release|Win32
		{FAD0E6AC-E222-46E5-8E6D-943F0948FB73}.Release|x64.ActiveCfg = Release|x64
		{FAD0E6AC-E222-46E5-8E6D-943F0948FB73}.Release|x64.Build.0 = Release|x64
		{2A0E871E-0ACD-4553-B9C3-8F664750E584}.Debug|Win32.ActiveCfg = Debug|Win32
		{2A0E871E-0ACD-4553-B9C3-8F664750E584}.Debug|Win32.Build.0 = Debug|Win32
		{2A0E871E-0ACD-4553-B9C3-8F664750E584}.Debug|x64.ActiveCfg = Debug|x64
		{2A0E871E-0ACD-4553-B9C3-8F664750E584}.Debug|x64.Build.0 = Debug|x64
		{2A0E871E-0ACD-4553-B9C3-8F664750E584}.Release|Win32.ActiveCfg = Release|Win32
		{2A0E871E-0ACD-4553-B9C3-8F664750E584}.Release|Win32.Build.0 = Release|Win32
		{2A0E871E-0ACD-4553-B9C3-8F664750E584}.Release|x64.ActiveCfg = Release|x64
		{2A0E871E-0ACD-4553-B9C3-8F664750E584}.Release|x64.Build.0 = Release|x64
		{6EA57FA6-45CD-4AFC-B9A3-17E6D957F06C}.Debug|Win32.ActiveCfg = Debug|Win32
		{6EA57FA6-45CD-4AFC-B9A3-17E6D957F06C}.Debug|Win32.Build.0 = Debug|Win32
		{6EA57FA6-45CD-4AFC-B9A3-17E6D957F06C}.Debug|x64.ActiveCfg = Debug|x64
		{6EA57FA6-45CD-4AFC-B9A3-17E6D957F06C}.Debug|x64.Build.0 = Debug|x64
		{6EA57FA6-45CD-4AFC-B9A3-17E6D957F06C}.Release|Win32.ActiveCfg = Release|Win32
		{6EA57FA6-45CD-4AFC-B9A3-17E6D957F06C}.Release|Win32.Build.0 = Release|Win32
		{6EA57FA6-45CD-4AFC-B9A3-17E6D957F06C}.Release|x64.ActiveCfg = Release|x64
		{6EA57FA6-45CD-4AFC-B9A3-17E6D957F06C}.Release|x64.Build.0 = Release|x64
		{47DB4223-8E90-4B1F-B449-913B2E87585B}.Debug|Win32.ActiveCfg = Debug|Win32
		{47DB4223-8E90-4B1F-B449-913B2E87585B}.Debug|Win32.Build.0 = Debug|Win32
		{47DB4223-8E90-4B1F-B449-913B2E87585B}.Debug|x64.ActiveCfg = Debug|x64
		{47DB4223-8E90-4B1F-B449-913B2E87585B}.Debug|x64.Build.0 = Debug|x64
		{47DB4223-8E90-4B1F-B449-913B2E87585B}.Release|Win32.ActiveCfg = Release|Win32
		{47DB4223-8E90-4B1F-B449-913B2E87585B}.Release|Win32.Build.0 = Release|Win32
		{47DB4223-8E90-4B1F-B449-913B2E87585B}.Release|x64.ActiveCfg = Release|x64
		{47DB4223-8E90-4B1F-B449-913B2E87585B}.Release|x64.Build.0 = Release|x64
		{88310957-111B-4661-82B1-CBE6E9D9C461}.Debug|Win32.ActiveCfg = Debug|Win32
		{88310957-111B-4661-82B1-CBE6E9D9C461}.Debug|Win32.Build.0 = Debug|Win32
		{88310957-111B-4661-82B1-CBE6E9D9C461}.Debug|x64.ActiveCfg = Debug|x64
		{88310957-111B-4661-82B1-CBE6E9D9C461}.Debug|x64.Build.0 = Debug|x64
		{88310957-111B-4661-82B1-CBE6E9D9C461}.Release|Win32.ActiveCfg = Release|Win32
		{88310957-111B-4661-82B1-CBE6E9D9C461}.Release|Win32.Build.0 = Release|Win32
		{88310957-111B-4661-82B1-CBE6E9D9C461}.Release|x64.ActiveCfg = Release|x64
		{88310957-111B-4661-82B1-CBE6E9D9C461}.Release|x64.Build.0 = Release|x64
		{B37BF46C-813E-431A-B7B6-DA1FD90BA8C4}.Debug|Win32.ActiveCfg = Debug|Win32
		{B37BF46C-813E-431A-B7B6-DA1FD90BA8C4}.Debug|Win32.Build.0 = Debug|Win32
		{B37BF46C-813E-431A-B7B6-DA1FD90BA8C4}.Debug|x64.ActiveCfg = Debug|x64
		{B37BF46C-813E-431A-B7B6-DA1FD90BA8C4}.Debug|x64.Build.0 = Debug|x64
		{B37BF46C-813E-431A-B7B6-DA1FD90BA8C4}.Release|Win32.ActiveCfg = Release|Win32
		{B37BF46C-813E-431A-B7B6-DA1FD90BA8C4}.Release|Win32.Build.0 = Release|Win32
		{B37BF46C-813E-431A-B7B6-DA1FD90BA8C4}.Release|x64.ActiveCfg = Release|x64
		{B37BF46C-813E-431A-B7B6-DA1FD90BA8C4}.Release|x64.Build.0 = Release|x64
		{EE2A9818-15EA-4DA2-8BB6-E722AFCCA2B6}.Debug|Win32.ActiveCfg = Debug|Win32
		{EE2A9818-15EA-4DA2-8BB6-E722AFCCA2B6}.Debug|Win32.Build.0 = Debug|Win32
		{EE2A9818-15EA-4DA2-8BB6-E722AFCCA2B6}.Debug|x64.ActiveCfg = Debug|x64
		{EE2A9818-15EA-4DA2-8BB6-E722AFCCA2B6}.Debug|x64.Build.0 = Debug|x64
		{EE2A9818-15EA-4DA2-8BB6-E722AFCCA2B6}.Release|Win32.ActiveCfg = Release|Win32
		{EE2A9818-15EA-4DA2-8BB6-E722AFCCA2B6}.Release|Win32.Build.0 = Release|Win32
		{EE2A9818-15EA-4DA2-8BB6-E722AFCCA2B6}.Release|x64.ActiveCfg = Release|x64
		{EE2A9818-15EA-4DA2-8BB6-E722AFCCA2B6}.Release|x64.Build.0 = Release|x64
		{FF93E30B-CEC3-4487-84D7-24FF7743DCDF}.Debug|Win32.ActiveCfg = Debug|Win32
		{FF93E30B-CEC3-4487-84D7-24FF7743DCDF}.Debug|Win32.Build.0 = Debug|Win32
		{FF93E30B-CEC3-4487-84D7-24FF7743DCDF}.Debug|x64.ActiveCfg = Debug|x64
		{FF93E30B-CEC3-4487-84D7-24FF7743DCDF}.Debug|x64.Build.0 = Debug|x64
		{FF93E30B-CEC3-4487-84D7-24FF7743DCDF}.Release|Win32.ActiveCfg = Release|Win32
		{FF93E30B-CEC3-4487-84D7-24FF7743DCDF}.Release|Win32.Build.0 = Release|Win32
		{FF93E30B-CEC3-4487-84D7-24FF7743DCDF}.Release|x64.ActiveCfg = Release|x64
		{FF93E30B-CEC3-4487-84D7-24FF7743DCDF}.Release|x64.Build.0 = Release|x64
		{C7492591-C8D7-4C57-846B-987D63DD560B}.Debug|Win32.ActiveCfg = Debug|Win32
		{C7492591-C8D7-4C57-846B-987D63DD560B}.Debug|Win32.Build.0 = Debug|Win32
		{C7492591-C8D7-4C57-846B-987D63DD560B}.Debug|x64.ActiveCfg = Debug|x64
		{C7492591-C8D7-4C57-846B-987D63DD560B}.Debug|x64.Build.0 = Debug|x64
		{C7492591-C8D7-4C57-846B-987D63DD560B}.Release|Win32.ActiveCfg = Release|Win32
		{C7492591-C8D7-4C57-846B-987D63DD560B}.Release|Win32.Build.0 = Release|Win32
		{C7492591-C8D7-4C57-846B-987D63DD560B}.Release|x64.ActiveCfg = Release|x64
		{C7492591-C8D7-4C57-846B-987D63DD560B}.Release|x64.Build.0 = Release|x64
		{8BE457BB-4281-4C9F-A42A-4612C2A79AB1}.Debug|Win32.ActiveCfg = Debug|Win32
		{8BE457BB-4281-4C9F-A42A-4612C2A79AB1}.Debug|Win32.Build.0 = Debug|Win32
		{8BE457BB-4281-4C9F-A42A-4612C2A79AB1}.Debug|x64.ActiveCfg = Debug|x64
		{8BE457BB-4281-4C9F-A42A-4612C2A79AB1}.Debug|x64.Build.0 = Debug|x64
		{8BE457BB-4281-4C9F-A42A-4612C2A79AB1}.Release|Win32.ActiveCfg = Release|Win32
		{8BE457BB-4281-4C9F-A42A-4612C2A79AB1}.Release|Win32.Build.0 = Release|Win32
		{8BE457BB-4281-4C9F-A42A-4612C2A79AB1}.Release|x64.ActiveCfg = Release|x64
		{8BE457BB-4281-4C9F-A42A-4612C2A79AB1}.Release|x64.Build.0 = Release|x64
		{C9055CA8-5AE8-48A6-AD42-BF57AFD8C5DB}.Debug|Win32.ActiveCfg = Debug|Win32
		{C9055CA8-5AE8-48A6-AD42-BF57AFD8C5DB}.Debug|Win32.Build.0 = Debug|Win32
		{C9055CA8-5AE8-48A6-AD42-BF57AFD8C5DB}.Debug|x64.ActiveCfg = Debug|x64
		{C9055CA8-5AE8-48A6-AD42-BF57AFD8C5DB}.Debug|x64.Build.0 = Debug|x64
		{C9055CA8-5AE8-48A6-AD42-BF57AFD8C5DB}.Release|Win32.ActiveCfg = Release|Win32
		{C9055CA8-5AE8-48A6-AD42-BF57AFD8C5DB}.Release|Win32.Build.0 = Release|Win32
		{C9055CA8-5AE8-48A6-AD42-BF57AFD8C5DB}.Release|x64.ActiveCfg = Release|x64
		{C9055CA8-5AE8-48A6-AD42-BF57AFD8C5DB}.Release|x64.Build.0 = Release|x64
		{B6418CEA-2FCF-4398-93BC-C8F828115CDD}.Debug|Win32.ActiveCfg = Debug|Win32
		{B6418CEA-2FCF-4398-93BC-C8F828115CDD}.Debug|Win32.Build.0 = Debug|Win32
		{B6418CEA-2FCF-4398-93BC-C8F828115CDD}.Debug|x64.ActiveCfg = Debug|x64
		{B6418CEA-2FCF-4398-93BC-C8F828115CDD}.Debug|x64.Build.0 = Debug|x64
		{B6418CEA-2FCF-4398-93BC-C8F828115CDD}.Release|Win32.ActiveCfg = Release|Win32
		{B6418CEA-2FCF-4398-93BC-C8F828115CDD}.Release|Win32.Build.0 = Release|Win32
		{B6418CEA-2FCF-4398-93BC-C8F828115CDD}.Release|x64.ActiveCfg = Release|x64
		{B6418CEA-2FCF-4398-93BC-C8F828115CDD}.Release|x64.Build.0 = Release|x64
		{96E9D2AB-EC23-42E5-B8D9-6E561F66FB17}.Debug|Win32.ActiveCfg = Debug|Win32
		{96E9D2AB-EC23-42E5-B8D9-6E561F66FB17}.Debug|Win32.Build.0 = Debug|Win32
		{96E9D2AB-EC23-42E5-B8D9-6E561F66FB17}.Debug|x64.ActiveCfg = Debug|x64
		{96E9D2AB-EC23-42E5-B8D9-6E561F66FB17}.Debug|x64.Build.0 = Debug|x64
		{96E9D2AB-EC23-42E5-B8D9-6E561F66FB17}.Release|Win32.ActiveCfg = Release|Win32
		{96E9D2AB-EC23-42E5-B8D9-6E561F66FB17}.Release|Win32.Build.0 = Release|Win32
		{96E9D2AB-EC23-42E5-B8D9-6E561F66FB17}.Release|x64.ActiveCfg = Release|x64
		{96E9D2AB-EC23-42E5-B8D9-6E561F66FB17}.Release|x64.Build.0 = Release|x64
		{B2DC9141-8B78-46F9-B53F-1CEDF8EC28A6}.Debug|Win32.ActiveCfg = Debug|Win32
		{B2DC9141-8B78-46F9-B53F-1CEDF8EC28A6}.Debug|Win32.Build.0 = Debug|Win32
		{B2DC9141-8B78-46F9-B53F-1CEDF8EC28A6}.Debug|x64.ActiveCfg = Debug|x64
		{B2DC9141-8B78-46F9-B53F-1CEDF8EC28A6}.Debug|x64.Build.0 = Debug|x64
		{B2DC9141-8B78-46F9-B53F-1CEDF8EC28A6}.Release|Win32.ActiveCfg = Release|Win32
		{B2DC9141-8B78-46F9-B53F-1CEDF8EC28A6}.Release|Win32.Build.0 = Release|Win32
		{B2DC9141-8B78-46F9-B53F-1CEDF8EC28A6}.Release|x64.ActiveCfg = Release|x64
		{B2DC9141-8B78-46F9-B53F-1CEDF8EC28A6}.Release|x64.Build.0 = Release|x64
		{49FF749E-F727-4D6B-818D-04ABFE1617B3}.Debug|Win32.ActiveCfg = Debug|Win32
		{49FF749E-F727-4D6B-818D-04ABFE1617B3}.Debug|Win32.Build.0 = Debug|Win32
		{49FF749E-F727-4D6B-818D-04ABFE1617B3}.Debug|x64.ActiveCfg = Debug|x64
		{49FF749E-F727-4D6B-818D-04ABFE1617B3}.Debug|x64.Build.0 = Debug|x64
		{49FF749E-F727-4D6B-818D-04ABFE1617B3}.Release|Win32.ActiveCfg = Release|Win32
		{49FF749E-F727-4D6B-818D-04ABFE1617B3}.Release|Win32.Build.0 = Release|Win32
		{49FF749E-F727-4D6B-818D-04ABFE1617B3}.Release|x64.ActiveCfg = Release|x64
		{49FF749E-F727-4D6B-818D-04ABFE1617B3}.Release|x64.Build.0 = Release|x64
		{22C0F8FB-D315-4145-98DD-5176BBB298FC}.Debug|Win32.ActiveCfg = Debug|Win32
		{22C0F8FB-D315-4145-98DD-5176BBB298FC}.Debug|Win32.Build.0 = Debug|Win32
		{22C0F8FB-D315-4145-98DD-5176BBB298FC}.Debug|x64.ActiveCfg = Debug|x64
		{22C0F8FB-D315-4145-98DD-5176BBB298FC}.Debug|x64.Build.0 = Debug|x64
		{22C0F8FB-D315-4145-98DD-5176BBB298FC}.Release|Win32.ActiveCfg = Release|Win32
		{22C0F8FB-D315-4145-98DD-5176BBB298FC}.Release|Win32.Build.0 = Release|Win32
		{22C0F8FB-D315-4145-98DD-5176BBB298FC}.Release|x64.ActiveCfg = Release|x64
		{22C0F8FB-D315-4145-98DD-5176BBB298FC}.Release|x64.Build.0 = Release|x64
		{9E041C99-DB1A-44F8-9543-AC3321B726A4}.Debug|Win32.ActiveCfg = Debug|Win32
		{9E041C99-DB1A-44F8-9543-AC3321B726A4}.Debug|Win32.Build.0 = Debug|Win32
		{9E041C99-DB1A-44F8-9543-AC3321B726A4}.Debug|x64.ActiveCfg = Debug|x64
		{9E041C99-DB1A-44F8-9543-AC3321B726A4}.Debug|x64.Build.0 = Debug|x64
		{9E041C99-DB1A-44F8-9543-AC3321B726A4}.Release|Win32.ActiveCfg = Release|Win32
		{9E041C99-DB1A-44F8-9543-AC3321B726A4}.Release|Win32.Build.0 = Release|Win32
		{9E041C99-DB1A-44F8-9543-AC3321B726A4}.Release|x64.ActiveCfg = Release|x64
		{9E041C99-DB1A-44F8-9543-AC3321B726A4}.Release|x64.Build.0 = Release|x64
		{B984292E-DBC2-40A5-AA90-842AFF4BC82A}.Debug|Win32.ActiveCfg = Debug|Win32
		{B984292E-DBC2-40A5-AA90-842AFF4BC82A}.Debug|Win32.Build.0 = Debug|Win32
		{B984292E-DBC2-40A5-AA90-842AFF4BC82A}.Debug|x64.ActiveCfg = Debug|x64
		{B984292E-DBC2-40A5-AA90-842AFF4BC82A}.Debug|x64.Build.0 = Debug|x64
		{B984292E-DBC2-40A5-AA90-842AFF4BC82A}.Release|Win32.ActiveCfg = Release|Win32
		{B984292E-DBC2-40A5-AA90-842AFF4BC82A}.Release|Win32.Build.0 = Release|Win32
		{B984292E-DBC2-40A5-AA90-842AFF4BC82A}.Release|x64.ActiveCfg = Release|x64
		{B984292E-DBC2-40A5-AA90-842AFF4BC82A}.Release|x64.Build.0 = Release|x64
		{9A62FE89-87BF-4561-AE18-1EA93BF789FB}.Debug|Win32.ActiveCfg = Debug|Win32
		{9A62FE89-87BF-4561-AE18-1EA93BF789FB}.Debug|Win32.Build.0 = Debug|Win32
		{9A62FE89-87BF-4561-AE18-1EA93BF789FB}.Debug|x64.ActiveCfg = Debug|x64
		{9A62FE89-87BF-4561-AE18-1EA93BF789FB}.Debug|x64.Build.0 = Debug|x64
		{9A62FE89-87BF-4561-AE18-1EA93BF789FB}.Release|Win32.ActiveCfg = Release|Win32
		{9A62FE89-87BF-4561-AE18-1EA93BF789FB}.Release|Win32.Build.0 = Release|Win32
		{9A62FE89-87BF-4561-AE18-1EA93BF789FB}.Release|x64.ActiveCfg = Release|x64
		{9A62FE89-87BF-4561-AE18-1EA93BF789FB}.Release|x64.Build.0 = Release|x64
		{CDA5B015-6134-4472-BF59-A23D476C01F0}.Debug|Win32.ActiveCfg = Debug|Win32
		{CDA5B015-6134-4472-BF59-A23D476C01F0}.Debug|Win32.Build.0 = Debug|Win32
		{CDA5B015-6134-4472-BF59-A23D476C01F0}.Debug|x64.ActiveCfg = Debug|x64
		{CDA5B015-6134-4472-BF59-A23D476C01F0}.Debug|x64.Build.0 = Debug|x64
		{CDA5B015-6134-4472-BF59-A23D476C01F0}.Release|Win32.ActiveCfg = Release|Win32
		{CDA5B015-6134-4472-BF59-A23D476C01F0}.Release|Win32.Build.0 = Release|Win32
		{CDA5B015-6134-4472-BF59-A23D476C01F0}.Release|x64.ActiveCfg = Release|x64
		{CDA5B015-6134-4472-BF59-A23D476C01F0}.Release|x64.Build.0 = Release|x64
		{F615BD88-5FA6-45F1-801E-F177F4DBF6CC}.Debug|Win32.ActiveCfg = Debug|Win32
		{F615BD88-5FA6-45F1-801E-F177F4DBF6CC}.Debug|Win32.Build.0 = Debug|Win32
		{F615BD88-5FA6-45F1-801E-F177F4DBF6CC}.Debug|x64.ActiveCfg = Debug|x64
		{F615BD88-5FA6-45F1-801E-F177F4DBF6CC}.Debug|x64.Build.0 = Debug|x64
		{F615BD88-5FA6-45F1-801E-F177F4DBF6CC}.Release|Win32.ActiveCfg = Release|Win32
		{F615BD88-5FA6-45F1-801E-F177F4DBF6CC}.Release|Win32.Build.0 = Release|Win32
		{F615BD88-5FA6-45F1-801E-F177F4DBF6CC}.Release|x64.ActiveCfg = Release|x64
		{F615BD88-5FA6-45F1-801E-F177F4DBF6CC}.Release|x64.Build.0 = Release|x64
		{0D4C1EED-5FAE-4537-8D6F-55BA738390EE}.Debug|Win32.ActiveCfg = Debug|Win32
		{0D4C1EED-5FAE-4537-8D6F-55BA738390EE}.Debug|Win32.Build.0 = Debug|Win32
		{0D4C1EED-5FAE-4537-8D6F-55BA738390EE}.Debug|x64.ActiveCfg = Debug|x64
		{0D4C1EED-5FAE-4537-8D6F-55BA738390EE}.Debug|x64.Build.0 = Debug|x64
		{0D4C1EED-5FAE-4537-8D6F-55BA738390EE}.Release|Win32.ActiveCfg = Release|Win32
		{0D4C1EED-5FAE-4537-8D6F-55BA738390EE}.Release|Win32.Build.0 = Release|Win32
		{0D4C1EED-5FAE-4537-8D6F-55BA738390EE}.Release|x64.ActiveCfg = Release|x64
		{0D4C1EED-5FAE-4537-8D6F-55BA738390EE}.Release|x64.Build.0 = Release|x64
		{9A4293E8-482B-4626-AAA0-78287F11CDC2}.Debug|Win32.ActiveCfg = Debug|Win32
		{9A4293E8-482B-4626-AAA0-78287F11CDC2}.Debug|Win32.Build.0 = Debug|Win32
		{9A4293E8-482B-4626-AAA0-78287F11CDC2}.Debug|x64.ActiveCfg = Debug|x64
		{9A4293E8-482B-4626-AAA0-78287F11CDC2}.Debug|x64.Build.0 = Debug|x64
		{9A4293E8-482B-4626-AAA0-78287F11CDC2}.Release|Win32.ActiveCfg = Release|Win32
		{9A4293E8-482B-4626-AAA0-78287F11CDC2}.Release|Win32.Build.0 = Release|Win32
		{9A4293E8-482B-4626-AAA0-78287F11CDC2}.Release|x64.ActiveCfg = Release|x64
		{9A4293E8-482B-4626-AAA0-78287F11CDC2}.Release|x64.Build.0 = Release|x64
		{E37FA51E-D01E-49F4-8021-602C1AA23155}.Debug|Win32.ActiveCfg = Debug|Win32
		{E37FA51E-D01E-49F4-8021-602C1AA23155}.Debug|Win32.Build.0 = Debug|Win32
		{E37FA51E-D01E-49F4-8021-602C1AA23155}.Debug|x64.ActiveCfg = Debug|x64
		{E37FA51E-D01E-49F4-8021-602C1AA23155}.Debug|x64.Build.0 = Debug|x64
		{E37FA51E-D01E-49F4-8021-602C1AA23155}.Release|Win32.ActiveCfg = Release|Win32
		{E37FA51E-D01E-49F4-8021-602C1AA23155}.Release|Win32.Build.0 = Release|Win32
		{E37FA51E-D01E-49F4-8021-602C1AA23155}.Release|x64.ActiveCfg = Release|x64
		{E37FA51E-D01E-49F4-8021-602C1AA23155}.Release|x64.Build.0 = Release|x64
		{9FBFCC9D-68E7-4F2D-B579-0CE3FC0B9D4C}.Debug|Win32.ActiveCfg = Debug|Win32
		{9FBFCC9D-68E7-4F2D-B579-0CE3FC0B9D4C}.Debug|Win32.Build.0 = Debug|Win32
		{9FBFCC9D-68E7-4F2D-B579-0CE3FC0B9D4C}.Debug|x64.ActiveCfg = Debug|x64
		{9FBFCC9D-68E7-4F2D-B579-0CE3FC0B9D4C}.Debug|x64.Build.0 = Debug|x64
		{9FBFCC9D-68E7-4F2D-B579-0CE3FC0B9D4C}.Release|Win32.ActiveCfg = Release|Win32
		{9FBFCC9D-68E7-4F2D-B579-0CE3FC0B9D4C}.Release|Win32.Build.0 = Release|Win32
		{9FBFCC9D-68E7-4F2D-B579-0CE3FC0B9D4C}.Release|x64.ActiveCfg = Release|x64
		{9FBFCC9D-68E7-4F2D-B579-0CE3FC0B9D4C}.Release|x64.Build.0 = Release|x64
		{30270E1E-8392-4E15-BF34-95418AA11ED8}.Debug|Win32.ActiveCfg = Debug|Win32
		{30270E1E-8392-4E15-BF34-95418AA11ED8}.Debug|Win32.Build.0 = Debug|Win32
		{30270E1E-8392-4E15-BF34-95418AA11ED8}.Debug|x64.ActiveCfg = Debug|x64
		{30270E1E-8392-4E15-BF34-95418AA11ED8}.Debug|x64.Build.0 = Debug|x64
		{30270E1E-8392-4E15-BF34-95418AA11ED8}.Release|Win32.ActiveCfg = Release|Win32
		{30270E1E-8392-4E15-BF34-95418AA11ED8}.Release|Win32.Build.0 = Release|Win32
		{30270E1E-8392-4E15-BF34-95418AA11ED8}.Release|x64.ActiveCfg = Release|x64
		{30270E1E-8392-4E15-BF34-95418AA11ED8}.Release|x64.Build.0 = Release|x64
		{D86044CA-4CD5-4507-802B-982212AFB4B0}.Debug|Win32.ActiveCfg = Debug|Win32
		{D86044CA-4CD5-4507-802B-982212AFB4B0}.Debug|Win32.Build.0 = Debug|Win32
		{D86044CA-4CD5-4507-802B-982212AFB4B0}.Debug|x64.ActiveCfg = Debug|x64
		{D86044CA-4CD5-4507-802B-982212AFB4B0}.Debug|x64.Build.0 = Debug|x64
		{D86044CA-4CD5-4507-802B-982212AFB4B0}.Release|Win32.ActiveCfg = Release|Win32
		{D86044CA-4CD5-4507-802B-982212AFB4B0}.Release|Win32.Build.0 = Release|Win32
		{D86044CA-4CD5-4507-802B-982212AFB4B0}.Release|x64.ActiveCfg = Release|x64
		{D86044CA-4CD5-4507-802B-982212AFB4B0}.Release|x64.Build.0 = Release|x64
		{BDFAD855-C841-4ED0-8563-D12BCB8BE4AF}.Debug|Win32.ActiveCfg = Debug|Win32
		{BDFAD855-C841-4ED0-8563-D12BCB8BE4AF}.Debug|Win32.Build.0 = Debug|Win32
		{BDFAD855-C841-4ED0-8563-D12BCB8BE4AF}.Debug|x64.ActiveCfg = Debug|x64
		{BDFAD855-C841-4ED0-8563-D12BCB8BE4AF}.Debug|x64.Build.0 = Debug|x64
		{BDFAD855-C841-4ED0-8563-D12BCB8BE4AF}.Release|Win32.ActiveCfg = Release|Win32
		{BDFAD855-C841-4ED0-8563-D12BCB8BE4AF}.Release|Win32.Build.0 = Release|Win32
		{BDFAD855-C841-4ED0-8563-D12BCB8BE4AF}.Release|x64.ActiveCfg = Release|x64
		{BDFAD855-C841-4ED0-8563-D12BCB8BE4AF}.Release|x64.Build.0 = Release|x64
		{C0997873-B839-4B20-B4DE-F22696FC80BC}.Debug|Win32.ActiveCfg = Debug|Win32
		{C0997873-B839-4B20-B4DE-F22696FC80BC}.Debug|Win32.Build.0 = Debug|Win32
		{C0997873-B839-4B20-B4DE-F22696FC80BC}.Debug|x64.ActiveCfg = Debug|x64
		{C0997873-B839-4B20-B4DE-F22696FC80BC}.Debug|x64.Build.0 = Debug|x64
		{C0997873-B839-4B20-B4DE-F22696FC80BC}.Release|Win32.ActiveCfg = Release|Win32
		{C0997873-B839-4B20-B4DE-F22696FC80BC}.Release|Win32.Build.0 = Release|Win32
		{C0997873-B839-4B20-B4DE-F22696FC80BC}.Release|x64.ActiveCfg = Release|x64
		{C0997873-B839-4B20-B4DE-F22696FC80BC}.Release|x64.Build.0 = Release|x64
		{C0BEDD61-5B91-4DED-8345-CEE918D68258}.Debug|Win32.ActiveCfg = Debug|Win32
		{C0BEDD61-5B91-4DED-8345-CEE918D68258}.Debug|Win32.Build.0 = Debug|Win32
		{C0BEDD61-5B91-4DED-8345-CEE918D68258}.Debug|x64.ActiveCfg = Debug|x64
		{C0BEDD61-5B91-4DED-8345-CEE918D68258}.Debug|x64.Build.0 = Debug|x64
		{C0BEDD61-5B91-4DED-8345-CEE918D68258}.Release|Win32.ActiveCfg = Release|Win32
		{C0BEDD61-5B91-4DED-8345-CEE918D68258}.Release|Win32.Build.0 = Release|Win32
		{C0BEDD61-5B91-4DED-8345-CEE918D68258}.Release|x64.ActiveCfg = Release|x64
		{C0BEDD61-5B91-4DED-8345-CEE918D68258}.Release|x64.Build.0 = Release|x64
		{8F439A9D-C2AE-4F35-B9C4-C364373837F8}.Debug|Win32.ActiveCfg = Debug|Win32
		{8F439A9D-C2AE-4F35-B9C4-C364373837F8}.Debug|Win32.Build.0 = Debug|Win32
		{8F439A9D-C2AE-4F35-B9C4-C364373837F8}.Debug|x64.ActiveCfg = Debug|x64
		{8F439A9D-C2AE-4F35-B9C4-C364373837F8}.Debug|x64.Build.0 = Debug|x64
		{8F439A9D-C2AE-4F35-B9C4-C364373837F8}.Release|Win32.ActiveCfg = Release|Win32
		{8F439A9D-C2AE-4F35-B9C4-C364373837F8}.Release|Win32.Build.0 = Release|Win32
		{8F439A9D-C2AE-4F35-B9C4-C364373837F8}.Release|x64.ActiveCfg = Release|x64
		{8F439A9D-C2AE-4F35-B9C4-C364373837F8}.Release|x64.Build.0 = Release|x64
		{783B4549-F1B7-4C7F-BCB6-45E6D9BD0947}.Debug|Win32.ActiveCfg = Debug|Win32
		{783B4549-F1B7-4C7F-BCB6-45E6D9BD0947}.Debug|Win32.Build.0 = Debug|Win32
		{783B4549-F1B7-4C7F-BCB6-45E6D9BD0947}.Debug|x64.ActiveCfg = Debug|x64
		{783B4549-F1B7-4C7F-BCB6-45E6D9BD0947}.Debug|x64.Build.0 = Debug|x64
		{783B4549-F1B7-4C7F-BCB6-45E6D9BD0947}.Release|Win32.ActiveCfg = Release|Win32
		{783B4549-F1B7-4C7F-BCB6-45E6D9BD0947}.Release|Win32.Build.0 = Release|Win32
		{783B4549-F1B7-4C7F-BCB6-45E6D9BD0947}.Release|x64.ActiveCfg = Release|x64
		{783B4549-F1B7-4C7F-BCB6-45E6D9BD0947}.Release|x64.Build.0 = Release|x64
		{EBB50638-2290-4682-A94D-8D188C4145E6}.Debug|Win32.ActiveCfg = Debug|Win32
		{EBB50638-2290-4682-A94D-8D188C4145E6}.Debug|Win32.Build.0 = Debug|Win32
		{EBB50638-2290-4682-A94D-8D188C4145E6}.Debug|x64.ActiveCfg = Debug|x64
		{EBB50638-2290-4682-A94D-8D188C4145E6}.Debug|x64.Build.0 = Debug|x64
		{EBB50638-2290-4682-A94D-8D188C4145E6}.Release|Win32.ActiveCfg = Release|Win32
		{EBB50638-2290-4682-A94D-8D188C4145E6}.Release|Win32.Build.0 = Release|Win32
		{EBB50638-2290-4682-A94D-8D188C4145E6}.Release|x64.ActiveCfg = Release|x64
		{EBB50638-2290-4682-A94D-8D188C4145E6}.Release|x64.Build.0 = Release|x64
		{3B13967B-BE43-4F62-8475-5916339844B8}.Debug|Win32.ActiveCfg = Debug|Win32
		{3B13967B-BE43-4F62-8475-5916339844B8}.Debug|Win32.Build.0 = Debug|Win32
		{3B13967B-BE43-4F62-8475-5916339844B8}.Debug|x64.ActiveCfg = Debug|x64
		{3B13967B-BE43-4F62-8475-5916339844B8}.Debug|x64.Build.0 = Debug|x64
		{3B13967B-BE43-4F62-8475-5916339844B8}.Release|Win32.ActiveCfg = Release|Win32
		{3B13967B-BE43-4F62-8475-5916339844B8}.Release|Win32.Build.0 = Release|Win32
		{3B13967B-BE43-4F62-8475-5916339844B8}.Release|x64.ActiveCfg = Release|x64
		{3B13967B-BE43-4F62-8475-5916339844B8}.Release|x64.Build.0 = Release|x64
		{A7BE9D51-9535-450A-BCE1-13DFDB7CB9BC}.Debug|Win32.ActiveCfg = Debug|Win32
		{A7BE9D51-9535-450A-BCE1-13DFDB7CB9BC}.Debug|Win32.Build.0 = Debug|Win32
		{A7BE9D51-9535-450A-BCE1-13DFDB7CB9BC}.Debug|x64.ActiveCfg = Debug|x64
		{A7BE9D51-9535-450A-BCE1-13DFDB7CB9BC}.Debug|x64.Build.0 = Debug|x64
		{A7BE9D51-9535-450A-BCE1-13DFDB7CB9BC}.Release|Win32.ActiveCfg = Release|Win32
		{A7BE9D51-9535-450A-BCE1-13DFDB7CB9BC}.Release|Win32.Build.0 = Release|Win32
		{A7BE9D51-9535-450A-BCE1-13DFDB7CB9BC}.Release|x64.ActiveCfg = Release|x64
		{A7BE9D51-9535-450A-BCE1-13DFDB7CB9BC}.Release|x64.Build.0 = Release|x64
		{5EF092B8-B117-4A03-9D38-16A59D1F37DD}.Debug|Win32.ActiveCfg = Debug|Win32
		{5EF092B8-B117-4A03-9D38-16A59D1F37DD}.Debug|Win32.Build.0 = Debug|Win32
		{5EF092B8-B117-4A03-9D38-16A59D1F37DD}.Debug|x64.ActiveCfg = Debug|x64
		{5EF092B8-B117-4A03-9D38-16A59D1F37DD}.Debug|x64.Build.0 = Debug|x64
		{5EF092B8-B117-4A03-9D38-16A59D1F37DD}.Release|Win32.ActiveCfg = Release|Win32
		{5EF092B8-B117-4A03-9D38-16A59D1F37DD}.Release|Win32.Build.0 = Release|Win32
		{5EF092B8-B117-4A03-9D38-16A59D1F37DD}.Release|x64.ActiveCfg = Release|x64
		{5EF092B8-B117-4A03-9D38-16A59D1F37DD}.Release|x64.Build.0 = Release|x64
		{9D287426-76F6-484B-AFBF-FB9FED44A7AF}.Debug|Win32.ActiveCfg = Debug|Win32
		{9D287426-76F6-484B-AFBF-FB9FED44A7AF}.Debug|Win32.Build.0 = Debug|Win32
		{9D287426-76F6-484B-AFBF-FB9FED44A7AF}.Debug|x64.ActiveCfg = Debug|x64
		{9D287426-76F6-484B-AFBF-FB9FED44A7AF}.Debug|x64.Build.0 = Debug|x64
		{9D287426-76F6-484B-AFBF-FB9FED44A7AF}.Release|Win32.ActiveCfg = Release|Win32
		{9D287426-76F6-484B-AFBF-FB9FED44A7AF}.Release|Win32.Build.0 = Release|Win32
		{9D287426-76F6-484B-AFBF-FB9FED44A7AF}.Release|x64.ActiveCfg = Release|x64
		{9D287426-76F6-484B-AFBF-FB9FED44A7AF}.Release|x64.Build.0 = Release|x64
		{48E1F97B-973E-4822-A0ED-BCDBBAAABFCD}.Debug|Win32.ActiveCfg = Debug|Win32
		{48E1F97B-973E-4822-A0ED-BCDBBAAABFCD}.Debug|Win32.Build.0 = Debug|Win32
		{48E1F97B-973E-4822-A0ED-BCDBBAAABFCD}.Debug|x64.ActiveCfg = Debug|x64
		{48E1F97B-973E-4822-A0ED-BCDBBAAABFCD}.Debug|x64.Build.0 = Debug|x64
		{48E1F97B-973E-4822-A0ED-BCDBBAAABFCD}.Release|Win32.ActiveCfg = Release|Win32
		{48E1F97B-973E-4822-A0ED-BCDBBAAABFCD}.Release|Win32.Build.0 = Release|Win32
		{48E1F97B-973E-4822-A0ED-BCDBBAAABFCD}.Release|x64.ActiveCfg = Release|x64
		{48E1F97B-973E-4822-A0ED-BCDBBAAABFCD}.Release|x64.Build.0 = Release|x64
		{4D1DCE81-3ECF-4B86-9143-89966ABA26E8}.Debug|Win32.ActiveCfg = Debug|Win32
		{4D1DCE81-3ECF-4B86-9143-89966ABA26E8}.Debug|Win32.Build.0 = Debug|Win32
		{4D1DCE81-3ECF-4B86-9143-89966ABA26E8}.Debug|x64.ActiveCfg = Debug|x64
		{4D1DCE81-3ECF-4B86-9143-89966ABA26E8}.Debug|x64.Build.0 = Debug|x64
		{4D1DCE81-3ECF-4B86-9143-89966ABA26E8}.Release|Win32.ActiveCfg = Release|Win32
		{4D1DCE81-3ECF-4B86-9143-89966ABA26E8}.Release|Win32.Build.0 = Release|Win32
		{4D1DCE81-3ECF-4B86-9143-89966ABA26E8}.Release|x64.ActiveCfg = Release|x64
		{4D1DCE81-3ECF-4B86-9143-89966ABA26E8}.Release|x64.Build.0 = Release|x64
		{A4AEA9EA-FA05-46B2-88FA-A51732F5D7D2}.Debug|Win32.ActiveCfg = Debug|Win32
		{A4AEA9EA-FA05-46B2-88FA-A51732F5D7D2}.Debug|Win32.Build.0 = Debug|Win32
		{A4AEA9EA-FA05-46B2-88FA-A51732F5D7D2}.Debug|x64.ActiveCfg = Debug|x64
		{A4AEA9EA-FA05-46B2-88FA-A51732F5D7D2}.Debug|x64.Build.0 = Debug|x64
		{A4AEA9EA-FA05-46B2-88FA-A51732F5D7D2}.Release|Win32.ActiveCfg = Release|Win32
		{A4AEA9EA-FA05-46B2-88FA-A51732F5D7D2}.Release|Win32.Build.0 = Release|Win32
		{A4AEA9EA-FA05-46B2-88FA-A51732F5D7D2}.Release|x64.ActiveCfg = Release|x64
		{A4AEA9EA-FA05-46B2-88FA-A51732F5D7D2}.Release|x64.Build.0 = Release|x64
		{82ADDF96-0882-4F9E-A85D-B1C84FC795B6}.Debug|Win32.ActiveCfg = Debug|Win32
		{82ADDF96-0882-4F9E-A85D-B1C84FC795B6}.Debug|Win32.Build.0 = Debug|Win32
		{82ADDF96-0882-4F9E-A85D-B1C84FC795B6}.Debug|x64.ActiveCfg = Debug|x64
		{82ADDF96-0882-4F9E-A85D-B1C84FC795B6}.Debug|x64.Build.0 = Debug|x64
		{82ADDF96-0882-4F9E-A85D-B1C84FC795B6}.Release|Win32.ActiveCfg = Release|Win32
		{82ADDF96-0882-4F9E-A85D-B1C84FC795B6}.Release|Win32.Build.0 = Release|Win32
		{82ADDF96-0882-4F9E-A85D-B1C84FC795B6}.Release|x64.ActiveCfg = Release|x64
		{82ADDF96-0882-4F9E-A85D-B1C84FC795B6}.Release|x64.Build.0 = Release|x64
		{AB9E175F-9CC9-4FC9-A9AC-9367CBBE1D9B}.Debug|Win32.ActiveCfg = Debug|Win32
		{AB9E175F-9CC9-4FC9-A9AC-9367CBBE1D9B}.Debug|Win32.Build.0 = Debug|Win32
		{AB9E175F-9CC9-4FC9-A9AC-9367CBBE1D9B}.Debug|x64.ActiveCfg = Debug|x64
		{AB9E175F-9CC9-4FC9-A9AC-9367CBBE1D9B}.Debug|x64.Build.0 = Debug|x64
		{AB9E175F-9CC9-4FC9-A9AC-9367CBBE1D9B}.Release|Win32.ActiveCfg = Release|Win32
		{AB9E175F-9CC9-4FC9-A9AC-9367CBBE1D9B}.Release|Win32.Build.0 = Release|Win32
		{AB9E175F-9CC9-4FC9-A9AC-9367CBBE1D9B}.Release|x64.ActiveCfg = Release|x64
		{AB9E175F-9CC9-4FC9-A9AC-9367CBBE1D9B}.Release|x64.Build.0 = Release|x64
		{1EB4BA91-9D5C-4531-80B6-9A7A055CACDF}.Debug|Win32.ActiveCfg = Debug|Win32
		{1EB4BA91-9D5C-4531-80B6-9A7A055CACDF}.Debug|Win32.Build.0 = Debug|Win32
		{1EB4BA91-9D5C-4531-80B6-9A7A055CACDF}.Debug|x64.ActiveCfg = Debug|x64
		{1EB4BA91-9D5C-4531-80B6-9A7A055CACDF}.Debug|x64.Build.0 = Debug|x64
		{1EB4BA91-9D5C-4531-80B6-9A7A055CACDF}.Release|Win32.ActiveCfg = Release|Win32
		{1EB4BA91-9D5C-4531-80B6-9A7A055CACDF}.Release|Win32.Build.0 = Release|Win32
		{1EB4BA91-9D5C-4531-80B6-9A7A055CACDF}.Release|x64.ActiveCfg = Release|x64
		{1EB4BA91-9D5C-4531-80B6-9A7A055CACDF}.Release|x64.Build.0 = Release|x64
		{A9F8B1CC-F813-401B-A37B-3AF226D49EDA}.Debug|Win32.ActiveCfg = Debug|Win32
		{A9F8B1CC-F813-401B-A37B-3AF226D49EDA}.Debug|Win32.Build.0 = Debug|Win32
		{A9F8B1CC-F813-401B-A37B-3AF226D49EDA}.Debug|x64.ActiveCfg = Debug|x64
		{A9F8B1CC-F813-401B-A37B-3AF226D49EDA}.Debug|x64.Build.0 = Debug|x64
		{A9F8B1CC-F813-401B-A37B-3AF226D49EDA}.Release|Win32.ActiveCfg = Release|Win32
		{A9F8B1CC-F813-401B-A37B-3AF226D49EDA}.Release|Win32.Build.0 = Release|Win32
		{A9F8B1CC-F813-401B-A37B-3AF226D49EDA}.Release|x64.ActiveCfg = Release|x64
		{A9F8B1CC-F813-401B-A37B-3AF226D49EDA}.Release|x64.Build.0 = Release|x64
		{E9EDF232-3E0C-492A-BEEE-1824C265207F}.Debug|Win32.ActiveCfg = Debug|Win32
		{E9EDF232-3E0C-492A-BEEE-1824C265207F}.Debug|Win32.Build.0 = Debug|Win32
		{E9EDF232-3E0C-492A-BEEE-1824C265207F}.Debug|x64.ActiveCfg = Debug|x64
		{E9EDF232-3E0C-492A-BEEE-1824C265207F}.Debug|x64.Build.0 = Debug|x64
		{E9EDF232-3E0C-492A-BEEE-1824C265207F}.Release|Win32.ActiveCfg = Release|Win32
		{E9EDF232-3E0C-492A-BEEE-1824C265207F}.Release|Win32.Build.0 = Release|Win32
		{E9EDF232-3E0C-492A-BEEE-1824C265207F}.Release|x64.ActiveCfg = Release|x64
		{E9EDF232-3E0C-492A-BEEE-1824C265207F}.Release|x64.Build.0 = Release|x64
		{8C52C809-D650-4EF0-94CE-749E8FC80184}.Debug|Win32.ActiveCfg = Debug|Win32
		{8C52C809-D650-4EF0-94CE-749E8FC80184}.Debug|Win32.Build.0 = Debug|Win32
		{8C52C809-D650-4EF0-94CE-749E8FC80184}.Debug|x64.ActiveCfg = Debug|x64
		{8C52C809-D650-4EF0-94CE-749E8FC80184}.Debug|x64.Build.0 = Debug|x64
		{8C52C809-D650-4EF0-94CE-749E8FC80184}.Release|Win32.ActiveCfg = Release|Win32
		{8C52C809-D650-4EF0-94CE-749E8FC80184}.Release|Win32.Build.0 = Release|Win32
		{8C52C809-D650-4EF0-94CE-749E8FC80184}.Release|x64.ActiveCfg = Release|x64
		{8C52C809-D650-4EF0-94CE-749E8FC80184}.Release|x64.Build.0 = Release|x64
		{A84ACC07-7717-486E-9FA1-5805B99A7E07}.Debug|Win32.ActiveCfg = Debug|Win32
		{A84ACC07-7717-486E-9FA1-5805B99A7E07}.Debug|Win32.Build.0 = Debug|Win32
		{A84ACC07-7717-486E-9FA1-5805B99A7E07}.Debug|x64.ActiveCfg = Debug|x64
		{A84ACC07-7717-486E-9FA1-5805B99A7E07}.Debug|x64.Build.0 = Debug|x64
		{A84ACC07-7717-486E-9FA1-5805B99A7E07}.Release|Win32.ActiveCfg = Release|Win32
		{A84ACC07-7717-486E-9FA1-5805B99A7E07}.Release|Win32.Build.0 = Release|Win32
		{A84ACC07-7717-486E-9FA1-5805B99A7E07}.Release|x64.ActiveCfg = Release|x64
		{A84ACC07-7717-486E-9FA1-5805B99A7E07}.Release|x64.Build.0 = Release|x64
		{BD51EBD5-F240-48ED-AD9B-50FF801A1CF9}.Debug|Win32.ActiveCfg = Debug|Win32
		{BD51EBD5-F240-48ED-AD9B-50FF801A1CF9}.Debug|Win32.Build.0 = Debug|Win32
		{BD51EBD5-F240-48ED-AD9B-50FF801A1CF9}.Debug|x64.ActiveCfg = Debug|x64
		{BD51EBD5-F240-48ED-AD9B-50FF801A1CF9}.Debug|x64.Build.0 = Debug|x64
		{BD51EBD5-F240-48ED-AD9B-50FF801A1CF9}.Release|Win32.ActiveCfg = Release|Win32
		{BD51EBD5-F240-48ED-AD9B-50FF801A1CF9}.Release|Win32.Build.0 = Release|Win32
		{BD51EBD5-F240-48ED-AD9B-50FF801A1CF9}.Release|x64.ActiveCfg = Release|x64
		{BD51EBD5-F240-48ED-AD9B-50FF801A1CF9}.Release|x64.Build.0 = Release|x64
		{94CBB7C2-8421-4467-AB05-2A9902905576}.Debug|Win32.ActiveCfg = Debug|Win32
		{94CBB7C2-8421-4467-AB05-2A9902905576}.Debug|Win32.Build.0 = Debug|Win32
		{94CBB7C2-8421-4467-AB05-2A9902905576}.Debug|x64.ActiveCfg = Debug|x64
		{94CBB7C2-8421-4467-AB05-2A9902905576}.Debug|x64.Build.0 = Debug|x64
		{94CBB7C2-8421-4467-AB05-2A9902905576}.Release|Win32.ActiveCfg = Release|Win32
		{94CBB7C2-8421-4467-AB05-2A9902905576}.Release|Win32.Build.0 = Release|Win32
		{94CBB7C2-8421-4467-AB05-2A9902905576}.Release|x64.ActiveCfg = Release|x64
		{94CBB7C2-8421-4467-AB05-2A9902905576}.Release|x64.Build.0 = Release|x64
		{2DB898FA-2B16-401C-822F-8B6A8C5AB60F}.Debug|Win32.ActiveCfg = Debug|Win32
		{2DB898FA-2B16-401C-822F-8B6A8C5AB60F}.Debug|Win32.Build.0 = Debug|Win32
		{2DB898FA-2B16-401C-822F-8B6A8C5AB60F}.Debug|x64.ActiveCfg = Debug|x64
		{2DB898FA-2B16-401C-822F-8B6A8C5AB60F}.Debug|x64.Build.0 = Debug|x64
		{2DB898FA-2B16-401C-822F-8B6A8C5AB60F}.Release|Win32.ActiveCfg = Release|Win32
		{2DB898FA-2B16-401C-822F-8B6A8C5AB60F}.Release|Win32.Build.0 = Release|Win32
		{2DB898FA-2B16-401C-822F-8B6A8C5AB60F}.Release|x64.ActiveCfg = Release|x64
		{2DB898FA-2B16-401C-822F-8B6A8C5AB60F}.Release|x64.Build.0 = Release|x64
		{4378E007-6FE6-4BAC-83D1-45381C9F5C0D}.Debug|Win32.ActiveCfg = Debug|Win32
		{4378E007-6FE6-4BAC-83D1-45381C9F5C0D}.Debug|Win32.Build.0 = Debug|Win32
		{4378E007-6FE6-4BAC-83D1-45381C9F5C0D}.Debug|x64.ActiveCfg = Debug|x64
		{4378E007-6FE6-4BAC-83D1-45381C9F5C0D}.Debug|x64.Build.0 = Debug|x64
		{4378E007-6FE6-4BAC-83D1-45381C9F5C0D}.Release|Win32.ActiveCfg = Release|Win32
		{4378E007-6FE6-4BAC-83D1-45381C9F5C0D}.Release|Win32.Build.0 = Release|Win32
		{4378E007-6FE6-4BAC-83D1-45381C9F5C0D}.Release|x64.ActiveCfg = Release|x64
		{4378E007-6FE6-4BAC-83D1-45381C9F5C0D}.Release|x64.Build.0 = Release|x64
		{226A2E98-26B9-4262-A7AD-FB4E1F1EDA97}.Debug|Win32.ActiveCfg = Debug|Win32
		{226A2E98-26B9-4262-A7AD-FB4E1F1EDA97}.Debug|Win32.Build.0 = Debug|Win32
		{226A2E98-26B9-4262-A7AD-FB4E1F1EDA97}.Debug|x64.ActiveCfg = Debug|x64
		{226A2E98-26B9-4262-A7AD-FB4E1F1EDA97}.Debug|x64.Build.0 = Debug|x64
		{226A2E98-26B9-4262-A7AD-FB4E1F1EDA97}.Release|Win32.ActiveCfg = Release|Win32
		{226A2E98-26B9-4262-A7AD-FB4E1F1EDA97}.Release|Win32.Build.0 = Release|Win32
		{226A2E98-26B9-4262-A7AD-FB4E1F1EDA97}.Release|x64.ActiveCfg = Release|x64
		{226A2E98-26B9-4262-A7AD-FB4E1F1EDA97}.Release|x64.Build.0 = Release|x64
		{CE5DD1F5-E2F8-4CB3-B4F7-372A34B583DE}.Debug|Win32.ActiveCfg = Debug|Win32
		{CE5DD1F5-E2F8-4CB3-B4F7-372A34B583DE}.Debug|Win32.Build.0 = Debug|Win32
		{CE5DD1F5-E2F8-4CB3-B4F7-372A34B583DE}.Debug|x64.ActiveCfg = Debug|x64
		{CE5DD1F5-E2F8-4CB3-B4F7-372A34B583DE}.Debug|x64.Build.0 = Debug|x64
		{CE5DD1F5-E2F8-4CB3-B4F7-372A34B583DE}.Release|Win32.ActiveCfg = Release|Win32
		{CE5DD1F5-E2F8-4CB3-B4F7-372A34B583DE}.Release|Win32.Build.0 = Release|Win32
		{CE5DD1F5-E2F8-4CB3-B4F7-372A34B583DE}.Release|x64.ActiveCfg = Release|x64
		{CE5DD1F5-E2F8-4CB3-B4F7-372A34B583DE}.Release|x64.Build.0 = Release|x64
		{D170F81B-97DA-4313-A52A-640C17502B9D}.Debug|Win32.ActiveCfg = Debug|Win32
		{D170F81B-97DA-4313-A52A-640C17502B9D}.Debug|Win32.Build.0 = Debug|Win32
		{D170F81B-97DA-4313-A52A-640C17502B9D}.Debug|x64.ActiveCfg = Debug|x64
		{D170F81B-97DA-4313-A52A-640C17502B9D}.Debug|x64.Build.0 = Debug|x64
		{D170F81B-97DA-4313-A52A-640C17502B9D}.Release|Win32.ActiveCfg = Release|Win32
		{D170F81B-97DA-4313-A52A-640C17502B9D}.Release|Win32.Build.0 = Release|Win32
		{D170F81B-97DA-4313-A52A-640C17502B9D}.Release|x64.ActiveCfg = Release|x64
		{D170F81B-97DA-4313-A52A-640C17502B9D}.Release|x64.Build.0 = Release|x64
		{DB307C21-DF5A-4592-8BF5-2F84070E49C4}.Debug|Win32.ActiveCfg = Debug|Win32
		{DB307C21-DF5A-4592-8BF5-2F84070E49C4}.Debug|Win32.Build.0 = Debug|Win32
		{DB307C21-DF5A-4592-8BF5-2F84070E49C4}.Debug|x64.ActiveCfg = Debug|x64
		{DB307C21-DF5A-4592-8BF5-2F84070E49C4}.Debug|x64.Build.0 = Debug|x64
		{DB307C21-DF5A-4592-8BF5-2F84070E49C4}.Release|Win32.ActiveCfg = Release|Win32
		{DB307C21-DF5A-4592-8BF5-2F84070E49C4}.Release|Win32.Build.0 = Release|Win32
		{DB307C21-DF5A-4592-8BF5-2F84070E49C4}.Release|x64.ActiveCfg = Release|x64
		{DB307C21-DF5A-4592-8BF5-2F84070E49C4}.Release|x64.Build.0 = Release|x64
		{6B53B941-33A6-469D-883B-3D533EA2F64C}.Debug|Win32.ActiveCfg = Debug|Win32
		{6B53B941-33A6-469D-883B-3D533EA2F64C}.Debug|Win32.Build.0 = Debug|Win32
		{6B53B941-33A6-469D-883B-3D533EA2F64C}.Debug|x64.ActiveCfg = Debug|x64
		{6B53B941-33A6-469D-883B-3D533EA2F64C}.Debug|x64.Build.0 = Debug|x64
		{6B53B941-33A6-469D-883B-3D533EA2F64C}.Release|Win32.ActiveCfg = Release|Win32
		{6B53B941-33A6-469D-883B-3D533EA2F64C}.Release|Win32.Build.0 = Release|Win32
		{6B53B941-33A6-469D-883B-3D533EA2F64C}.Release|x64.ActiveCfg = Release|x64
		{6B53B941-33A6-469D-883B-3D533EA2F64C}.Release|x64.Build.0 = Release|x64
		{EFBC9744-A234-4EBE-8D81-EB233CDFD6AA}.Debug|Win32.ActiveCfg = Debug|Win32
		{EFBC9744-A234-4EBE-8D81-EB233CDFD6AA}.Debug|Win32.Build.0 = Debug|Win32
		{EFBC9744-A234-4EBE-8D81-EB233CDFD6AA}.Debug|x64.ActiveCfg = Debug|x64
		{EFBC9744-A234-4EBE-8D81-EB233CDFD6AA}.Debug|x64.Build.0 = Debug|x64
		{EFBC9744-A234-4EBE-8D81-EB233CDFD6AA}.Release|Win32.ActiveCfg = Release|Win32
		{EFBC9744-A234-4EBE-8D81-EB233CDFD6AA}.Release|Win32.Build.0 = Release|Win32
		{EFBC9744-A234-4EBE-8D81-EB233CDFD6AA}.Release|x64.ActiveCfg = Release|x64
		{EFBC9744-A234-4EBE-8D81-EB233CDFD6AA}.Release|x64.Build.0 = Release|x64
		{625D49F1-BC00-4C36-AE25-2F408B208B08}.Debug|Win32.ActiveCfg = Debug|Win32
		{625D49F1-BC00-4C36-AE25-2F408B208B08}.Debug|Win32.Build.0 = Debug|Win32
		{625D49F1-BC00-4C36-AE25-2F408B208B08}.Debug|x64.ActiveCfg = Debug|x64
		{625D49F1-BC00-4C36-AE25-2F408B208B08}.Debug|x64.Build.0 = Debug|x64
		{625D49F1-BC00-4C36-AE25-2F408B208B08}.Release|Win32.ActiveCfg = Release|Win32
		{625D49F1-BC00-4C36-AE25-2F408B208B08}.Release|Win32.Build.0 = Release|Win32
		{625D49F1-BC00-4C36-AE25-2F408B208B08}.Release|x64.ActiveCfg = Release|x64
		{625D49F1-BC00-4C36-AE25-2F408B208B08}.Release|x64.Build.0 = Release|x64
	EndGlobalSection
	GlobalSection(SolutionProperties) = preSolution
		HideSolutionNode = FALSE
	EndGlobalSection
	GlobalSection(NestedProjects) = preSolution
		{07943888-EEE8-4D31-968A-D1F12A95D77A} = {ED572982-5E44-4CB6-9D4B-A637E4315089}
		{988025B3-1995-4CF9-9388-0688DEA2DF93} = {ED572982-5E44-4CB6-9D4B-A637E4315089}
		{583581BB-FF74-4C51-B032-4A937077A482} = {07943888-EEE8-4D31-968A-D1F12A95D77A}
		{FAD0E6AC-E222-46E5-8E6D-943F0948FB73} = {07943888-EEE8-4D31-968A-D1F12A95D77A}
		{2A0E871E-0ACD-4553-B9C3-8F664750E584} = {07943888-EEE8-4D31-968A-D1F12A95D77A}
		{6EA57FA6-45CD-4AFC-B9A3-17E6D957F06C} = {07943888-EEE8-4D31-968A-D1F12A95D77A}
		{47DB4223-8E90-4B1F-B449-913B2E87585B} = {07943888-EEE8-4D31-968A-D1F12A95D77A}
		{88310957-111B-4661-82B1-CBE6E9D9C461} = {07943888-EEE8-4D31-968A-D1F12A95D77A}
		{B37BF46C-813E-431A-B7B6-DA1FD90BA8C4} = {07943888-EEE8-4D31-968A-D1F12A95D77A}
		{EE2A9818-15EA-4DA2-8BB6-E722AFCCA2B6} = {07943888-EEE8-4D31-968A-D1F12A95D77A}
		{FF93E30B-CEC3-4487-84D7-24FF7743DCDF} = {07943888-EEE8-4D31-968A-D1F12A95D77A}
		{C7492591-C8D7-4C57-846B-987D63DD560B} = {07943888-EEE8-4D31-968A-D1F12A95D77A}
		{8BE457BB-4281-4C9F-A42A-4612C2A79AB1} = {07943888-EEE8-4D31-968A-D1F12A95D77A}
		{C9055CA8-5AE8-48A6-AD42-BF57AFD8C5DB} = {07943888-EEE8-4D31-968A-D1F12A95D77A}
		{B6418CEA-2FCF-4398-93BC-C8F828115CDD} = {07943888-EEE8-4D31-968A-D1F12A95D77A}
		{96E9D2AB-EC23-42E5-B8D9-6E561F66FB17} = {07943888-EEE8-4D31-968A-D1F12A95D77A}
		{B2DC9141-8B78-46F9-B53F-1CEDF8EC28A6} = {07943888-EEE8-4D31-968A-D1F12A95D77A}
		{49FF749E-F727-4D6B-818D-04ABFE1617B3} = {07943888-EEE8-4D31-968A-D1F12A95D77A}
		{22C0F8FB-D315-4145-98DD-5176BBB298FC} = {07943888-EEE8-4D31-968A-D1F12A95D77A}
		{9E041C99-DB1A-44F8-9543-AC3321B726A4} = {07943888-EEE8-4D31-968A-D1F12A95D77A}
		{B984292E-DBC2-40A5-AA90-842AFF4BC82A} = {07943888-EEE8-4D31-968A-D1F12A95D77A}
		{9A62FE89-87BF-4561-AE18-1EA93BF789FB} = {07943888-EEE8-4D31-968A-D1F12A95D77A}
		{CDA5B015-6134-4472-BF59-A23D476C01F0} = {07943888-EEE8-4D31-968A-D1F12A95D77A}
		{F615BD88-5FA6-45F1-801E-F177F4DBF6CC} = {07943888-EEE8-4D31-968A-D1F12A95D77A}
		{0D4C1EED-5FAE-4537-8D6F-55BA738390EE} = {07943888-EEE8-4D31-968A-D1F12A95D77A}
		{9A4293E8-482B-4626-AAA0-78287F11CDC2} = {07943888-EEE8-4D31-968A-D1F12A95D77A}
		{E37FA51E-D01E-49F4-8021-602C1AA23155} = {07943888-EEE8-4D31-968A-D1F12A95D77A}
		{9FBFCC9D-68E7-4F2D-B579-0CE3FC0B9D4C} = {07943888-EEE8-4D31-968A-D1F12A95D77A}
		{30270E1E-8392-4E15-BF34-95418AA11ED8} = {07943888-EEE8-4D31-968A-D1F12A95D77A}
		{D86044CA-4CD5-4507-802B-982212AFB4B0} = {988025B3-1995-4CF9-9388-0688DEA2DF93}
		{BDFAD855-C841-4ED0-8563-D12BCB8BE4AF} = {988025B3-1995-4CF9-9388-0688DEA2DF93}
		{C0997873-B839-4B20-B4DE-F22696FC80BC} = {988025B3-1995-4CF9-9388-0688DEA2DF93}
		{C0BEDD61-5B91-4DED-8345-CEE918D68258} = {988025B3-1995-4CF9-9388-0688DEA2DF93}
		{8F439A9D-C2AE-4F35-B9C4-C364373837F8} = {988025B3-1995-4CF9-9388-0688DEA2DF93}
		{783B4549-F1B7-4C7F-BCB6-45E6D9BD0947} = {988025B3-1995-4CF9-9388-0688DEA2DF93}
		{EBB50638-2290-4682-A94D-8D188C4145E6} = {988025B3-1995-4CF9-9388-0688DEA2DF93}
		{3B13967B-BE43-4F62-8475-5916339844B8} = {988025B3-1995-4CF9-9388-0688DEA2DF93}
		{A7BE9D51-9535-450A-BCE1-13DFDB7CB9BC} = {988025B3-1995-4CF9-9388-0688DEA2DF93}
		{5EF092B8-B117-4A03-9D38-16A59D1F37DD} = {988025B3-1995-4CF9-9388-0688DEA2DF93}
		{9D287426-76F6-484B-AFBF-FB9FED44A7AF} = {988025B3-1995-4CF9-9388-0688DEA2DF93}
		{48E1F97B-973E-4822-A0ED-BCDBBAAABFCD} = {988025B3-1995-4CF9-9388-0688DEA2DF93}
		{4D1DCE81-3ECF-4B86-9143-89966ABA26E8} = {988025B3-1995-4CF9-9388-0688DEA2DF93}
		{A4AEA9EA-FA05-46B2-88FA-A51732F5D7D2} = {988025B3-1995-4CF9-9388-0688DEA2DF93}
		{82ADDF96-0882-4F9E-A85D-B1C84FC795B6} = {988025B3-1995-4CF9-9388-0688DEA2DF93}
		{AB9E175F-9CC9-4FC9-A9AC-9367CBBE1D9B} = {988025B3-1995-4CF9-9388-0688DEA2DF93}
		{1EB4BA91-9D5C-4531-80B6-9A7A055CACDF} = {988025B3-1995-4CF9-9388-0688DEA2DF93}
		{A9F8B1CC-F813-401B-A37B-3AF226D49EDA} = {988025B3-1995-4CF9-9388-0688DEA2DF93}
		{E9EDF232-3E0C-492A-BEEE-1824C265207F} = {988025B3-1995-4CF9-9388-0688DEA2DF93}
		{8C52C809-D650-4EF0-94CE-749E8FC80184} = {988025B3-1995-4CF9-9388-0688DEA2DF93}
		{A84ACC07-7717-486E-9FA1-5805B99A7E07} = {988025B3-1995-4CF9-9388-0688DEA2DF93}
		{BD51EBD5-F240-48ED-AD9B-50FF801A1CF9} = {988025B3-1995-4CF9-9388-0688DEA2DF93}
		{94CBB7C2-8421-4467-AB05-2A9902905576} = {988025B3-1995-4CF9-9388-0688DEA2DF93}
		{2DB898FA-2B16-401C-822F-8B6A8C5AB60F} = {988025B3-1995-4CF9-9388-0688DEA2DF93}
		{4378E007-6FE6-4BAC-83D1-45381C9F5C0D} = {988025B3-1995-4CF9-9388-0688DEA2DF93}
		{226A2E98-26B9-4262-A7AD-FB4E1F1EDA97} = {988025B3-1995-4CF9-9388-0688DEA2DF93}
		{CE5DD1F5-E2F8-4CB3-B4F7-372A34B583DE} = {988025B3-1995-4CF9-9388-0688DEA2DF93}
	EndGlobalSection
	GlobalSection(ExtensibilityGlobals) = postSolution
		SolutionGuid = {54A874FB-AE3C-4C0F-AAC4-4C12F296A059}
	EndGlobalSection
EndGlobal
