<?xml version="1.0" encoding="utf-8"?>
<Project ToolsVersion="4.0" xmlns="http://schemas.microsoft.com/developer/msbuild/2003">
  <ItemGroup>
    <Filter Include="Source Files">
      <UniqueIdentifier>{4FC737F1-C7A5-4376-A066-2A32D752A2FF}</UniqueIdentifier>
      <Extensions>cpp;c;cc;cxx;def;odl;idl;hpj;bat;asm;asmx</Extensions>
    </Filter>
    <Filter Include="Header Files">
      <UniqueIdentifier>{93995380-89BD-4b04-88EB-625FBE52EBFB}</UniqueIdentifier>
      <Extensions>h;hh;hpp;hxx;hm;inl;inc;xsd</Extensions>
    </Filter>
    <Filter Include="Resource Files">
      <UniqueIdentifier>{67DA6AB6-F800-4c08-8B7A-83BB121AAD01}</UniqueIdentifier>
      <Extensions>rc;ico;cur;bmp;dlg;rc2;rct;bin;rgs;gif;jpg;jpeg;jpe;resx;tiff;tif;png;wav;mfcribbon-ms</Extensions>
    </Filter>
    <Filter Include="Source Files\crypto">
      <UniqueIdentifier>{a9841c4a-7b40-48da-bc27-1844454dbb2b}</UniqueIdentifier>
    </Filter>
    <Filter Include="Source Files\crypto\aes">
      <UniqueIdentifier>{3caa5fb9-9185-499b-adb0-02a85fbbfe32}</UniqueIdentifier>
    </Filter>
    <Filter Include="Source Files\crypto\asn1">
      <UniqueIdentifier>{b5a8c98e-40fe-43c9-9e49-c4508ebfb3bd}</UniqueIdentifier>
    </Filter>
    <Filter Include="Source Files\crypto\bf">
      <UniqueIdentifier>{4e0fe271-6e8d-4a06-a685-ed150ee89bb9}</UniqueIdentifier>
    </Filter>
    <Filter Include="Source Files\crypto\bio">
      <UniqueIdentifier>{94095064-3ec9-419b-b452-a38c85b7fea1}</UniqueIdentifier>
    </Filter>
    <Filter Include="Source Files\crypto\bn">
      <UniqueIdentifier>{c7d891b2-1396-493a-806a-60e56f094573}</UniqueIdentifier>
    </Filter>
    <Filter Include="Source Files\crypto\buffer">
      <UniqueIdentifier>{95c6e0f0-6b37-4576-a274-1c361244361d}</UniqueIdentifier>
    </Filter>
    <Filter Include="Source Files\crypto\camellia">
      <UniqueIdentifier>{8d60b08c-d873-4b48-86d9-52ec931ee0c4}</UniqueIdentifier>
    </Filter>
    <Filter Include="Source Files\crypto\cast">
      <UniqueIdentifier>{40b7b892-50a4-43a7-932e-ef8045258649}</UniqueIdentifier>
    </Filter>
    <Filter Include="Source Files\crypto\cmac">
      <UniqueIdentifier>{46f6131e-9b03-453e-9f9c-64e29207b95f}</UniqueIdentifier>
    </Filter>
    <Filter Include="Source Files\crypto\cms">
      <UniqueIdentifier>{80645586-03f1-4d4e-8f42-c5387ca50d88}</UniqueIdentifier>
    </Filter>
    <Filter Include="Source Files\crypto\comp">
      <UniqueIdentifier>{d6631b4e-b9cf-4fef-807a-2efa41da3dd0}</UniqueIdentifier>
    </Filter>
    <Filter Include="Source Files\crypto\conf">
      <UniqueIdentifier>{5a59737d-ff11-4202-9ae0-300f496c1ab8}</UniqueIdentifier>
    </Filter>
    <Filter Include="Source Files\crypto\des">
      <UniqueIdentifier>{daa8e87a-a119-45d2-a5c5-541f451a6893}</UniqueIdentifier>
    </Filter>
    <Filter Include="Source Files\crypto\dh">
      <UniqueIdentifier>{6c990e44-663f-45a6-a1cd-e46c45e281c1}</UniqueIdentifier>
    </Filter>
    <Filter Include="Source Files\crypto\dsa">
      <UniqueIdentifier>{8e59f9da-b434-4aa6-9519-a76db8958a5f}</UniqueIdentifier>
    </Filter>
    <Filter Include="Source Files\crypto\dso">
      <UniqueIdentifier>{64764e9d-315d-4c46-9444-0797b62ba27b}</UniqueIdentifier>
    </Filter>
    <Filter Include="Source Files\crypto\ec">
      <UniqueIdentifier>{07cbc1ef-8347-422e-a291-6c87a8fcce14}</UniqueIdentifier>
    </Filter>
    <Filter Include="Source Files\crypto\engine">
      <UniqueIdentifier>{be7d9210-be88-4f38-adc2-3c5cfa933371}</UniqueIdentifier>
    </Filter>
    <Filter Include="Source Files\crypto\err">
      <UniqueIdentifier>{32317ec8-7099-48b0-bfe3-4eb9c8a56370}</UniqueIdentifier>
    </Filter>
    <Filter Include="Source Files\crypto\evp">
      <UniqueIdentifier>{552b27fd-33e8-4a4a-afcc-755d7d580911}</UniqueIdentifier>
    </Filter>
    <Filter Include="Source Files\crypto\hmac">
      <UniqueIdentifier>{04335165-4e2c-4029-bcbd-ad6258fa190d}</UniqueIdentifier>
    </Filter>
    <Filter Include="Source Files\crypto\idea">
      <UniqueIdentifier>{70b0d837-be14-4db2-80e6-605e07dd963d}</UniqueIdentifier>
    </Filter>
    <Filter Include="Source Files\crypto\lhash">
      <UniqueIdentifier>{939054f0-b656-4827-af3a-9ad7b1d9e668}</UniqueIdentifier>
    </Filter>
    <Filter Include="Source Files\crypto\md4">
      <UniqueIdentifier>{df54eec9-47e0-4cec-8246-a44a29e25a12}</UniqueIdentifier>
    </Filter>
    <Filter Include="Source Files\crypto\md5">
      <UniqueIdentifier>{366561a2-17e5-48c3-9c0e-08cc9d706e90}</UniqueIdentifier>
    </Filter>
    <Filter Include="Source Files\crypto\mdc2">
      <UniqueIdentifier>{8b69604f-ff72-43ed-bb41-6b3734e17d06}</UniqueIdentifier>
    </Filter>
    <Filter Include="Source Files\crypto\modes">
      <UniqueIdentifier>{5a665074-69cc-468d-926a-d0b1bc6be31f}</UniqueIdentifier>
    </Filter>
    <Filter Include="Source Files\crypto\objects">
      <UniqueIdentifier>{2e8e3f7d-f435-4e82-928a-68b441a5f89a}</UniqueIdentifier>
    </Filter>
    <Filter Include="Source Files\crypto\ocsp">
      <UniqueIdentifier>{bf3865e0-a234-44fd-a9b5-0b4cb098e2c7}</UniqueIdentifier>
    </Filter>
    <Filter Include="Source Files\crypto\pem">
      <UniqueIdentifier>{c34ccbac-1c74-4003-a59b-b5b69ae9ba91}</UniqueIdentifier>
    </Filter>
    <Filter Include="Source Files\crypto\pkcs12">
      <UniqueIdentifier>{8d0dd968-35d9-42d4-bf30-b79300620ccd}</UniqueIdentifier>
    </Filter>
    <Filter Include="Source Files\crypto\pkcs7">
      <UniqueIdentifier>{698b5c03-1999-46ae-bea2-bcf94295a134}</UniqueIdentifier>
    </Filter>
    <Filter Include="Source Files\crypto\rand">
      <UniqueIdentifier>{8232ad4d-d623-42ba-bc71-d6cae633fdfe}</UniqueIdentifier>
    </Filter>
    <Filter Include="Source Files\crypto\rc2">
      <UniqueIdentifier>{c2648571-6eac-47d6-ac73-c57fbd86b549}</UniqueIdentifier>
    </Filter>
    <Filter Include="Source Files\crypto\ripemd">
      <UniqueIdentifier>{0fe5ebe0-b96e-4e36-a693-80c3194653ec}</UniqueIdentifier>
    </Filter>
    <Filter Include="Source Files\crypto\rsa">
      <UniqueIdentifier>{efe3f4eb-bc85-4f35-ad26-99c533535750}</UniqueIdentifier>
    </Filter>
    <Filter Include="Source Files\crypto\seed">
      <UniqueIdentifier>{cbcbef5a-7581-4673-9d5a-b2645df67dce}</UniqueIdentifier>
    </Filter>
    <Filter Include="Source Files\crypto\sha">
      <UniqueIdentifier>{79821e4a-91bb-41de-a523-66d667a19849}</UniqueIdentifier>
    </Filter>
    <Filter Include="Source Files\crypto\srp">
      <UniqueIdentifier>{0ddbb18f-db07-422c-bf94-996dd28416b8}</UniqueIdentifier>
    </Filter>
    <Filter Include="Source Files\crypto\stack">
      <UniqueIdentifier>{562fab40-b689-4a7e-8227-c26068419738}</UniqueIdentifier>
    </Filter>
    <Filter Include="Source Files\crypto\ts">
      <UniqueIdentifier>{26752754-9b97-4e2e-8682-e5eecfa2e33f}</UniqueIdentifier>
    </Filter>
    <Filter Include="Source Files\crypto\txt_db">
      <UniqueIdentifier>{f5e54a76-3e5b-4ab4-b8b1-e9fcfc27c7ea}</UniqueIdentifier>
    </Filter>
    <Filter Include="Source Files\crypto\ui">
      <UniqueIdentifier>{59381c1a-5420-4626-a55d-026a3723b489}</UniqueIdentifier>
    </Filter>
    <Filter Include="Source Files\crypto\whrlpool">
      <UniqueIdentifier>{a92bf0b2-7e47-42c1-975f-c4bba91e2e55}</UniqueIdentifier>
    </Filter>
    <Filter Include="Source Files\crypto\x509">
      <UniqueIdentifier>{d371f18a-3b37-4d27-83fe-c5f6f7573b1b}</UniqueIdentifier>
    </Filter>
    <Filter Include="Source Files\crypto\x509v3">
      <UniqueIdentifier>{ab49c8bb-002f-4568-a5cb-b937f2afff41}</UniqueIdentifier>
    </Filter>
    <Filter Include="Source Files\engines">
      <UniqueIdentifier>{31c3b336-f2af-42f3-b2a1-a0d729fdb286}</UniqueIdentifier>
    </Filter>
    <Filter Include="Source Files\asm">
      <UniqueIdentifier>{9cc240bd-2493-4942-bcb1-d8972c470e94}</UniqueIdentifier>
    </Filter>
    <Filter Include="Source Files\asm\x86">
      <UniqueIdentifier>{d1e77f4d-0ff8-47c1-b434-83bd424d695e}</UniqueIdentifier>
    </Filter>
    <Filter Include="Source Files\asm\x64">
      <UniqueIdentifier>{8226097c-6d0f-42ea-b0a4-a232df2a8f57}</UniqueIdentifier>
    </Filter>
    <Filter Include="Source Files\crypto\bf\x64">
      <UniqueIdentifier>{60260d15-5191-4c99-9e64-189474bb2746}</UniqueIdentifier>
    </Filter>
    <Filter Include="Source Files\crypto\bn\x64">
      <UniqueIdentifier>{7884cac2-af00-4353-bde2-be8cab6ed3d0}</UniqueIdentifier>
    </Filter>
    <Filter Include="Source Files\crypto\camellia\x64">
      <UniqueIdentifier>{874885c7-9c6d-4d7a-af42-9845a4e878b4}</UniqueIdentifier>
    </Filter>
    <Filter Include="Source Files\crypto\des\x64">
      <UniqueIdentifier>{0e9187fa-6d3c-417c-a114-af3345339dec}</UniqueIdentifier>
    </Filter>
    <Filter Include="Source Files\crypto\whrlpool\x86">
      <UniqueIdentifier>{5006dd2d-cee2-4129-abea-b9e7bb052000}</UniqueIdentifier>
    </Filter>
    <Filter Include="Source Files\crypto\sha\x86">
      <UniqueIdentifier>{5e28b6b0-8282-4f04-afc2-f4c07356aa67}</UniqueIdentifier>
    </Filter>
    <Filter Include="Source Files\crypto\aria">
      <UniqueIdentifier>{b0c7da30-9d82-4b87-a756-ab1b5df82245}</UniqueIdentifier>
    </Filter>
    <Filter Include="Source Files\crypto\async">
      <UniqueIdentifier>{04832218-d6af-4f01-9280-e792fda824f6}</UniqueIdentifier>
    </Filter>
    <Filter Include="Source Files\crypto\blake2">
      <UniqueIdentifier>{5ba83a71-b486-471a-b788-6bf4612b6bc0}</UniqueIdentifier>
    </Filter>
    <Filter Include="Source Files\crypto\ct">
      <UniqueIdentifier>{90b3c1c2-cf9e-4629-a79c-16887ae276a3}</UniqueIdentifier>
    </Filter>
    <Filter Include="Source Files\crypto\kdf">
      <UniqueIdentifier>{9b26fbb1-5003-4cba-8507-68d3cf894537}</UniqueIdentifier>
    </Filter>
    <Filter Include="Source Files\crypto\poly1305">
      <UniqueIdentifier>{7943aae4-192b-4f39-a670-52c627a8d14d}</UniqueIdentifier>
    </Filter>
    <Filter Include="Source Files\crypto\siphash">
      <UniqueIdentifier>{c9e84c9c-e137-4351-b3b0-8323d32d119e}</UniqueIdentifier>
    </Filter>
    <Filter Include="Source Files\crypto\sm2">
      <UniqueIdentifier>{067c175b-66c5-4f1a-a8b9-2c4c7d40a21a}</UniqueIdentifier>
    </Filter>
    <Filter Include="Source Files\crypto\sm3">
      <UniqueIdentifier>{20cdab29-31e9-490d-9caf-44a3a69395a8}</UniqueIdentifier>
    </Filter>
    <Filter Include="Source Files\crypto\sm4">
      <UniqueIdentifier>{f6f9e375-4b3f-4e97-b7ac-3169200c6c00}</UniqueIdentifier>
    </Filter>
    <Filter Include="Source Files\crypto\store">
      <UniqueIdentifier>{b6c5f985-991e-49e4-9547-2fda266146c4}</UniqueIdentifier>
    </Filter>
    <Filter Include="Source Files\crypto\async\arch">
      <UniqueIdentifier>{903d07d5-9ad0-46cc-a5bc-cfb40cd1c422}</UniqueIdentifier>
    </Filter>
    <Filter Include="Source Files\crypto\ec\curve448">
      <UniqueIdentifier>{6c1d5f9f-d06b-4b53-85db-82104954f89c}</UniqueIdentifier>
    </Filter>
    <Filter Include="Source Files\crypto\ec\curve448\arch_32">
      <UniqueIdentifier>{67b317b3-3450-4a68-8166-f509b5853acc}</UniqueIdentifier>
    </Filter>
  </ItemGroup>
  <ItemGroup>
    <ClCompile Include="..\..\crypto\aes\aes_cfb.c">
      <Filter>Source Files\crypto\aes</Filter>
    </ClCompile>
    <ClCompile Include="..\..\crypto\aes\aes_ofb.c">
      <Filter>Source Files\crypto\aes</Filter>
    </ClCompile>
    <ClCompile Include="..\..\crypto\aes\aes_wrap.c">
      <Filter>Source Files\crypto\aes</Filter>
    </ClCompile>
    <ClCompile Include="..\..\crypto\aes\aes_ecb.c">
      <Filter>Source Files\crypto\aes</Filter>
    </ClCompile>
    <ClCompile Include="..\..\crypto\aes\aes_ige.c">
      <Filter>Source Files\crypto\aes</Filter>
    </ClCompile>
    <ClCompile Include="..\..\crypto\aes\aes_misc.c">
      <Filter>Source Files\crypto\aes</Filter>
    </ClCompile>
    <ClCompile Include="..\..\crypto\asn1\x_pkey.c">
      <Filter>Source Files\crypto\asn1</Filter>
    </ClCompile>
    <ClCompile Include="..\..\crypto\asn1\x_sig.c">
      <Filter>Source Files\crypto\asn1</Filter>
    </ClCompile>
    <ClCompile Include="..\..\crypto\asn1\x_spki.c">
      <Filter>Source Files\crypto\asn1</Filter>
    </ClCompile>
    <ClCompile Include="..\..\crypto\asn1\x_val.c">
      <Filter>Source Files\crypto\asn1</Filter>
    </ClCompile>
    <ClCompile Include="..\..\crypto\asn1\a_bitstr.c">
      <Filter>Source Files\crypto\asn1</Filter>
    </ClCompile>
    <ClCompile Include="..\..\crypto\asn1\a_d2i_fp.c">
      <Filter>Source Files\crypto\asn1</Filter>
    </ClCompile>
    <ClCompile Include="..\..\crypto\asn1\a_digest.c">
      <Filter>Source Files\crypto\asn1</Filter>
    </ClCompile>
    <ClCompile Include="..\..\crypto\asn1\a_dup.c">
      <Filter>Source Files\crypto\asn1</Filter>
    </ClCompile>
    <ClCompile Include="..\..\crypto\asn1\a_gentm.c">
      <Filter>Source Files\crypto\asn1</Filter>
    </ClCompile>
    <ClCompile Include="..\..\crypto\asn1\a_i2d_fp.c">
      <Filter>Source Files\crypto\asn1</Filter>
    </ClCompile>
    <ClCompile Include="..\..\crypto\asn1\a_int.c">
      <Filter>Source Files\crypto\asn1</Filter>
    </ClCompile>
    <ClCompile Include="..\..\crypto\asn1\a_mbstr.c">
      <Filter>Source Files\crypto\asn1</Filter>
    </ClCompile>
    <ClCompile Include="..\..\crypto\asn1\a_object.c">
      <Filter>Source Files\crypto\asn1</Filter>
    </ClCompile>
    <ClCompile Include="..\..\crypto\asn1\a_octet.c">
      <Filter>Source Files\crypto\asn1</Filter>
    </ClCompile>
    <ClCompile Include="..\..\crypto\asn1\a_print.c">
      <Filter>Source Files\crypto\asn1</Filter>
    </ClCompile>
    <ClCompile Include="..\..\crypto\asn1\a_sign.c">
      <Filter>Source Files\crypto\asn1</Filter>
    </ClCompile>
    <ClCompile Include="..\..\crypto\asn1\a_strex.c">
      <Filter>Source Files\crypto\asn1</Filter>
    </ClCompile>
    <ClCompile Include="..\..\crypto\asn1\a_strnid.c">
      <Filter>Source Files\crypto\asn1</Filter>
    </ClCompile>
    <ClCompile Include="..\..\crypto\asn1\a_time.c">
      <Filter>Source Files\crypto\asn1</Filter>
    </ClCompile>
    <ClCompile Include="..\..\crypto\asn1\a_type.c">
      <Filter>Source Files\crypto\asn1</Filter>
    </ClCompile>
    <ClCompile Include="..\..\crypto\asn1\a_utctm.c">
      <Filter>Source Files\crypto\asn1</Filter>
    </ClCompile>
    <ClCompile Include="..\..\crypto\asn1\a_utf8.c">
      <Filter>Source Files\crypto\asn1</Filter>
    </ClCompile>
    <ClCompile Include="..\..\crypto\asn1\a_verify.c">
      <Filter>Source Files\crypto\asn1</Filter>
    </ClCompile>
    <ClCompile Include="..\..\crypto\asn1\ameth_lib.c">
      <Filter>Source Files\crypto\asn1</Filter>
    </ClCompile>
    <ClCompile Include="..\..\crypto\asn1\asn_mime.c">
      <Filter>Source Files\crypto\asn1</Filter>
    </ClCompile>
    <ClCompile Include="..\..\crypto\asn1\asn_moid.c">
      <Filter>Source Files\crypto\asn1</Filter>
    </ClCompile>
    <ClCompile Include="..\..\crypto\asn1\asn_pack.c">
      <Filter>Source Files\crypto\asn1</Filter>
    </ClCompile>
    <ClCompile Include="..\..\crypto\asn1\asn1_err.c">
      <Filter>Source Files\crypto\asn1</Filter>
    </ClCompile>
    <ClCompile Include="..\..\crypto\asn1\asn1_gen.c">
      <Filter>Source Files\crypto\asn1</Filter>
    </ClCompile>
    <ClCompile Include="..\..\crypto\asn1\asn1_lib.c">
      <Filter>Source Files\crypto\asn1</Filter>
    </ClCompile>
    <ClCompile Include="..\..\crypto\asn1\asn1_par.c">
      <Filter>Source Files\crypto\asn1</Filter>
    </ClCompile>
    <ClCompile Include="..\..\crypto\asn1\bio_asn1.c">
      <Filter>Source Files\crypto\asn1</Filter>
    </ClCompile>
    <ClCompile Include="..\..\crypto\asn1\bio_ndef.c">
      <Filter>Source Files\crypto\asn1</Filter>
    </ClCompile>
    <ClCompile Include="..\..\crypto\asn1\d2i_pr.c">
      <Filter>Source Files\crypto\asn1</Filter>
    </ClCompile>
    <ClCompile Include="..\..\crypto\asn1\d2i_pu.c">
      <Filter>Source Files\crypto\asn1</Filter>
    </ClCompile>
    <ClCompile Include="..\..\crypto\asn1\evp_asn1.c">
      <Filter>Source Files\crypto\asn1</Filter>
    </ClCompile>
    <ClCompile Include="..\..\crypto\asn1\f_int.c">
      <Filter>Source Files\crypto\asn1</Filter>
    </ClCompile>
    <ClCompile Include="..\..\crypto\asn1\f_string.c">
      <Filter>Source Files\crypto\asn1</Filter>
    </ClCompile>
    <ClCompile Include="..\..\crypto\asn1\i2d_pr.c">
      <Filter>Source Files\crypto\asn1</Filter>
    </ClCompile>
    <ClCompile Include="..\..\crypto\asn1\i2d_pu.c">
      <Filter>Source Files\crypto\asn1</Filter>
    </ClCompile>
    <ClCompile Include="..\..\crypto\asn1\n_pkey.c">
      <Filter>Source Files\crypto\asn1</Filter>
    </ClCompile>
    <ClCompile Include="..\..\crypto\asn1\nsseq.c">
      <Filter>Source Files\crypto\asn1</Filter>
    </ClCompile>
    <ClCompile Include="..\..\crypto\asn1\p5_pbe.c">
      <Filter>Source Files\crypto\asn1</Filter>
    </ClCompile>
    <ClCompile Include="..\..\crypto\asn1\p5_pbev2.c">
      <Filter>Source Files\crypto\asn1</Filter>
    </ClCompile>
    <ClCompile Include="..\..\crypto\asn1\p8_pkey.c">
      <Filter>Source Files\crypto\asn1</Filter>
    </ClCompile>
    <ClCompile Include="..\..\crypto\asn1\t_bitst.c">
      <Filter>Source Files\crypto\asn1</Filter>
    </ClCompile>
    <ClCompile Include="..\..\crypto\asn1\t_pkey.c">
      <Filter>Source Files\crypto\asn1</Filter>
    </ClCompile>
    <ClCompile Include="..\..\crypto\asn1\t_spki.c">
      <Filter>Source Files\crypto\asn1</Filter>
    </ClCompile>
    <ClCompile Include="..\..\crypto\asn1\tasn_dec.c">
      <Filter>Source Files\crypto\asn1</Filter>
    </ClCompile>
    <ClCompile Include="..\..\crypto\asn1\tasn_enc.c">
      <Filter>Source Files\crypto\asn1</Filter>
    </ClCompile>
    <ClCompile Include="..\..\crypto\asn1\tasn_fre.c">
      <Filter>Source Files\crypto\asn1</Filter>
    </ClCompile>
    <ClCompile Include="..\..\crypto\asn1\tasn_new.c">
      <Filter>Source Files\crypto\asn1</Filter>
    </ClCompile>
    <ClCompile Include="..\..\crypto\asn1\tasn_prn.c">
      <Filter>Source Files\crypto\asn1</Filter>
    </ClCompile>
    <ClCompile Include="..\..\crypto\asn1\tasn_typ.c">
      <Filter>Source Files\crypto\asn1</Filter>
    </ClCompile>
    <ClCompile Include="..\..\crypto\asn1\tasn_utl.c">
      <Filter>Source Files\crypto\asn1</Filter>
    </ClCompile>
    <ClCompile Include="..\..\crypto\asn1\x_algor.c">
      <Filter>Source Files\crypto\asn1</Filter>
    </ClCompile>
    <ClCompile Include="..\..\crypto\asn1\x_bignum.c">
      <Filter>Source Files\crypto\asn1</Filter>
    </ClCompile>
    <ClCompile Include="..\..\crypto\asn1\x_info.c">
      <Filter>Source Files\crypto\asn1</Filter>
    </ClCompile>
    <ClCompile Include="..\..\crypto\asn1\x_long.c">
      <Filter>Source Files\crypto\asn1</Filter>
    </ClCompile>
    <ClCompile Include="..\..\crypto\bf\bf_ecb.c">
      <Filter>Source Files\crypto\bf</Filter>
    </ClCompile>
    <ClCompile Include="..\..\crypto\bf\bf_ofb64.c">
      <Filter>Source Files\crypto\bf</Filter>
    </ClCompile>
    <ClCompile Include="..\..\crypto\bf\bf_skey.c">
      <Filter>Source Files\crypto\bf</Filter>
    </ClCompile>
    <ClCompile Include="..\..\crypto\bf\bf_cfb64.c">
      <Filter>Source Files\crypto\bf</Filter>
    </ClCompile>
    <ClCompile Include="..\..\crypto\bio\bss_fd.c">
      <Filter>Source Files\crypto\bio</Filter>
    </ClCompile>
    <ClCompile Include="..\..\crypto\bio\bss_file.c">
      <Filter>Source Files\crypto\bio</Filter>
    </ClCompile>
    <ClCompile Include="..\..\crypto\bio\bss_log.c">
      <Filter>Source Files\crypto\bio</Filter>
    </ClCompile>
    <ClCompile Include="..\..\crypto\bio\bss_mem.c">
      <Filter>Source Files\crypto\bio</Filter>
    </ClCompile>
    <ClCompile Include="..\..\crypto\bio\bss_null.c">
      <Filter>Source Files\crypto\bio</Filter>
    </ClCompile>
    <ClCompile Include="..\..\crypto\bio\bss_sock.c">
      <Filter>Source Files\crypto\bio</Filter>
    </ClCompile>
    <ClCompile Include="..\..\crypto\bio\b_dump.c">
      <Filter>Source Files\crypto\bio</Filter>
    </ClCompile>
    <ClCompile Include="..\..\crypto\bio\b_print.c">
      <Filter>Source Files\crypto\bio</Filter>
    </ClCompile>
    <ClCompile Include="..\..\crypto\bio\b_sock.c">
      <Filter>Source Files\crypto\bio</Filter>
    </ClCompile>
    <ClCompile Include="..\..\crypto\bio\bf_buff.c">
      <Filter>Source Files\crypto\bio</Filter>
    </ClCompile>
    <ClCompile Include="..\..\crypto\bio\bf_nbio.c">
      <Filter>Source Files\crypto\bio</Filter>
    </ClCompile>
    <ClCompile Include="..\..\crypto\bio\bf_null.c">
      <Filter>Source Files\crypto\bio</Filter>
    </ClCompile>
    <ClCompile Include="..\..\crypto\bio\bio_cb.c">
      <Filter>Source Files\crypto\bio</Filter>
    </ClCompile>
    <ClCompile Include="..\..\crypto\bio\bio_err.c">
      <Filter>Source Files\crypto\bio</Filter>
    </ClCompile>
    <ClCompile Include="..\..\crypto\bio\bio_lib.c">
      <Filter>Source Files\crypto\bio</Filter>
    </ClCompile>
    <ClCompile Include="..\..\crypto\bio\bss_acpt.c">
      <Filter>Source Files\crypto\bio</Filter>
    </ClCompile>
    <ClCompile Include="..\..\crypto\bio\bss_bio.c">
      <Filter>Source Files\crypto\bio</Filter>
    </ClCompile>
    <ClCompile Include="..\..\crypto\bio\bss_conn.c">
      <Filter>Source Files\crypto\bio</Filter>
    </ClCompile>
    <ClCompile Include="..\..\crypto\bio\bss_dgram.c">
      <Filter>Source Files\crypto\bio</Filter>
    </ClCompile>
    <ClCompile Include="..\..\crypto\bn\bn_rand.c">
      <Filter>Source Files\crypto\bn</Filter>
    </ClCompile>
    <ClCompile Include="..\..\crypto\bn\bn_recp.c">
      <Filter>Source Files\crypto\bn</Filter>
    </ClCompile>
    <ClCompile Include="..\..\crypto\bn\bn_shift.c">
      <Filter>Source Files\crypto\bn</Filter>
    </ClCompile>
    <ClCompile Include="..\..\crypto\bn\bn_sqr.c">
      <Filter>Source Files\crypto\bn</Filter>
    </ClCompile>
    <ClCompile Include="..\..\crypto\bn\bn_sqrt.c">
      <Filter>Source Files\crypto\bn</Filter>
    </ClCompile>
    <ClCompile Include="..\..\crypto\bn\bn_word.c">
      <Filter>Source Files\crypto\bn</Filter>
    </ClCompile>
    <ClCompile Include="..\..\crypto\bn\bn_x931p.c">
      <Filter>Source Files\crypto\bn</Filter>
    </ClCompile>
    <ClCompile Include="..\..\crypto\bn\bn_add.c">
      <Filter>Source Files\crypto\bn</Filter>
    </ClCompile>
    <ClCompile Include="..\..\crypto\bn\bn_blind.c">
      <Filter>Source Files\crypto\bn</Filter>
    </ClCompile>
    <ClCompile Include="..\..\crypto\bn\bn_const.c">
      <Filter>Source Files\crypto\bn</Filter>
    </ClCompile>
    <ClCompile Include="..\..\crypto\bn\bn_ctx.c">
      <Filter>Source Files\crypto\bn</Filter>
    </ClCompile>
    <ClCompile Include="..\..\crypto\bn\bn_depr.c">
      <Filter>Source Files\crypto\bn</Filter>
    </ClCompile>
    <ClCompile Include="..\..\crypto\bn\bn_div.c">
      <Filter>Source Files\crypto\bn</Filter>
    </ClCompile>
    <ClCompile Include="..\..\crypto\bn\bn_err.c">
      <Filter>Source Files\crypto\bn</Filter>
    </ClCompile>
    <ClCompile Include="..\..\crypto\bn\bn_exp.c">
      <Filter>Source Files\crypto\bn</Filter>
    </ClCompile>
    <ClCompile Include="..\..\crypto\bn\bn_exp2.c">
      <Filter>Source Files\crypto\bn</Filter>
    </ClCompile>
    <ClCompile Include="..\..\crypto\bn\bn_gcd.c">
      <Filter>Source Files\crypto\bn</Filter>
    </ClCompile>
    <ClCompile Include="..\..\crypto\bn\bn_gf2m.c">
      <Filter>Source Files\crypto\bn</Filter>
    </ClCompile>
    <ClCompile Include="..\..\crypto\bn\bn_kron.c">
      <Filter>Source Files\crypto\bn</Filter>
    </ClCompile>
    <ClCompile Include="..\..\crypto\bn\bn_lib.c">
      <Filter>Source Files\crypto\bn</Filter>
    </ClCompile>
    <ClCompile Include="..\..\crypto\bn\bn_mod.c">
      <Filter>Source Files\crypto\bn</Filter>
    </ClCompile>
    <ClCompile Include="..\..\crypto\bn\bn_mont.c">
      <Filter>Source Files\crypto\bn</Filter>
    </ClCompile>
    <ClCompile Include="..\..\crypto\bn\bn_mpi.c">
      <Filter>Source Files\crypto\bn</Filter>
    </ClCompile>
    <ClCompile Include="..\..\crypto\bn\bn_mul.c">
      <Filter>Source Files\crypto\bn</Filter>
    </ClCompile>
    <ClCompile Include="..\..\crypto\bn\bn_nist.c">
      <Filter>Source Files\crypto\bn</Filter>
    </ClCompile>
    <ClCompile Include="..\..\crypto\bn\bn_prime.c">
      <Filter>Source Files\crypto\bn</Filter>
    </ClCompile>
    <ClCompile Include="..\..\crypto\bn\bn_print.c">
      <Filter>Source Files\crypto\bn</Filter>
    </ClCompile>
    <ClCompile Include="..\..\crypto\buffer\buffer.c">
      <Filter>Source Files\crypto\buffer</Filter>
    </ClCompile>
    <ClCompile Include="..\..\crypto\buffer\buf_err.c">
      <Filter>Source Files\crypto\buffer</Filter>
    </ClCompile>
    <ClCompile Include="..\..\crypto\camellia\cmll_ctr.c">
      <Filter>Source Files\crypto\camellia</Filter>
    </ClCompile>
    <ClCompile Include="..\..\crypto\camellia\cmll_ecb.c">
      <Filter>Source Files\crypto\camellia</Filter>
    </ClCompile>
    <ClCompile Include="..\..\crypto\camellia\cmll_ofb.c">
      <Filter>Source Files\crypto\camellia</Filter>
    </ClCompile>
    <ClCompile Include="..\..\crypto\camellia\cmll_cfb.c">
      <Filter>Source Files\crypto\camellia</Filter>
    </ClCompile>
    <ClCompile Include="..\..\crypto\cast\c_ofb64.c">
      <Filter>Source Files\crypto\cast</Filter>
    </ClCompile>
    <ClCompile Include="..\..\crypto\cast\c_skey.c">
      <Filter>Source Files\crypto\cast</Filter>
    </ClCompile>
    <ClCompile Include="..\..\crypto\cast\c_cfb64.c">
      <Filter>Source Files\crypto\cast</Filter>
    </ClCompile>
    <ClCompile Include="..\..\crypto\cast\c_ecb.c">
      <Filter>Source Files\crypto\cast</Filter>
    </ClCompile>
    <ClCompile Include="..\..\crypto\cmac\cm_pmeth.c">
      <Filter>Source Files\crypto\cmac</Filter>
    </ClCompile>
    <ClCompile Include="..\..\crypto\cmac\cmac.c">
      <Filter>Source Files\crypto\cmac</Filter>
    </ClCompile>
    <ClCompile Include="..\..\crypto\cmac\cm_ameth.c">
      <Filter>Source Files\crypto\cmac</Filter>
    </ClCompile>
    <ClCompile Include="..\..\crypto\cms\cms_env.c">
      <Filter>Source Files\crypto\cms</Filter>
    </ClCompile>
    <ClCompile Include="..\..\crypto\cms\cms_err.c">
      <Filter>Source Files\crypto\cms</Filter>
    </ClCompile>
    <ClCompile Include="..\..\crypto\cms\cms_ess.c">
      <Filter>Source Files\crypto\cms</Filter>
    </ClCompile>
    <ClCompile Include="..\..\crypto\cms\cms_io.c">
      <Filter>Source Files\crypto\cms</Filter>
    </ClCompile>
    <ClCompile Include="..\..\crypto\cms\cms_kari.c">
      <Filter>Source Files\crypto\cms</Filter>
    </ClCompile>
    <ClCompile Include="..\..\crypto\cms\cms_lib.c">
      <Filter>Source Files\crypto\cms</Filter>
    </ClCompile>
    <ClCompile Include="..\..\crypto\cms\cms_pwri.c">
      <Filter>Source Files\crypto\cms</Filter>
    </ClCompile>
    <ClCompile Include="..\..\crypto\cms\cms_sd.c">
      <Filter>Source Files\crypto\cms</Filter>
    </ClCompile>
    <ClCompile Include="..\..\crypto\cms\cms_smime.c">
      <Filter>Source Files\crypto\cms</Filter>
    </ClCompile>
    <ClCompile Include="..\..\crypto\cms\cms_asn1.c">
      <Filter>Source Files\crypto\cms</Filter>
    </ClCompile>
    <ClCompile Include="..\..\crypto\cms\cms_att.c">
      <Filter>Source Files\crypto\cms</Filter>
    </ClCompile>
    <ClCompile Include="..\..\crypto\cms\cms_cd.c">
      <Filter>Source Files\crypto\cms</Filter>
    </ClCompile>
    <ClCompile Include="..\..\crypto\cms\cms_dd.c">
      <Filter>Source Files\crypto\cms</Filter>
    </ClCompile>
    <ClCompile Include="..\..\crypto\cms\cms_enc.c">
      <Filter>Source Files\crypto\cms</Filter>
    </ClCompile>
    <ClCompile Include="..\..\crypto\comp\c_zlib.c">
      <Filter>Source Files\crypto\comp</Filter>
    </ClCompile>
    <ClCompile Include="..\..\crypto\comp\comp_err.c">
      <Filter>Source Files\crypto\comp</Filter>
    </ClCompile>
    <ClCompile Include="..\..\crypto\comp\comp_lib.c">
      <Filter>Source Files\crypto\comp</Filter>
    </ClCompile>
    <ClCompile Include="..\..\crypto\conf\conf_err.c">
      <Filter>Source Files\crypto\conf</Filter>
    </ClCompile>
    <ClCompile Include="..\..\crypto\conf\conf_lib.c">
      <Filter>Source Files\crypto\conf</Filter>
    </ClCompile>
    <ClCompile Include="..\..\crypto\conf\conf_mall.c">
      <Filter>Source Files\crypto\conf</Filter>
    </ClCompile>
    <ClCompile Include="..\..\crypto\conf\conf_mod.c">
      <Filter>Source Files\crypto\conf</Filter>
    </ClCompile>
    <ClCompile Include="..\..\crypto\conf\conf_sap.c">
      <Filter>Source Files\crypto\conf</Filter>
    </ClCompile>
    <ClCompile Include="..\..\crypto\conf\conf_api.c">
      <Filter>Source Files\crypto\conf</Filter>
    </ClCompile>
    <ClCompile Include="..\..\crypto\conf\conf_def.c">
      <Filter>Source Files\crypto\conf</Filter>
    </ClCompile>
    <ClCompile Include="..\..\crypto\cpt_err.c">
      <Filter>Source Files\crypto</Filter>
    </ClCompile>
    <ClCompile Include="..\..\crypto\cryptlib.c">
      <Filter>Source Files\crypto</Filter>
    </ClCompile>
    <ClCompile Include="..\..\crypto\cversion.c">
      <Filter>Source Files\crypto</Filter>
    </ClCompile>
    <ClCompile Include="..\..\crypto\des\str2key.c">
      <Filter>Source Files\crypto\des</Filter>
    </ClCompile>
    <ClCompile Include="..\..\crypto\des\xcbc_enc.c">
      <Filter>Source Files\crypto\des</Filter>
    </ClCompile>
    <ClCompile Include="..\..\crypto\des\cbc_cksm.c">
      <Filter>Source Files\crypto\des</Filter>
    </ClCompile>
    <ClCompile Include="..\..\crypto\des\cbc_enc.c">
      <Filter>Source Files\crypto\des</Filter>
    </ClCompile>
    <ClCompile Include="..\..\crypto\des\cfb_enc.c">
      <Filter>Source Files\crypto\des</Filter>
    </ClCompile>
    <ClCompile Include="..\..\crypto\des\cfb64ede.c">
      <Filter>Source Files\crypto\des</Filter>
    </ClCompile>
    <ClCompile Include="..\..\crypto\des\cfb64enc.c">
      <Filter>Source Files\crypto\des</Filter>
    </ClCompile>
    <ClCompile Include="..\..\crypto\des\ecb_enc.c">
      <Filter>Source Files\crypto\des</Filter>
    </ClCompile>
    <ClCompile Include="..\..\crypto\des\ecb3_enc.c">
      <Filter>Source Files\crypto\des</Filter>
    </ClCompile>
    <ClCompile Include="..\..\crypto\des\fcrypt.c">
      <Filter>Source Files\crypto\des</Filter>
    </ClCompile>
    <ClCompile Include="..\..\crypto\des\ofb_enc.c">
      <Filter>Source Files\crypto\des</Filter>
    </ClCompile>
    <ClCompile Include="..\..\crypto\des\ofb64ede.c">
      <Filter>Source Files\crypto\des</Filter>
    </ClCompile>
    <ClCompile Include="..\..\crypto\des\ofb64enc.c">
      <Filter>Source Files\crypto\des</Filter>
    </ClCompile>
    <ClCompile Include="..\..\crypto\des\pcbc_enc.c">
      <Filter>Source Files\crypto\des</Filter>
    </ClCompile>
    <ClCompile Include="..\..\crypto\des\qud_cksm.c">
      <Filter>Source Files\crypto\des</Filter>
    </ClCompile>
    <ClCompile Include="..\..\crypto\des\rand_key.c">
      <Filter>Source Files\crypto\des</Filter>
    </ClCompile>
    <ClCompile Include="..\..\crypto\des\set_key.c">
      <Filter>Source Files\crypto\des</Filter>
    </ClCompile>
    <ClCompile Include="..\..\crypto\dh\dh_kdf.c">
      <Filter>Source Files\crypto\dh</Filter>
    </ClCompile>
    <ClCompile Include="..\..\crypto\dh\dh_key.c">
      <Filter>Source Files\crypto\dh</Filter>
    </ClCompile>
    <ClCompile Include="..\..\crypto\dh\dh_lib.c">
      <Filter>Source Files\crypto\dh</Filter>
    </ClCompile>
    <ClCompile Include="..\..\crypto\dh\dh_pmeth.c">
      <Filter>Source Files\crypto\dh</Filter>
    </ClCompile>
    <ClCompile Include="..\..\crypto\dh\dh_prn.c">
      <Filter>Source Files\crypto\dh</Filter>
    </ClCompile>
    <ClCompile Include="..\..\crypto\dh\dh_rfc5114.c">
      <Filter>Source Files\crypto\dh</Filter>
    </ClCompile>
    <ClCompile Include="..\..\crypto\dh\dh_ameth.c">
      <Filter>Source Files\crypto\dh</Filter>
    </ClCompile>
    <ClCompile Include="..\..\crypto\dh\dh_asn1.c">
      <Filter>Source Files\crypto\dh</Filter>
    </ClCompile>
    <ClCompile Include="..\..\crypto\dh\dh_check.c">
      <Filter>Source Files\crypto\dh</Filter>
    </ClCompile>
    <ClCompile Include="..\..\crypto\dh\dh_depr.c">
      <Filter>Source Files\crypto\dh</Filter>
    </ClCompile>
    <ClCompile Include="..\..\crypto\dh\dh_err.c">
      <Filter>Source Files\crypto\dh</Filter>
    </ClCompile>
    <ClCompile Include="..\..\crypto\dh\dh_gen.c">
      <Filter>Source Files\crypto\dh</Filter>
    </ClCompile>
    <ClCompile Include="..\..\crypto\dsa\dsa_ossl.c">
      <Filter>Source Files\crypto\dsa</Filter>
    </ClCompile>
    <ClCompile Include="..\..\crypto\dsa\dsa_pmeth.c">
      <Filter>Source Files\crypto\dsa</Filter>
    </ClCompile>
    <ClCompile Include="..\..\crypto\dsa\dsa_prn.c">
      <Filter>Source Files\crypto\dsa</Filter>
    </ClCompile>
    <ClCompile Include="..\..\crypto\dsa\dsa_sign.c">
      <Filter>Source Files\crypto\dsa</Filter>
    </ClCompile>
    <ClCompile Include="..\..\crypto\dsa\dsa_vrf.c">
      <Filter>Source Files\crypto\dsa</Filter>
    </ClCompile>
    <ClCompile Include="..\..\crypto\dsa\dsa_ameth.c">
      <Filter>Source Files\crypto\dsa</Filter>
    </ClCompile>
    <ClCompile Include="..\..\crypto\dsa\dsa_asn1.c">
      <Filter>Source Files\crypto\dsa</Filter>
    </ClCompile>
    <ClCompile Include="..\..\crypto\dsa\dsa_depr.c">
      <Filter>Source Files\crypto\dsa</Filter>
    </ClCompile>
    <ClCompile Include="..\..\crypto\dsa\dsa_err.c">
      <Filter>Source Files\crypto\dsa</Filter>
    </ClCompile>
    <ClCompile Include="..\..\crypto\dsa\dsa_gen.c">
      <Filter>Source Files\crypto\dsa</Filter>
    </ClCompile>
    <ClCompile Include="..\..\crypto\dsa\dsa_key.c">
      <Filter>Source Files\crypto\dsa</Filter>
    </ClCompile>
    <ClCompile Include="..\..\crypto\dsa\dsa_lib.c">
      <Filter>Source Files\crypto\dsa</Filter>
    </ClCompile>
    <ClCompile Include="..\..\crypto\dso\dso_lib.c">
      <Filter>Source Files\crypto\dso</Filter>
    </ClCompile>
    <ClCompile Include="..\..\crypto\dso\dso_openssl.c">
      <Filter>Source Files\crypto\dso</Filter>
    </ClCompile>
    <ClCompile Include="..\..\crypto\dso\dso_vms.c">
      <Filter>Source Files\crypto\dso</Filter>
    </ClCompile>
    <ClCompile Include="..\..\crypto\dso\dso_win32.c">
      <Filter>Source Files\crypto\dso</Filter>
    </ClCompile>
    <ClCompile Include="..\..\crypto\dso\dso_dl.c">
      <Filter>Source Files\crypto\dso</Filter>
    </ClCompile>
    <ClCompile Include="..\..\crypto\dso\dso_dlfcn.c">
      <Filter>Source Files\crypto\dso</Filter>
    </ClCompile>
    <ClCompile Include="..\..\crypto\dso\dso_err.c">
      <Filter>Source Files\crypto\dso</Filter>
    </ClCompile>
    <ClCompile Include="..\..\crypto\ebcdic.c">
      <Filter>Source Files\crypto</Filter>
    </ClCompile>
    <ClCompile Include="..\..\crypto\ec\ecp_mont.c">
      <Filter>Source Files\crypto\ec</Filter>
    </ClCompile>
    <ClCompile Include="..\..\crypto\ec\ecp_nist.c">
      <Filter>Source Files\crypto\ec</Filter>
    </ClCompile>
    <ClCompile Include="..\..\crypto\ec\ecp_nistp224.c">
      <Filter>Source Files\crypto\ec</Filter>
    </ClCompile>
    <ClCompile Include="..\..\crypto\ec\ecp_nistp256.c">
      <Filter>Source Files\crypto\ec</Filter>
    </ClCompile>
    <ClCompile Include="..\..\crypto\ec\ecp_nistp521.c">
      <Filter>Source Files\crypto\ec</Filter>
    </ClCompile>
    <ClCompile Include="..\..\crypto\ec\ecp_nistputil.c">
      <Filter>Source Files\crypto\ec</Filter>
    </ClCompile>
    <ClCompile Include="..\..\crypto\ec\ecp_oct.c">
      <Filter>Source Files\crypto\ec</Filter>
    </ClCompile>
    <ClCompile Include="..\..\crypto\ec\ecp_smpl.c">
      <Filter>Source Files\crypto\ec</Filter>
    </ClCompile>
    <ClCompile Include="..\..\crypto\ec\ec_ameth.c">
      <Filter>Source Files\crypto\ec</Filter>
    </ClCompile>
    <ClCompile Include="..\..\crypto\ec\ec_asn1.c">
      <Filter>Source Files\crypto\ec</Filter>
    </ClCompile>
    <ClCompile Include="..\..\crypto\ec\ec_check.c">
      <Filter>Source Files\crypto\ec</Filter>
    </ClCompile>
    <ClCompile Include="..\..\crypto\ec\ec_curve.c">
      <Filter>Source Files\crypto\ec</Filter>
    </ClCompile>
    <ClCompile Include="..\..\crypto\ec\ec_cvt.c">
      <Filter>Source Files\crypto\ec</Filter>
    </ClCompile>
    <ClCompile Include="..\..\crypto\ec\ec_err.c">
      <Filter>Source Files\crypto\ec</Filter>
    </ClCompile>
    <ClCompile Include="..\..\crypto\ec\ec_key.c">
      <Filter>Source Files\crypto\ec</Filter>
    </ClCompile>
    <ClCompile Include="..\..\crypto\ec\ec_lib.c">
      <Filter>Source Files\crypto\ec</Filter>
    </ClCompile>
    <ClCompile Include="..\..\crypto\ec\ec_mult.c">
      <Filter>Source Files\crypto\ec</Filter>
    </ClCompile>
    <ClCompile Include="..\..\crypto\ec\ec_oct.c">
      <Filter>Source Files\crypto\ec</Filter>
    </ClCompile>
    <ClCompile Include="..\..\crypto\ec\ec_pmeth.c">
      <Filter>Source Files\crypto\ec</Filter>
    </ClCompile>
    <ClCompile Include="..\..\crypto\ec\ec_print.c">
      <Filter>Source Files\crypto\ec</Filter>
    </ClCompile>
    <ClCompile Include="..\..\crypto\ec\ec2_oct.c">
      <Filter>Source Files\crypto\ec</Filter>
    </ClCompile>
    <ClCompile Include="..\..\crypto\ec\ec2_smpl.c">
      <Filter>Source Files\crypto\ec</Filter>
    </ClCompile>
    <ClCompile Include="..\..\crypto\ec\eck_prn.c">
      <Filter>Source Files\crypto\ec</Filter>
    </ClCompile>
    <ClCompile Include="..\..\crypto\engine\tb_digest.c">
      <Filter>Source Files\crypto\engine</Filter>
    </ClCompile>
    <ClCompile Include="..\..\crypto\engine\tb_dsa.c">
      <Filter>Source Files\crypto\engine</Filter>
    </ClCompile>
    <ClCompile Include="..\..\crypto\engine\tb_pkmeth.c">
      <Filter>Source Files\crypto\engine</Filter>
    </ClCompile>
    <ClCompile Include="..\..\crypto\engine\tb_rand.c">
      <Filter>Source Files\crypto\engine</Filter>
    </ClCompile>
    <ClCompile Include="..\..\crypto\engine\tb_rsa.c">
      <Filter>Source Files\crypto\engine</Filter>
    </ClCompile>
    <ClCompile Include="..\..\crypto\engine\eng_all.c">
      <Filter>Source Files\crypto\engine</Filter>
    </ClCompile>
    <ClCompile Include="..\..\crypto\engine\eng_cnf.c">
      <Filter>Source Files\crypto\engine</Filter>
    </ClCompile>
    <ClCompile Include="..\..\crypto\engine\eng_ctrl.c">
      <Filter>Source Files\crypto\engine</Filter>
    </ClCompile>
    <ClCompile Include="..\..\crypto\engine\eng_dyn.c">
      <Filter>Source Files\crypto\engine</Filter>
    </ClCompile>
    <ClCompile Include="..\..\crypto\engine\eng_err.c">
      <Filter>Source Files\crypto\engine</Filter>
    </ClCompile>
    <ClCompile Include="..\..\crypto\engine\eng_fat.c">
      <Filter>Source Files\crypto\engine</Filter>
    </ClCompile>
    <ClCompile Include="..\..\crypto\engine\eng_init.c">
      <Filter>Source Files\crypto\engine</Filter>
    </ClCompile>
    <ClCompile Include="..\..\crypto\engine\eng_lib.c">
      <Filter>Source Files\crypto\engine</Filter>
    </ClCompile>
    <ClCompile Include="..\..\crypto\engine\eng_list.c">
      <Filter>Source Files\crypto\engine</Filter>
    </ClCompile>
    <ClCompile Include="..\..\crypto\engine\eng_openssl.c">
      <Filter>Source Files\crypto\engine</Filter>
    </ClCompile>
    <ClCompile Include="..\..\crypto\engine\eng_pkey.c">
      <Filter>Source Files\crypto\engine</Filter>
    </ClCompile>
    <ClCompile Include="..\..\crypto\engine\eng_rdrand.c">
      <Filter>Source Files\crypto\engine</Filter>
    </ClCompile>
    <ClCompile Include="..\..\crypto\engine\eng_table.c">
      <Filter>Source Files\crypto\engine</Filter>
    </ClCompile>
    <ClCompile Include="..\..\crypto\engine\tb_asnmth.c">
      <Filter>Source Files\crypto\engine</Filter>
    </ClCompile>
    <ClCompile Include="..\..\crypto\engine\tb_cipher.c">
      <Filter>Source Files\crypto\engine</Filter>
    </ClCompile>
    <ClCompile Include="..\..\crypto\engine\tb_dh.c">
      <Filter>Source Files\crypto\engine</Filter>
    </ClCompile>
    <ClCompile Include="..\..\crypto\err\err_all.c">
      <Filter>Source Files\crypto\err</Filter>
    </ClCompile>
    <ClCompile Include="..\..\crypto\err\err_prn.c">
      <Filter>Source Files\crypto\err</Filter>
    </ClCompile>
    <ClCompile Include="..\..\crypto\err\err.c">
      <Filter>Source Files\crypto\err</Filter>
    </ClCompile>
    <ClCompile Include="..\..\crypto\evp\p_lib.c">
      <Filter>Source Files\crypto\evp</Filter>
    </ClCompile>
    <ClCompile Include="..\..\crypto\evp\p_open.c">
      <Filter>Source Files\crypto\evp</Filter>
    </ClCompile>
    <ClCompile Include="..\..\crypto\evp\p_seal.c">
      <Filter>Source Files\crypto\evp</Filter>
    </ClCompile>
    <ClCompile Include="..\..\crypto\evp\p_sign.c">
      <Filter>Source Files\crypto\evp</Filter>
    </ClCompile>
    <ClCompile Include="..\..\crypto\evp\p_verify.c">
      <Filter>Source Files\crypto\evp</Filter>
    </ClCompile>
    <ClCompile Include="..\..\crypto\evp\p5_crpt.c">
      <Filter>Source Files\crypto\evp</Filter>
    </ClCompile>
    <ClCompile Include="..\..\crypto\evp\p5_crpt2.c">
      <Filter>Source Files\crypto\evp</Filter>
    </ClCompile>
    <ClCompile Include="..\..\crypto\evp\pmeth_fn.c">
      <Filter>Source Files\crypto\evp</Filter>
    </ClCompile>
    <ClCompile Include="..\..\crypto\evp\pmeth_gn.c">
      <Filter>Source Files\crypto\evp</Filter>
    </ClCompile>
    <ClCompile Include="..\..\crypto\evp\pmeth_lib.c">
      <Filter>Source Files\crypto\evp</Filter>
    </ClCompile>
    <ClCompile Include="..\..\crypto\evp\bio_b64.c">
      <Filter>Source Files\crypto\evp</Filter>
    </ClCompile>
    <ClCompile Include="..\..\crypto\evp\bio_enc.c">
      <Filter>Source Files\crypto\evp</Filter>
    </ClCompile>
    <ClCompile Include="..\..\crypto\evp\bio_md.c">
      <Filter>Source Files\crypto\evp</Filter>
    </ClCompile>
    <ClCompile Include="..\..\crypto\evp\bio_ok.c">
      <Filter>Source Files\crypto\evp</Filter>
    </ClCompile>
    <ClCompile Include="..\..\crypto\evp\c_allc.c">
      <Filter>Source Files\crypto\evp</Filter>
    </ClCompile>
    <ClCompile Include="..\..\crypto\evp\c_alld.c">
      <Filter>Source Files\crypto\evp</Filter>
    </ClCompile>
    <ClCompile Include="..\..\crypto\evp\digest.c">
      <Filter>Source Files\crypto\evp</Filter>
    </ClCompile>
    <ClCompile Include="..\..\crypto\evp\e_aes.c">
      <Filter>Source Files\crypto\evp</Filter>
    </ClCompile>
    <ClCompile Include="..\..\crypto\evp\e_aes_cbc_hmac_sha1.c">
      <Filter>Source Files\crypto\evp</Filter>
    </ClCompile>
    <ClCompile Include="..\..\crypto\evp\e_aes_cbc_hmac_sha256.c">
      <Filter>Source Files\crypto\evp</Filter>
    </ClCompile>
    <ClCompile Include="..\..\crypto\evp\e_bf.c">
      <Filter>Source Files\crypto\evp</Filter>
    </ClCompile>
    <ClCompile Include="..\..\crypto\evp\e_camellia.c">
      <Filter>Source Files\crypto\evp</Filter>
    </ClCompile>
    <ClCompile Include="..\..\crypto\evp\e_cast.c">
      <Filter>Source Files\crypto\evp</Filter>
    </ClCompile>
    <ClCompile Include="..\..\crypto\evp\e_des.c">
      <Filter>Source Files\crypto\evp</Filter>
    </ClCompile>
    <ClCompile Include="..\..\crypto\evp\e_des3.c">
      <Filter>Source Files\crypto\evp</Filter>
    </ClCompile>
    <ClCompile Include="..\..\crypto\evp\e_idea.c">
      <Filter>Source Files\crypto\evp</Filter>
    </ClCompile>
    <ClCompile Include="..\..\crypto\evp\e_null.c">
      <Filter>Source Files\crypto\evp</Filter>
    </ClCompile>
    <ClCompile Include="..\..\crypto\evp\e_old.c">
      <Filter>Source Files\crypto\evp</Filter>
    </ClCompile>
    <ClCompile Include="..\..\crypto\evp\e_rc2.c">
      <Filter>Source Files\crypto\evp</Filter>
    </ClCompile>
    <ClCompile Include="..\..\crypto\evp\e_rc4.c">
      <Filter>Source Files\crypto\evp</Filter>
    </ClCompile>
    <ClCompile Include="..\..\crypto\evp\e_rc4_hmac_md5.c">
      <Filter>Source Files\crypto\evp</Filter>
    </ClCompile>
    <ClCompile Include="..\..\crypto\evp\e_rc5.c">
      <Filter>Source Files\crypto\evp</Filter>
    </ClCompile>
    <ClCompile Include="..\..\crypto\evp\e_seed.c">
      <Filter>Source Files\crypto\evp</Filter>
    </ClCompile>
    <ClCompile Include="..\..\crypto\evp\e_xcbc_d.c">
      <Filter>Source Files\crypto\evp</Filter>
    </ClCompile>
    <ClCompile Include="..\..\crypto\evp\encode.c">
      <Filter>Source Files\crypto\evp</Filter>
    </ClCompile>
    <ClCompile Include="..\..\crypto\evp\evp_cnf.c">
      <Filter>Source Files\crypto\evp</Filter>
    </ClCompile>
    <ClCompile Include="..\..\crypto\evp\evp_enc.c">
      <Filter>Source Files\crypto\evp</Filter>
    </ClCompile>
    <ClCompile Include="..\..\crypto\evp\evp_err.c">
      <Filter>Source Files\crypto\evp</Filter>
    </ClCompile>
    <ClCompile Include="..\..\crypto\evp\evp_key.c">
      <Filter>Source Files\crypto\evp</Filter>
    </ClCompile>
    <ClCompile Include="..\..\crypto\evp\evp_lib.c">
      <Filter>Source Files\crypto\evp</Filter>
    </ClCompile>
    <ClCompile Include="..\..\crypto\evp\evp_pbe.c">
      <Filter>Source Files\crypto\evp</Filter>
    </ClCompile>
    <ClCompile Include="..\..\crypto\evp\evp_pkey.c">
      <Filter>Source Files\crypto\evp</Filter>
    </ClCompile>
    <ClCompile Include="..\..\crypto\evp\m_md4.c">
      <Filter>Source Files\crypto\evp</Filter>
    </ClCompile>
    <ClCompile Include="..\..\crypto\evp\m_md5.c">
      <Filter>Source Files\crypto\evp</Filter>
    </ClCompile>
    <ClCompile Include="..\..\crypto\evp\m_mdc2.c">
      <Filter>Source Files\crypto\evp</Filter>
    </ClCompile>
    <ClCompile Include="..\..\crypto\evp\m_null.c">
      <Filter>Source Files\crypto\evp</Filter>
    </ClCompile>
    <ClCompile Include="..\..\crypto\evp\m_ripemd.c">
      <Filter>Source Files\crypto\evp</Filter>
    </ClCompile>
    <ClCompile Include="..\..\crypto\evp\m_sha1.c">
      <Filter>Source Files\crypto\evp</Filter>
    </ClCompile>
    <ClCompile Include="..\..\crypto\evp\m_sigver.c">
      <Filter>Source Files\crypto\evp</Filter>
    </ClCompile>
    <ClCompile Include="..\..\crypto\evp\m_wp.c">
      <Filter>Source Files\crypto\evp</Filter>
    </ClCompile>
    <ClCompile Include="..\..\crypto\evp\names.c">
      <Filter>Source Files\crypto\evp</Filter>
    </ClCompile>
    <ClCompile Include="..\..\crypto\evp\p_dec.c">
      <Filter>Source Files\crypto\evp</Filter>
    </ClCompile>
    <ClCompile Include="..\..\crypto\evp\p_enc.c">
      <Filter>Source Files\crypto\evp</Filter>
    </ClCompile>
    <ClCompile Include="..\..\crypto\ex_data.c">
      <Filter>Source Files\crypto</Filter>
    </ClCompile>
    <ClCompile Include="..\..\crypto\hmac\hm_pmeth.c">
      <Filter>Source Files\crypto\hmac</Filter>
    </ClCompile>
    <ClCompile Include="..\..\crypto\hmac\hmac.c">
      <Filter>Source Files\crypto\hmac</Filter>
    </ClCompile>
    <ClCompile Include="..\..\crypto\hmac\hm_ameth.c">
      <Filter>Source Files\crypto\hmac</Filter>
    </ClCompile>
    <ClCompile Include="..\..\crypto\idea\i_ecb.c">
      <Filter>Source Files\crypto\idea</Filter>
    </ClCompile>
    <ClCompile Include="..\..\crypto\idea\i_ofb64.c">
      <Filter>Source Files\crypto\idea</Filter>
    </ClCompile>
    <ClCompile Include="..\..\crypto\idea\i_skey.c">
      <Filter>Source Files\crypto\idea</Filter>
    </ClCompile>
    <ClCompile Include="..\..\crypto\idea\i_cbc.c">
      <Filter>Source Files\crypto\idea</Filter>
    </ClCompile>
    <ClCompile Include="..\..\crypto\idea\i_cfb64.c">
      <Filter>Source Files\crypto\idea</Filter>
    </ClCompile>
    <ClCompile Include="..\..\crypto\lhash\lhash.c">
      <Filter>Source Files\crypto\lhash</Filter>
    </ClCompile>
    <ClCompile Include="..\..\crypto\lhash\lh_stats.c">
      <Filter>Source Files\crypto\lhash</Filter>
    </ClCompile>
    <ClCompile Include="..\..\crypto\md4\md4_one.c">
      <Filter>Source Files\crypto\md4</Filter>
    </ClCompile>
    <ClCompile Include="..\..\crypto\md4\md4_dgst.c">
      <Filter>Source Files\crypto\md4</Filter>
    </ClCompile>
    <ClCompile Include="..\..\crypto\md5\md5_dgst.c">
      <Filter>Source Files\crypto\md5</Filter>
    </ClCompile>
    <ClCompile Include="..\..\crypto\md5\md5_one.c">
      <Filter>Source Files\crypto\md5</Filter>
    </ClCompile>
    <ClCompile Include="..\..\crypto\mdc2\mdc2dgst.c">
      <Filter>Source Files\crypto\mdc2</Filter>
    </ClCompile>
    <ClCompile Include="..\..\crypto\mdc2\mdc2_one.c">
      <Filter>Source Files\crypto\mdc2</Filter>
    </ClCompile>
    <ClCompile Include="..\..\crypto\mem.c">
      <Filter>Source Files\crypto</Filter>
    </ClCompile>
    <ClCompile Include="..\..\crypto\mem_dbg.c">
      <Filter>Source Files\crypto</Filter>
    </ClCompile>
    <ClCompile Include="..\..\crypto\modes\cts128.c">
      <Filter>Source Files\crypto\modes</Filter>
    </ClCompile>
    <ClCompile Include="..\..\crypto\modes\gcm128.c">
      <Filter>Source Files\crypto\modes</Filter>
    </ClCompile>
    <ClCompile Include="..\..\crypto\modes\ofb128.c">
      <Filter>Source Files\crypto\modes</Filter>
    </ClCompile>
    <ClCompile Include="..\..\crypto\modes\wrap128.c">
      <Filter>Source Files\crypto\modes</Filter>
    </ClCompile>
    <ClCompile Include="..\..\crypto\modes\xts128.c">
      <Filter>Source Files\crypto\modes</Filter>
    </ClCompile>
    <ClCompile Include="..\..\crypto\modes\cbc128.c">
      <Filter>Source Files\crypto\modes</Filter>
    </ClCompile>
    <ClCompile Include="..\..\crypto\modes\ccm128.c">
      <Filter>Source Files\crypto\modes</Filter>
    </ClCompile>
    <ClCompile Include="..\..\crypto\modes\cfb128.c">
      <Filter>Source Files\crypto\modes</Filter>
    </ClCompile>
    <ClCompile Include="..\..\crypto\modes\ctr128.c">
      <Filter>Source Files\crypto\modes</Filter>
    </ClCompile>
    <ClCompile Include="..\..\crypto\o_init.c">
      <Filter>Source Files\crypto</Filter>
    </ClCompile>
    <ClCompile Include="..\..\crypto\o_str.c">
      <Filter>Source Files\crypto</Filter>
    </ClCompile>
    <ClCompile Include="..\..\crypto\o_time.c">
      <Filter>Source Files\crypto</Filter>
    </ClCompile>
    <ClCompile Include="..\..\crypto\o_dir.c">
      <Filter>Source Files\crypto</Filter>
    </ClCompile>
    <ClCompile Include="..\..\crypto\o_fips.c">
      <Filter>Source Files\crypto</Filter>
    </ClCompile>
    <ClCompile Include="..\..\crypto\objects\o_names.c">
      <Filter>Source Files\crypto\objects</Filter>
    </ClCompile>
    <ClCompile Include="..\..\crypto\objects\obj_err.c">
      <Filter>Source Files\crypto\objects</Filter>
    </ClCompile>
    <ClCompile Include="..\..\crypto\objects\obj_lib.c">
      <Filter>Source Files\crypto\objects</Filter>
    </ClCompile>
    <ClCompile Include="..\..\crypto\objects\obj_xref.c">
      <Filter>Source Files\crypto\objects</Filter>
    </ClCompile>
    <ClCompile Include="..\..\crypto\objects\obj_dat.c">
      <Filter>Source Files\crypto\objects</Filter>
    </ClCompile>
    <ClCompile Include="..\..\crypto\ocsp\ocsp_ext.c">
      <Filter>Source Files\crypto\ocsp</Filter>
    </ClCompile>
    <ClCompile Include="..\..\crypto\ocsp\ocsp_ht.c">
      <Filter>Source Files\crypto\ocsp</Filter>
    </ClCompile>
    <ClCompile Include="..\..\crypto\ocsp\ocsp_lib.c">
      <Filter>Source Files\crypto\ocsp</Filter>
    </ClCompile>
    <ClCompile Include="..\..\crypto\ocsp\ocsp_prn.c">
      <Filter>Source Files\crypto\ocsp</Filter>
    </ClCompile>
    <ClCompile Include="..\..\crypto\ocsp\ocsp_srv.c">
      <Filter>Source Files\crypto\ocsp</Filter>
    </ClCompile>
    <ClCompile Include="..\..\crypto\ocsp\ocsp_vfy.c">
      <Filter>Source Files\crypto\ocsp</Filter>
    </ClCompile>
    <ClCompile Include="..\..\crypto\ocsp\ocsp_asn.c">
      <Filter>Source Files\crypto\ocsp</Filter>
    </ClCompile>
    <ClCompile Include="..\..\crypto\ocsp\ocsp_cl.c">
      <Filter>Source Files\crypto\ocsp</Filter>
    </ClCompile>
    <ClCompile Include="..\..\crypto\ocsp\ocsp_err.c">
      <Filter>Source Files\crypto\ocsp</Filter>
    </ClCompile>
    <ClCompile Include="..\..\crypto\pem\pem_oth.c">
      <Filter>Source Files\crypto\pem</Filter>
    </ClCompile>
    <ClCompile Include="..\..\crypto\pem\pem_pk8.c">
      <Filter>Source Files\crypto\pem</Filter>
    </ClCompile>
    <ClCompile Include="..\..\crypto\pem\pem_pkey.c">
      <Filter>Source Files\crypto\pem</Filter>
    </ClCompile>
    <ClCompile Include="..\..\crypto\pem\pem_sign.c">
      <Filter>Source Files\crypto\pem</Filter>
    </ClCompile>
    <ClCompile Include="..\..\crypto\pem\pem_x509.c">
      <Filter>Source Files\crypto\pem</Filter>
    </ClCompile>
    <ClCompile Include="..\..\crypto\pem\pem_xaux.c">
      <Filter>Source Files\crypto\pem</Filter>
    </ClCompile>
    <ClCompile Include="..\..\crypto\pem\pem_all.c">
      <Filter>Source Files\crypto\pem</Filter>
    </ClCompile>
    <ClCompile Include="..\..\crypto\pem\pem_err.c">
      <Filter>Source Files\crypto\pem</Filter>
    </ClCompile>
    <ClCompile Include="..\..\crypto\pem\pem_info.c">
      <Filter>Source Files\crypto\pem</Filter>
    </ClCompile>
    <ClCompile Include="..\..\crypto\pem\pem_lib.c">
      <Filter>Source Files\crypto\pem</Filter>
    </ClCompile>
    <ClCompile Include="..\..\crypto\pem\pvkfmt.c">
      <Filter>Source Files\crypto\pem</Filter>
    </ClCompile>
    <ClCompile Include="..\..\crypto\pkcs12\p12_decr.c">
      <Filter>Source Files\crypto\pkcs12</Filter>
    </ClCompile>
    <ClCompile Include="..\..\crypto\pkcs12\p12_init.c">
      <Filter>Source Files\crypto\pkcs12</Filter>
    </ClCompile>
    <ClCompile Include="..\..\crypto\pkcs12\p12_key.c">
      <Filter>Source Files\crypto\pkcs12</Filter>
    </ClCompile>
    <ClCompile Include="..\..\crypto\pkcs12\p12_kiss.c">
      <Filter>Source Files\crypto\pkcs12</Filter>
    </ClCompile>
    <ClCompile Include="..\..\crypto\pkcs12\p12_mutl.c">
      <Filter>Source Files\crypto\pkcs12</Filter>
    </ClCompile>
    <ClCompile Include="..\..\crypto\pkcs12\p12_npas.c">
      <Filter>Source Files\crypto\pkcs12</Filter>
    </ClCompile>
    <ClCompile Include="..\..\crypto\pkcs12\p12_p8d.c">
      <Filter>Source Files\crypto\pkcs12</Filter>
    </ClCompile>
    <ClCompile Include="..\..\crypto\pkcs12\p12_p8e.c">
      <Filter>Source Files\crypto\pkcs12</Filter>
    </ClCompile>
    <ClCompile Include="..\..\crypto\pkcs12\p12_utl.c">
      <Filter>Source Files\crypto\pkcs12</Filter>
    </ClCompile>
    <ClCompile Include="..\..\crypto\pkcs12\pk12err.c">
      <Filter>Source Files\crypto\pkcs12</Filter>
    </ClCompile>
    <ClCompile Include="..\..\crypto\pkcs12\p12_add.c">
      <Filter>Source Files\crypto\pkcs12</Filter>
    </ClCompile>
    <ClCompile Include="..\..\crypto\pkcs12\p12_asn.c">
      <Filter>Source Files\crypto\pkcs12</Filter>
    </ClCompile>
    <ClCompile Include="..\..\crypto\pkcs12\p12_attr.c">
      <Filter>Source Files\crypto\pkcs12</Filter>
    </ClCompile>
    <ClCompile Include="..\..\crypto\pkcs12\p12_crpt.c">
      <Filter>Source Files\crypto\pkcs12</Filter>
    </ClCompile>
    <ClCompile Include="..\..\crypto\pkcs12\p12_crt.c">
      <Filter>Source Files\crypto\pkcs12</Filter>
    </ClCompile>
    <ClCompile Include="..\..\crypto\pkcs7\pk7_mime.c">
      <Filter>Source Files\crypto\pkcs7</Filter>
    </ClCompile>
    <ClCompile Include="..\..\crypto\pkcs7\pk7_smime.c">
      <Filter>Source Files\crypto\pkcs7</Filter>
    </ClCompile>
    <ClCompile Include="..\..\crypto\pkcs7\pkcs7err.c">
      <Filter>Source Files\crypto\pkcs7</Filter>
    </ClCompile>
    <ClCompile Include="..\..\crypto\pkcs7\bio_pk7.c">
      <Filter>Source Files\crypto\pkcs7</Filter>
    </ClCompile>
    <ClCompile Include="..\..\crypto\pkcs7\pk7_asn1.c">
      <Filter>Source Files\crypto\pkcs7</Filter>
    </ClCompile>
    <ClCompile Include="..\..\crypto\pkcs7\pk7_attr.c">
      <Filter>Source Files\crypto\pkcs7</Filter>
    </ClCompile>
    <ClCompile Include="..\..\crypto\pkcs7\pk7_doit.c">
      <Filter>Source Files\crypto\pkcs7</Filter>
    </ClCompile>
    <ClCompile Include="..\..\crypto\pkcs7\pk7_lib.c">
      <Filter>Source Files\crypto\pkcs7</Filter>
    </ClCompile>
    <ClCompile Include="..\..\crypto\rand\rand_lib.c">
      <Filter>Source Files\crypto\rand</Filter>
    </ClCompile>
    <ClCompile Include="..\..\crypto\rand\rand_unix.c">
      <Filter>Source Files\crypto\rand</Filter>
    </ClCompile>
    <ClCompile Include="..\..\crypto\rand\rand_win.c">
      <Filter>Source Files\crypto\rand</Filter>
    </ClCompile>
    <ClCompile Include="..\..\crypto\rand\randfile.c">
      <Filter>Source Files\crypto\rand</Filter>
    </ClCompile>
    <ClCompile Include="..\..\crypto\rand\rand_egd.c">
      <Filter>Source Files\crypto\rand</Filter>
    </ClCompile>
    <ClCompile Include="..\..\crypto\rand\rand_err.c">
      <Filter>Source Files\crypto\rand</Filter>
    </ClCompile>
    <ClCompile Include="..\..\crypto\rc2\rc2_skey.c">
      <Filter>Source Files\crypto\rc2</Filter>
    </ClCompile>
    <ClCompile Include="..\..\crypto\rc2\rc2cfb64.c">
      <Filter>Source Files\crypto\rc2</Filter>
    </ClCompile>
    <ClCompile Include="..\..\crypto\rc2\rc2ofb64.c">
      <Filter>Source Files\crypto\rc2</Filter>
    </ClCompile>
    <ClCompile Include="..\..\crypto\rc2\rc2_cbc.c">
      <Filter>Source Files\crypto\rc2</Filter>
    </ClCompile>
    <ClCompile Include="..\..\crypto\rc2\rc2_ecb.c">
      <Filter>Source Files\crypto\rc2</Filter>
    </ClCompile>
    <ClCompile Include="..\..\crypto\ripemd\rmd_one.c">
      <Filter>Source Files\crypto\ripemd</Filter>
    </ClCompile>
    <ClCompile Include="..\..\crypto\ripemd\rmd_dgst.c">
      <Filter>Source Files\crypto\ripemd</Filter>
    </ClCompile>
    <ClCompile Include="..\..\crypto\rsa\rsa_oaep.c">
      <Filter>Source Files\crypto\rsa</Filter>
    </ClCompile>
    <ClCompile Include="..\..\crypto\rsa\rsa_pk1.c">
      <Filter>Source Files\crypto\rsa</Filter>
    </ClCompile>
    <ClCompile Include="..\..\crypto\rsa\rsa_pmeth.c">
      <Filter>Source Files\crypto\rsa</Filter>
    </ClCompile>
    <ClCompile Include="..\..\crypto\rsa\rsa_prn.c">
      <Filter>Source Files\crypto\rsa</Filter>
    </ClCompile>
    <ClCompile Include="..\..\crypto\rsa\rsa_pss.c">
      <Filter>Source Files\crypto\rsa</Filter>
    </ClCompile>
    <ClCompile Include="..\..\crypto\rsa\rsa_saos.c">
      <Filter>Source Files\crypto\rsa</Filter>
    </ClCompile>
    <ClCompile Include="..\..\crypto\rsa\rsa_sign.c">
      <Filter>Source Files\crypto\rsa</Filter>
    </ClCompile>
    <ClCompile Include="..\..\crypto\rsa\rsa_ssl.c">
      <Filter>Source Files\crypto\rsa</Filter>
    </ClCompile>
    <ClCompile Include="..\..\crypto\rsa\rsa_x931.c">
      <Filter>Source Files\crypto\rsa</Filter>
    </ClCompile>
    <ClCompile Include="..\..\crypto\rsa\rsa_ameth.c">
      <Filter>Source Files\crypto\rsa</Filter>
    </ClCompile>
    <ClCompile Include="..\..\crypto\rsa\rsa_asn1.c">
      <Filter>Source Files\crypto\rsa</Filter>
    </ClCompile>
    <ClCompile Include="..\..\crypto\rsa\rsa_chk.c">
      <Filter>Source Files\crypto\rsa</Filter>
    </ClCompile>
    <ClCompile Include="..\..\crypto\rsa\rsa_crpt.c">
      <Filter>Source Files\crypto\rsa</Filter>
    </ClCompile>
    <ClCompile Include="..\..\crypto\rsa\rsa_depr.c">
      <Filter>Source Files\crypto\rsa</Filter>
    </ClCompile>
    <ClCompile Include="..\..\crypto\rsa\rsa_err.c">
      <Filter>Source Files\crypto\rsa</Filter>
    </ClCompile>
    <ClCompile Include="..\..\crypto\rsa\rsa_gen.c">
      <Filter>Source Files\crypto\rsa</Filter>
    </ClCompile>
    <ClCompile Include="..\..\crypto\rsa\rsa_lib.c">
      <Filter>Source Files\crypto\rsa</Filter>
    </ClCompile>
    <ClCompile Include="..\..\crypto\rsa\rsa_none.c">
      <Filter>Source Files\crypto\rsa</Filter>
    </ClCompile>
    <ClCompile Include="..\..\crypto\seed\seed_cfb.c">
      <Filter>Source Files\crypto\seed</Filter>
    </ClCompile>
    <ClCompile Include="..\..\crypto\seed\seed_ecb.c">
      <Filter>Source Files\crypto\seed</Filter>
    </ClCompile>
    <ClCompile Include="..\..\crypto\seed\seed_ofb.c">
      <Filter>Source Files\crypto\seed</Filter>
    </ClCompile>
    <ClCompile Include="..\..\crypto\seed\seed.c">
      <Filter>Source Files\crypto\seed</Filter>
    </ClCompile>
    <ClCompile Include="..\..\crypto\seed\seed_cbc.c">
      <Filter>Source Files\crypto\seed</Filter>
    </ClCompile>
    <ClCompile Include="..\..\crypto\sha\sha1_one.c">
      <Filter>Source Files\crypto\sha</Filter>
    </ClCompile>
    <ClCompile Include="..\..\crypto\sha\sha1dgst.c">
      <Filter>Source Files\crypto\sha</Filter>
    </ClCompile>
    <ClCompile Include="..\..\crypto\sha\sha256.c">
      <Filter>Source Files\crypto\sha</Filter>
    </ClCompile>
    <ClCompile Include="..\..\crypto\sha\sha512.c">
      <Filter>Source Files\crypto\sha</Filter>
    </ClCompile>
    <ClCompile Include="..\..\crypto\srp\srp_vfy.c">
      <Filter>Source Files\crypto\srp</Filter>
    </ClCompile>
    <ClCompile Include="..\..\crypto\srp\srp_lib.c">
      <Filter>Source Files\crypto\srp</Filter>
    </ClCompile>
    <ClCompile Include="..\..\crypto\stack\stack.c">
      <Filter>Source Files\crypto\stack</Filter>
    </ClCompile>
    <ClCompile Include="..\..\crypto\ts\ts_rsp_sign.c">
      <Filter>Source Files\crypto\ts</Filter>
    </ClCompile>
    <ClCompile Include="..\..\crypto\ts\ts_rsp_utils.c">
      <Filter>Source Files\crypto\ts</Filter>
    </ClCompile>
    <ClCompile Include="..\..\crypto\ts\ts_rsp_verify.c">
      <Filter>Source Files\crypto\ts</Filter>
    </ClCompile>
    <ClCompile Include="..\..\crypto\ts\ts_verify_ctx.c">
      <Filter>Source Files\crypto\ts</Filter>
    </ClCompile>
    <ClCompile Include="..\..\crypto\ts\ts_asn1.c">
      <Filter>Source Files\crypto\ts</Filter>
    </ClCompile>
    <ClCompile Include="..\..\crypto\ts\ts_conf.c">
      <Filter>Source Files\crypto\ts</Filter>
    </ClCompile>
    <ClCompile Include="..\..\crypto\ts\ts_err.c">
      <Filter>Source Files\crypto\ts</Filter>
    </ClCompile>
    <ClCompile Include="..\..\crypto\ts\ts_lib.c">
      <Filter>Source Files\crypto\ts</Filter>
    </ClCompile>
    <ClCompile Include="..\..\crypto\ts\ts_req_print.c">
      <Filter>Source Files\crypto\ts</Filter>
    </ClCompile>
    <ClCompile Include="..\..\crypto\ts\ts_req_utils.c">
      <Filter>Source Files\crypto\ts</Filter>
    </ClCompile>
    <ClCompile Include="..\..\crypto\ts\ts_rsp_print.c">
      <Filter>Source Files\crypto\ts</Filter>
    </ClCompile>
    <ClCompile Include="..\..\crypto\txt_db\txt_db.c">
      <Filter>Source Files\crypto\txt_db</Filter>
    </ClCompile>
    <ClCompile Include="..\..\crypto\ui\ui_lib.c">
      <Filter>Source Files\crypto\ui</Filter>
    </ClCompile>
    <ClCompile Include="..\..\crypto\ui\ui_openssl.c">
      <Filter>Source Files\crypto\ui</Filter>
    </ClCompile>
    <ClCompile Include="..\..\crypto\ui\ui_util.c">
      <Filter>Source Files\crypto\ui</Filter>
    </ClCompile>
    <ClCompile Include="..\..\crypto\ui\ui_err.c">
      <Filter>Source Files\crypto\ui</Filter>
    </ClCompile>
    <ClCompile Include="..\..\crypto\uid.c">
      <Filter>Source Files\crypto</Filter>
    </ClCompile>
    <ClCompile Include="..\..\crypto\whrlpool\wp_dgst.c">
      <Filter>Source Files\crypto\whrlpool</Filter>
    </ClCompile>
    <ClCompile Include="..\..\crypto\x509\x509_trs.c">
      <Filter>Source Files\crypto\x509</Filter>
    </ClCompile>
    <ClCompile Include="..\..\crypto\x509\x509_txt.c">
      <Filter>Source Files\crypto\x509</Filter>
    </ClCompile>
    <ClCompile Include="..\..\crypto\x509\x509_v3.c">
      <Filter>Source Files\crypto\x509</Filter>
    </ClCompile>
    <ClCompile Include="..\..\crypto\x509\x509_vfy.c">
      <Filter>Source Files\crypto\x509</Filter>
    </ClCompile>
    <ClCompile Include="..\..\crypto\x509\x509_vpm.c">
      <Filter>Source Files\crypto\x509</Filter>
    </ClCompile>
    <ClCompile Include="..\..\crypto\x509\x509cset.c">
      <Filter>Source Files\crypto\x509</Filter>
    </ClCompile>
    <ClCompile Include="..\..\crypto\x509\x509name.c">
      <Filter>Source Files\crypto\x509</Filter>
    </ClCompile>
    <ClCompile Include="..\..\crypto\x509\x509rset.c">
      <Filter>Source Files\crypto\x509</Filter>
    </ClCompile>
    <ClCompile Include="..\..\crypto\x509\x509spki.c">
      <Filter>Source Files\crypto\x509</Filter>
    </ClCompile>
    <ClCompile Include="..\..\crypto\x509\x509type.c">
      <Filter>Source Files\crypto\x509</Filter>
    </ClCompile>
    <ClCompile Include="..\..\crypto\x509\by_dir.c">
      <Filter>Source Files\crypto\x509</Filter>
    </ClCompile>
    <ClCompile Include="..\..\crypto\x509\by_file.c">
      <Filter>Source Files\crypto\x509</Filter>
    </ClCompile>
    <ClCompile Include="..\..\crypto\x509\x_all.c">
      <Filter>Source Files\crypto\x509</Filter>
    </ClCompile>
    <ClCompile Include="..\..\crypto\x509\x509_att.c">
      <Filter>Source Files\crypto\x509</Filter>
    </ClCompile>
    <ClCompile Include="..\..\crypto\x509\x509_cmp.c">
      <Filter>Source Files\crypto\x509</Filter>
    </ClCompile>
    <ClCompile Include="..\..\crypto\x509\x509_d2.c">
      <Filter>Source Files\crypto\x509</Filter>
    </ClCompile>
    <ClCompile Include="..\..\crypto\x509\x509_def.c">
      <Filter>Source Files\crypto\x509</Filter>
    </ClCompile>
    <ClCompile Include="..\..\crypto\x509\x509_err.c">
      <Filter>Source Files\crypto\x509</Filter>
    </ClCompile>
    <ClCompile Include="..\..\crypto\x509\x509_ext.c">
      <Filter>Source Files\crypto\x509</Filter>
    </ClCompile>
    <ClCompile Include="..\..\crypto\x509\x509_lu.c">
      <Filter>Source Files\crypto\x509</Filter>
    </ClCompile>
    <ClCompile Include="..\..\crypto\x509\x509_obj.c">
      <Filter>Source Files\crypto\x509</Filter>
    </ClCompile>
    <ClCompile Include="..\..\crypto\x509\x509_r2x.c">
      <Filter>Source Files\crypto\x509</Filter>
    </ClCompile>
    <ClCompile Include="..\..\crypto\x509\x509_req.c">
      <Filter>Source Files\crypto\x509</Filter>
    </ClCompile>
    <ClCompile Include="..\..\crypto\x509\x509_set.c">
      <Filter>Source Files\crypto\x509</Filter>
    </ClCompile>
    <ClCompile Include="..\..\crypto\x509v3\v3_pku.c">
      <Filter>Source Files\crypto\x509v3</Filter>
    </ClCompile>
    <ClCompile Include="..\..\crypto\x509v3\v3_pmaps.c">
      <Filter>Source Files\crypto\x509v3</Filter>
    </ClCompile>
    <ClCompile Include="..\..\crypto\x509v3\v3_prn.c">
      <Filter>Source Files\crypto\x509v3</Filter>
    </ClCompile>
    <ClCompile Include="..\..\crypto\x509v3\v3_purp.c">
      <Filter>Source Files\crypto\x509v3</Filter>
    </ClCompile>
    <ClCompile Include="..\..\crypto\x509v3\v3_skey.c">
      <Filter>Source Files\crypto\x509v3</Filter>
    </ClCompile>
    <ClCompile Include="..\..\crypto\x509v3\v3_sxnet.c">
      <Filter>Source Files\crypto\x509v3</Filter>
    </ClCompile>
    <ClCompile Include="..\..\crypto\x509v3\v3_utl.c">
      <Filter>Source Files\crypto\x509v3</Filter>
    </ClCompile>
    <ClCompile Include="..\..\crypto\x509v3\v3err.c">
      <Filter>Source Files\crypto\x509v3</Filter>
    </ClCompile>
    <ClCompile Include="..\..\crypto\x509v3\pcy_cache.c">
      <Filter>Source Files\crypto\x509v3</Filter>
    </ClCompile>
    <ClCompile Include="..\..\crypto\x509v3\pcy_data.c">
      <Filter>Source Files\crypto\x509v3</Filter>
    </ClCompile>
    <ClCompile Include="..\..\crypto\x509v3\pcy_lib.c">
      <Filter>Source Files\crypto\x509v3</Filter>
    </ClCompile>
    <ClCompile Include="..\..\crypto\x509v3\pcy_map.c">
      <Filter>Source Files\crypto\x509v3</Filter>
    </ClCompile>
    <ClCompile Include="..\..\crypto\x509v3\pcy_node.c">
      <Filter>Source Files\crypto\x509v3</Filter>
    </ClCompile>
    <ClCompile Include="..\..\crypto\x509v3\pcy_tree.c">
      <Filter>Source Files\crypto\x509v3</Filter>
    </ClCompile>
    <ClCompile Include="..\..\crypto\x509v3\v3_addr.c">
      <Filter>Source Files\crypto\x509v3</Filter>
    </ClCompile>
    <ClCompile Include="..\..\crypto\x509v3\v3_akey.c">
      <Filter>Source Files\crypto\x509v3</Filter>
    </ClCompile>
    <ClCompile Include="..\..\crypto\x509v3\v3_akeya.c">
      <Filter>Source Files\crypto\x509v3</Filter>
    </ClCompile>
    <ClCompile Include="..\..\crypto\x509v3\v3_alt.c">
      <Filter>Source Files\crypto\x509v3</Filter>
    </ClCompile>
    <ClCompile Include="..\..\crypto\x509v3\v3_asid.c">
      <Filter>Source Files\crypto\x509v3</Filter>
    </ClCompile>
    <ClCompile Include="..\..\crypto\x509v3\v3_bcons.c">
      <Filter>Source Files\crypto\x509v3</Filter>
    </ClCompile>
    <ClCompile Include="..\..\crypto\x509v3\v3_bitst.c">
      <Filter>Source Files\crypto\x509v3</Filter>
    </ClCompile>
    <ClCompile Include="..\..\crypto\x509v3\v3_conf.c">
      <Filter>Source Files\crypto\x509v3</Filter>
    </ClCompile>
    <ClCompile Include="..\..\crypto\x509v3\v3_cpols.c">
      <Filter>Source Files\crypto\x509v3</Filter>
    </ClCompile>
    <ClCompile Include="..\..\crypto\x509v3\v3_crld.c">
      <Filter>Source Files\crypto\x509v3</Filter>
    </ClCompile>
    <ClCompile Include="..\..\crypto\x509v3\v3_enum.c">
      <Filter>Source Files\crypto\x509v3</Filter>
    </ClCompile>
    <ClCompile Include="..\..\crypto\x509v3\v3_extku.c">
      <Filter>Source Files\crypto\x509v3</Filter>
    </ClCompile>
    <ClCompile Include="..\..\crypto\x509v3\v3_genn.c">
      <Filter>Source Files\crypto\x509v3</Filter>
    </ClCompile>
    <ClCompile Include="..\..\crypto\x509v3\v3_ia5.c">
      <Filter>Source Files\crypto\x509v3</Filter>
    </ClCompile>
    <ClCompile Include="..\..\crypto\x509v3\v3_info.c">
      <Filter>Source Files\crypto\x509v3</Filter>
    </ClCompile>
    <ClCompile Include="..\..\crypto\x509v3\v3_int.c">
      <Filter>Source Files\crypto\x509v3</Filter>
    </ClCompile>
    <ClCompile Include="..\..\crypto\x509v3\v3_lib.c">
      <Filter>Source Files\crypto\x509v3</Filter>
    </ClCompile>
    <ClCompile Include="..\..\crypto\x509v3\v3_ncons.c">
      <Filter>Source Files\crypto\x509v3</Filter>
    </ClCompile>
    <ClCompile Include="..\..\crypto\x509v3\v3_pci.c">
      <Filter>Source Files\crypto\x509v3</Filter>
    </ClCompile>
    <ClCompile Include="..\..\crypto\x509v3\v3_pcia.c">
      <Filter>Source Files\crypto\x509v3</Filter>
    </ClCompile>
    <ClCompile Include="..\..\crypto\x509v3\v3_pcons.c">
      <Filter>Source Files\crypto\x509v3</Filter>
    </ClCompile>
    <ClCompile Include="..\..\engines\e_capi.c">
      <Filter>Source Files\engines</Filter>
    </ClCompile>
    <ClCompile Include="..\..\engines\e_padlock.c">
      <Filter>Source Files\engines</Filter>
    </ClCompile>
    <ClCompile Include="..\..\crypto\bf\bf_enc.c">
      <Filter>Source Files\crypto\bf\x64</Filter>
    </ClCompile>
    <ClCompile Include="..\..\crypto\bn\bn_asm.c">
      <Filter>Source Files\crypto\bn\x64</Filter>
    </ClCompile>
    <ClCompile Include="..\..\crypto\bn\rsaz_exp.c">
      <Filter>Source Files\crypto\bn\x64</Filter>
    </ClCompile>
    <ClCompile Include="..\..\crypto\camellia\cmll_misc.c">
      <Filter>Source Files\crypto\camellia\x64</Filter>
    </ClCompile>
    <ClCompile Include="..\..\crypto\cast\c_enc.c">
      <Filter>Source Files\crypto\cast</Filter>
    </ClCompile>
    <ClCompile Include="..\..\crypto\des\des_enc.c">
      <Filter>Source Files\crypto\des\x64</Filter>
    </ClCompile>
    <ClCompile Include="..\..\crypto\des\fcrypt_b.c">
      <Filter>Source Files\crypto\des\x64</Filter>
    </ClCompile>
    <ClCompile Include="..\..\crypto\ec\ecp_nistz256.c">
      <Filter>Source Files\crypto\ec</Filter>
    </ClCompile>
    <ClCompile Include="..\..\crypto\whrlpool\wp_block.c">
      <Filter>Source Files\crypto\whrlpool\x86</Filter>
    </ClCompile>
    <ClCompile Include="..\..\crypto\sha\keccak1600.c">
      <Filter>Source Files\crypto\sha\x86</Filter>
    </ClCompile>
    <ClCompile Include="..\..\crypto\aria\aria.c">
      <Filter>Source Files\crypto\aria</Filter>
    </ClCompile>
    <ClCompile Include="..\..\crypto\asn1\p5_scrypt.c">
      <Filter>Source Files\crypto\asn1</Filter>
    </ClCompile>
    <ClCompile Include="..\..\crypto\asn1\tasn_scn.c">
      <Filter>Source Files\crypto\asn1</Filter>
    </ClCompile>
    <ClCompile Include="..\..\crypto\asn1\x_int64.c">
      <Filter>Source Files\crypto\asn1</Filter>
    </ClCompile>
    <ClCompile Include="..\..\crypto\asn1\asn_mstbl.c">
      <Filter>Source Files\crypto\asn1</Filter>
    </ClCompile>
    <ClCompile Include="..\..\crypto\asn1\asn1_item_list.c">
      <Filter>Source Files\crypto\asn1</Filter>
    </ClCompile>
    <ClCompile Include="..\..\crypto\async\async_err.c">
      <Filter>Source Files\crypto\async</Filter>
    </ClCompile>
    <ClCompile Include="..\..\crypto\async\async_wait.c">
      <Filter>Source Files\crypto\async</Filter>
    </ClCompile>
    <ClCompile Include="..\..\crypto\async\async.c">
      <Filter>Source Files\crypto\async</Filter>
    </ClCompile>
    <ClCompile Include="..\..\crypto\async\arch\async_posix.c">
      <Filter>Source Files\crypto\async\arch</Filter>
    </ClCompile>
    <ClCompile Include="..\..\crypto\async\arch\async_win.c">
      <Filter>Source Files\crypto\async\arch</Filter>
    </ClCompile>
    <ClCompile Include="..\..\crypto\async\arch\async_null.c">
      <Filter>Source Files\crypto\async\arch</Filter>
    </ClCompile>
    <ClCompile Include="..\..\crypto\bio\bf_lbuf.c">
      <Filter>Source Files\crypto\bio</Filter>
    </ClCompile>
    <ClCompile Include="..\..\crypto\bio\bio_meth.c">
      <Filter>Source Files\crypto\bio</Filter>
    </ClCompile>
    <ClCompile Include="..\..\crypto\bio\b_addr.c">
      <Filter>Source Files\crypto\bio</Filter>
    </ClCompile>
    <ClCompile Include="..\..\crypto\bio\b_sock2.c">
      <Filter>Source Files\crypto\bio</Filter>
    </ClCompile>
    <ClCompile Include="..\..\crypto\blake2\blake2s.c">
      <Filter>Source Files\crypto\blake2</Filter>
    </ClCompile>
    <ClCompile Include="..\..\crypto\blake2\m_blake2b.c">
      <Filter>Source Files\crypto\blake2</Filter>
    </ClCompile>
    <ClCompile Include="..\..\crypto\blake2\m_blake2s.c">
      <Filter>Source Files\crypto\blake2</Filter>
    </ClCompile>
    <ClCompile Include="..\..\crypto\blake2\blake2b.c">
      <Filter>Source Files\crypto\blake2</Filter>
    </ClCompile>
    <ClCompile Include="..\..\crypto\bn\bn_srp.c">
      <Filter>Source Files\crypto\bn</Filter>
    </ClCompile>
    <ClCompile Include="..\..\crypto\bn\bn_dh.c">
      <Filter>Source Files\crypto\bn</Filter>
    </ClCompile>
    <ClCompile Include="..\..\crypto\bn\bn_intern.c">
      <Filter>Source Files\crypto\bn</Filter>
    </ClCompile>
    <ClCompile Include="..\..\crypto\conf\conf_ssl.c">
      <Filter>Source Files\crypto\conf</Filter>
    </ClCompile>
    <ClCompile Include="..\..\crypto\ct\ct_prn.c">
      <Filter>Source Files\crypto\ct</Filter>
    </ClCompile>
    <ClCompile Include="..\..\crypto\ct\ct_sct.c">
      <Filter>Source Files\crypto\ct</Filter>
    </ClCompile>
    <ClCompile Include="..\..\crypto\ct\ct_sct_ctx.c">
      <Filter>Source Files\crypto\ct</Filter>
    </ClCompile>
    <ClCompile Include="..\..\crypto\ct\ct_vfy.c">
      <Filter>Source Files\crypto\ct</Filter>
    </ClCompile>
    <ClCompile Include="..\..\crypto\ct\ct_x509v3.c">
      <Filter>Source Files\crypto\ct</Filter>
    </ClCompile>
    <ClCompile Include="..\..\crypto\ct\ct_b64.c">
      <Filter>Source Files\crypto\ct</Filter>
    </ClCompile>
    <ClCompile Include="..\..\crypto\ct\ct_err.c">
      <Filter>Source Files\crypto\ct</Filter>
    </ClCompile>
    <ClCompile Include="..\..\crypto\ct\ct_log.c">
      <Filter>Source Files\crypto\ct</Filter>
    </ClCompile>
    <ClCompile Include="..\..\crypto\ct\ct_oct.c">
      <Filter>Source Files\crypto\ct</Filter>
    </ClCompile>
    <ClCompile Include="..\..\crypto\ct\ct_policy.c">
      <Filter>Source Files\crypto\ct</Filter>
    </ClCompile>
    <ClCompile Include="..\..\crypto\dh\dh_rfc7919.c">
      <Filter>Source Files\crypto\dh</Filter>
    </ClCompile>
    <ClCompile Include="..\..\crypto\dh\dh_meth.c">
      <Filter>Source Files\crypto\dh</Filter>
    </ClCompile>
    <ClCompile Include="..\..\crypto\dsa\dsa_meth.c">
      <Filter>Source Files\crypto\dsa</Filter>
    </ClCompile>
    <ClCompile Include="..\..\crypto\ec\ecdh_ossl.c">
      <Filter>Source Files\crypto\ec</Filter>
    </ClCompile>
    <ClCompile Include="..\..\crypto\ec\ecdsa_ossl.c">
      <Filter>Source Files\crypto\ec</Filter>
    </ClCompile>
    <ClCompile Include="..\..\crypto\ec\ecdsa_sign.c">
      <Filter>Source Files\crypto\ec</Filter>
    </ClCompile>
    <ClCompile Include="..\..\crypto\ec\ecdsa_vrf.c">
      <Filter>Source Files\crypto\ec</Filter>
    </ClCompile>
    <ClCompile Include="..\..\crypto\ec\ecx_meth.c">
      <Filter>Source Files\crypto\ec</Filter>
    </ClCompile>
    <ClCompile Include="..\..\crypto\ec\curve25519.c">
      <Filter>Source Files\crypto\ec</Filter>
    </ClCompile>
    <ClCompile Include="..\..\crypto\ec\ec_kmeth.c">
      <Filter>Source Files\crypto\ec</Filter>
    </ClCompile>
    <ClCompile Include="..\..\crypto\ec\ecdh_kdf.c">
      <Filter>Source Files\crypto\ec</Filter>
    </ClCompile>
    <ClCompile Include="..\..\crypto\ec\curve448\eddsa.c">
      <Filter>Source Files\crypto\ec\curve448</Filter>
    </ClCompile>
    <ClCompile Include="..\..\crypto\ec\curve448\f_generic.c">
      <Filter>Source Files\crypto\ec\curve448</Filter>
    </ClCompile>
    <ClCompile Include="..\..\crypto\ec\curve448\scalar.c">
      <Filter>Source Files\crypto\ec\curve448</Filter>
    </ClCompile>
    <ClCompile Include="..\..\crypto\ec\curve448\curve448.c">
      <Filter>Source Files\crypto\ec\curve448</Filter>
    </ClCompile>
    <ClCompile Include="..\..\crypto\ec\curve448\curve448_tables.c">
      <Filter>Source Files\crypto\ec\curve448</Filter>
    </ClCompile>
    <ClCompile Include="..\..\crypto\ec\curve448\arch_32\f_impl.c">
      <Filter>Source Files\crypto\ec\curve448\arch_32</Filter>
    </ClCompile>
    <ClCompile Include="..\..\crypto\engine\tb_eckey.c">
      <Filter>Source Files\crypto\engine</Filter>
    </ClCompile>
    <ClCompile Include="..\..\crypto\evp\m_sha3.c">
      <Filter>Source Files\crypto\evp</Filter>
    </ClCompile>
    <ClCompile Include="..\..\crypto\evp\pbe_scrypt.c">
      <Filter>Source Files\crypto\evp</Filter>
    </ClCompile>
    <ClCompile Include="..\..\crypto\evp\cmeth_lib.c">
      <Filter>Source Files\crypto\evp</Filter>
    </ClCompile>
    <ClCompile Include="..\..\crypto\evp\e_aria.c">
      <Filter>Source Files\crypto\evp</Filter>
    </ClCompile>
    <ClCompile Include="..\..\crypto\evp\e_chacha20_poly1305.c">
      <Filter>Source Files\crypto\evp</Filter>
    </ClCompile>
    <ClCompile Include="..\..\crypto\evp\e_sm4.c">
      <Filter>Source Files\crypto\evp</Filter>
    </ClCompile>
    <ClCompile Include="..\..\crypto\evp\m_md2.c">
      <Filter>Source Files\crypto\evp</Filter>
    </ClCompile>
    <ClCompile Include="..\..\crypto\evp\m_md5_sha1.c">
      <Filter>Source Files\crypto\evp</Filter>
    </ClCompile>
    <ClCompile Include="..\..\crypto\kdf\scrypt.c">
      <Filter>Source Files\crypto\kdf</Filter>
    </ClCompile>
    <ClCompile Include="..\..\crypto\kdf\tls1_prf.c">
      <Filter>Source Files\crypto\kdf</Filter>
    </ClCompile>
    <ClCompile Include="..\..\crypto\kdf\hkdf.c">
      <Filter>Source Files\crypto\kdf</Filter>
    </ClCompile>
    <ClCompile Include="..\..\crypto\kdf\kdf_err.c">
      <Filter>Source Files\crypto\kdf</Filter>
    </ClCompile>
    <ClCompile Include="..\..\crypto\modes\ocb128.c">
      <Filter>Source Files\crypto\modes</Filter>
    </ClCompile>
    <ClCompile Include="..\..\crypto\ocsp\v3_ocsp.c">
      <Filter>Source Files\crypto\ocsp</Filter>
    </ClCompile>
    <ClCompile Include="..\..\crypto\pkcs12\p12_sbag.c">
      <Filter>Source Files\crypto\pkcs12</Filter>
    </ClCompile>
    <ClCompile Include="..\..\crypto\poly1305\poly1305_ameth.c">
      <Filter>Source Files\crypto\poly1305</Filter>
    </ClCompile>
    <ClCompile Include="..\..\crypto\poly1305\poly1305_pmeth.c">
      <Filter>Source Files\crypto\poly1305</Filter>
    </ClCompile>
    <ClCompile Include="..\..\crypto\poly1305\poly1305.c">
      <Filter>Source Files\crypto\poly1305</Filter>
    </ClCompile>
    <ClCompile Include="..\..\crypto\rand\drbg_lib.c">
      <Filter>Source Files\crypto\rand</Filter>
    </ClCompile>
    <ClCompile Include="..\..\crypto\rand\rand_vms.c">
      <Filter>Source Files\crypto\rand</Filter>
    </ClCompile>
    <ClCompile Include="..\..\crypto\rand\drbg_ctr.c">
      <Filter>Source Files\crypto\rand</Filter>
    </ClCompile>
    <ClCompile Include="..\..\crypto\rsa\rsa_mp.c">
      <Filter>Source Files\crypto\rsa</Filter>
    </ClCompile>
    <ClCompile Include="..\..\crypto\rsa\rsa_ossl.c">
      <Filter>Source Files\crypto\rsa</Filter>
    </ClCompile>
    <ClCompile Include="..\..\crypto\rsa\rsa_meth.c">
      <Filter>Source Files\crypto\rsa</Filter>
    </ClCompile>
    <ClCompile Include="..\..\crypto\rsa\rsa_x931g.c">
      <Filter>Source Files\crypto\rsa</Filter>
    </ClCompile>
    <ClCompile Include="..\..\crypto\siphash\siphash_ameth.c">
      <Filter>Source Files\crypto\siphash</Filter>
    </ClCompile>
    <ClCompile Include="..\..\crypto\siphash\siphash_pmeth.c">
      <Filter>Source Files\crypto\siphash</Filter>
    </ClCompile>
    <ClCompile Include="..\..\crypto\siphash\siphash.c">
      <Filter>Source Files\crypto\siphash</Filter>
    </ClCompile>
    <ClCompile Include="..\..\crypto\sm2\sm2_err.c">
      <Filter>Source Files\crypto\sm2</Filter>
    </ClCompile>
    <ClCompile Include="..\..\crypto\sm2\sm2_pmeth.c">
      <Filter>Source Files\crypto\sm2</Filter>
    </ClCompile>
    <ClCompile Include="..\..\crypto\sm2\sm2_sign.c">
      <Filter>Source Files\crypto\sm2</Filter>
    </ClCompile>
    <ClCompile Include="..\..\crypto\sm2\sm2_crypt.c">
      <Filter>Source Files\crypto\sm2</Filter>
    </ClCompile>
    <ClCompile Include="..\..\crypto\sm3\m_sm3.c">
      <Filter>Source Files\crypto\sm3</Filter>
    </ClCompile>
    <ClCompile Include="..\..\crypto\sm3\sm3.c">
      <Filter>Source Files\crypto\sm3</Filter>
    </ClCompile>
    <ClCompile Include="..\..\crypto\sm4\sm4.c">
      <Filter>Source Files\crypto\sm4</Filter>
    </ClCompile>
    <ClCompile Include="..\..\crypto\store\store_err.c">
      <Filter>Source Files\crypto\store</Filter>
    </ClCompile>
    <ClCompile Include="..\..\crypto\store\store_init.c">
      <Filter>Source Files\crypto\store</Filter>
    </ClCompile>
    <ClCompile Include="..\..\crypto\store\store_lib.c">
      <Filter>Source Files\crypto\store</Filter>
    </ClCompile>
    <ClCompile Include="..\..\crypto\store\store_register.c">
      <Filter>Source Files\crypto\store</Filter>
    </ClCompile>
    <ClCompile Include="..\..\crypto\store\store_strings.c">
      <Filter>Source Files\crypto\store</Filter>
    </ClCompile>
    <ClCompile Include="..\..\crypto\store\loader_file.c">
      <Filter>Source Files\crypto\store</Filter>
    </ClCompile>
    <ClCompile Include="..\..\crypto\ui\ui_null.c">
      <Filter>Source Files\crypto\ui</Filter>
    </ClCompile>
    <ClCompile Include="..\..\crypto\x509\x_x509.c">
      <Filter>Source Files\crypto\x509</Filter>
    </ClCompile>
    <ClCompile Include="..\..\crypto\x509\x_x509a.c">
      <Filter>Source Files\crypto\x509</Filter>
    </ClCompile>
    <ClCompile Include="..\..\crypto\x509\x509_meth.c">
      <Filter>Source Files\crypto\x509</Filter>
    </ClCompile>
    <ClCompile Include="..\..\crypto\x509\t_crl.c">
      <Filter>Source Files\crypto\x509</Filter>
    </ClCompile>
    <ClCompile Include="..\..\crypto\x509\t_req.c">
      <Filter>Source Files\crypto\x509</Filter>
    </ClCompile>
    <ClCompile Include="..\..\crypto\x509\t_x509.c">
      <Filter>Source Files\crypto\x509</Filter>
    </ClCompile>
    <ClCompile Include="..\..\crypto\x509\x_attrib.c">
      <Filter>Source Files\crypto\x509</Filter>
    </ClCompile>
    <ClCompile Include="..\..\crypto\x509\x_crl.c">
      <Filter>Source Files\crypto\x509</Filter>
    </ClCompile>
    <ClCompile Include="..\..\crypto\x509\x_exten.c">
      <Filter>Source Files\crypto\x509</Filter>
    </ClCompile>
    <ClCompile Include="..\..\crypto\x509\x_name.c">
      <Filter>Source Files\crypto\x509</Filter>
    </ClCompile>
    <ClCompile Include="..\..\crypto\x509\x_pubkey.c">
      <Filter>Source Files\crypto\x509</Filter>
    </ClCompile>
    <ClCompile Include="..\..\crypto\x509\x_req.c">
      <Filter>Source Files\crypto\x509</Filter>
    </ClCompile>
    <ClCompile Include="..\..\crypto\x509v3\v3_admis.c">
      <Filter>Source Files\crypto\x509v3</Filter>
    </ClCompile>
    <ClCompile Include="..\..\crypto\x509v3\v3_tlsf.c">
      <Filter>Source Files\crypto\x509v3</Filter>
    </ClCompile>
    <ClCompile Include="..\..\crypto\threads_pthread.c">
      <Filter>Source Files\crypto</Filter>
    </ClCompile>
    <ClCompile Include="..\..\crypto\threads_win.c">
      <Filter>Source Files\crypto</Filter>
    </ClCompile>
    <ClCompile Include="..\..\crypto\ctype.c">
      <Filter>Source Files\crypto</Filter>
    </ClCompile>
    <ClCompile Include="..\..\crypto\init.c">
      <Filter>Source Files\crypto</Filter>
    </ClCompile>
    <ClCompile Include="..\..\crypto\mem_sec.c">
      <Filter>Source Files\crypto</Filter>
    </ClCompile>
    <ClCompile Include="..\..\crypto\o_fopen.c">
      <Filter>Source Files\crypto</Filter>
    </ClCompile>
    <ClCompile Include="..\..\crypto\threads_none.c">
      <Filter>Source Files\crypto</Filter>
    </ClCompile>
    <ClCompile Include="..\..\crypto\getenv.c">
      <Filter>Source Files\crypto</Filter>
    </ClCompile>
    <ClCompile Include="..\..\crypto\aes\aes_cbc.c">
      <Filter>Source Files\crypto\aes</Filter>
    </ClCompile>
    <ClCompile Include="..\..\crypto\aes\aes_core.c">
      <Filter>Source Files\crypto\aes</Filter>
    </ClCompile>
  </ItemGroup>
  <ItemGroup>
    <CustomBuild Include="..\..\crypto\modes\asm\aesni-gcm-x86_64.pl">
      <Filter>Source Files\asm\x64</Filter>
    </CustomBuild>
    <CustomBuild Include="..\..\crypto\aes\asm\aesni-mb-x86_64.pl">
      <Filter>Source Files\asm\x64</Filter>
    </CustomBuild>
    <CustomBuild Include="..\..\crypto\aes\asm\aesni-sha1-x86_64.pl">
      <Filter>Source Files\asm\x64</Filter>
    </CustomBuild>
    <CustomBuild Include="..\..\crypto\aes\asm\aesni-sha256-x86_64.pl">
      <Filter>Source Files\asm\x64</Filter>
    </CustomBuild>
    <CustomBuild Include="..\..\crypto\aes\asm\aesni-x86_64.pl">
      <Filter>Source Files\asm\x64</Filter>
    </CustomBuild>
    <CustomBuild Include="..\..\crypto\camellia\asm\cmll-x86_64.pl">
      <Filter>Source Files\asm\x64</Filter>
    </CustomBuild>
    <CustomBuild Include="..\..\crypto\ec\asm\ecp_nistz256-x86_64.pl">
      <Filter>Source Files\asm\x64</Filter>
    </CustomBuild>
    <CustomBuild Include="..\..\crypto\modes\asm\ghash-x86_64.pl">
      <Filter>Source Files\asm\x64</Filter>
    </CustomBuild>
    <CustomBuild Include="..\..\crypto\aes\asm\aesni-x86.pl">
      <Filter>Source Files\asm\x86</Filter>
    </CustomBuild>
    <CustomBuild Include="..\..\crypto\bf\asm\bf-586.pl">
      <Filter>Source Files\asm\x86</Filter>
    </CustomBuild>
    <CustomBuild Include="..\..\crypto\bn\asm\bn-586.pl">
      <Filter>Source Files\asm\x86</Filter>
    </CustomBuild>
    <CustomBuild Include="..\..\crypto\camellia\asm\cmll-x86.pl">
      <Filter>Source Files\asm\x86</Filter>
    </CustomBuild>
    <CustomBuild Include="..\..\crypto\bn\asm\co-586.pl">
      <Filter>Source Files\asm\x86</Filter>
    </CustomBuild>
    <CustomBuild Include="..\..\crypto\des\asm\crypt586.pl">
      <Filter>Source Files\asm\x86</Filter>
    </CustomBuild>
    <CustomBuild Include="..\..\crypto\des\asm\des-586.pl">
      <Filter>Source Files\asm\x86</Filter>
    </CustomBuild>
    <CustomBuild Include="..\..\crypto\modes\asm\ghash-x86.pl">
      <Filter>Source Files\asm\x86</Filter>
    </CustomBuild>
    <CustomBuild Include="..\..\crypto\md5\asm\md5-586.pl">
      <Filter>Source Files\asm\x86</Filter>
    </CustomBuild>
    <CustomBuild Include="..\..\crypto\md5\asm\md5-x86_64.pl">
      <Filter>Source Files\asm\x64</Filter>
    </CustomBuild>
    <CustomBuild Include="..\..\crypto\rc4\asm\rc4-md5-x86_64.pl">
      <Filter>Source Files\asm\x64</Filter>
    </CustomBuild>
    <CustomBuild Include="..\..\crypto\rc4\asm\rc4-x86_64.pl">
      <Filter>Source Files\asm\x64</Filter>
    </CustomBuild>
    <CustomBuild Include="..\..\crypto\bn\asm\rsaz-x86_64.pl">
      <Filter>Source Files\asm\x64</Filter>
    </CustomBuild>
    <CustomBuild Include="..\..\crypto\sha\asm\sha1-mb-x86_64.pl">
      <Filter>Source Files\asm\x64</Filter>
    </CustomBuild>
    <CustomBuild Include="..\..\crypto\sha\asm\sha1-x86_64.pl">
      <Filter>Source Files\asm\x64</Filter>
    </CustomBuild>
    <CustomBuild Include="..\..\crypto\sha\asm\sha256-mb-x86_64.pl">
      <Filter>Source Files\asm\x64</Filter>
    </CustomBuild>
    <CustomBuild Include="..\..\crypto\sha\asm\sha512-x86_64.pl">
      <Filter>Source Files\asm\x64</Filter>
    </CustomBuild>
    <CustomBuild Include="..\..\crypto\rc4\asm\rc4-586.pl">
      <Filter>Source Files\asm\x86</Filter>
    </CustomBuild>
    <CustomBuild Include="..\..\crypto\ripemd\asm\rmd-586.pl">
      <Filter>Source Files\asm\x86</Filter>
    </CustomBuild>
    <CustomBuild Include="..\..\crypto\sha\asm\sha1-586.pl">
      <Filter>Source Files\asm\x86</Filter>
    </CustomBuild>
    <CustomBuild Include="..\..\crypto\sha\asm\sha256-586.pl">
      <Filter>Source Files\asm\x86</Filter>
    </CustomBuild>
    <CustomBuild Include="..\..\crypto\sha\asm\sha512-586.pl">
      <Filter>Source Files\asm\x86</Filter>
    </CustomBuild>
    <CustomBuild Include="..\..\crypto\aes\asm\vpaes-x86.pl">
      <Filter>Source Files\asm\x86</Filter>
    </CustomBuild>
    <CustomBuild Include="..\..\crypto\aes\asm\vpaes-x86_64.pl">
      <Filter>Source Files\asm\x64</Filter>
    </CustomBuild>
    <CustomBuild Include="..\..\crypto\x86_64cpuid.pl">
      <Filter>Source Files\asm\x64</Filter>
    </CustomBuild>
    <CustomBuild Include="..\..\crypto\bn\asm\x86_64-gf2m.pl">
      <Filter>Source Files\asm\x64</Filter>
    </CustomBuild>
    <CustomBuild Include="..\..\crypto\bn\asm\x86_64-mont.pl">
      <Filter>Source Files\asm\x64</Filter>
    </CustomBuild>
    <CustomBuild Include="..\..\crypto\bn\asm\x86_64-mont5.pl">
      <Filter>Source Files\asm\x64</Filter>
    </CustomBuild>
    <CustomBuild Include="..\..\crypto\x86cpuid.pl">
      <Filter>Source Files\asm\x86</Filter>
    </CustomBuild>
    <CustomBuild Include="..\..\crypto\bn\asm\x86-gf2m.pl">
      <Filter>Source Files\asm\x86</Filter>
    </CustomBuild>
    <CustomBuild Include="..\..\crypto\bn\asm\x86-mont.pl">
      <Filter>Source Files\asm\x86</Filter>
    </CustomBuild>
    <CustomBuild Include="..\..\crypto\whrlpool\asm\wp-x86_64.pl">
      <Filter>Source Files\asm\x64</Filter>
    </CustomBuild>
    <CustomBuild Include="..\..\crypto\whrlpool\asm\wp-mmx.pl">
      <Filter>Source Files\asm\x86</Filter>
    </CustomBuild>
    <CustomBuild Include="..\..\crypto\bn\asm\rsaz-avx2.pl">
      <Filter>Source Files\asm\x64</Filter>
    </CustomBuild>
    <CustomBuild Include="..\..\crypto\chacha\asm\chacha-x86_64.pl">
      <Filter>Source Files\asm\x64</Filter>
    </CustomBuild>
    <CustomBuild Include="..\..\crypto\chacha\asm\chacha-x86.pl">
      <Filter>Source Files\asm\x86</Filter>
    </CustomBuild>
    <CustomBuild Include="..\..\crypto\ec\asm\ecp_nistz256-x86.pl">
      <Filter>Source Files\asm\x86</Filter>
    </CustomBuild>
    <CustomBuild Include="..\..\crypto\poly1305\asm\poly1305-x86_64.pl">
      <Filter>Source Files\asm\x64</Filter>
    </CustomBuild>
    <CustomBuild Include="..\..\crypto\poly1305\asm\poly1305-x86.pl">
      <Filter>Source Files\asm\x86</Filter>
    </CustomBuild>
    <CustomBuild Include="..\..\crypto\sha\asm\keccak1600-x86_64.pl">
      <Filter>Source Files\asm\x64</Filter>
    </CustomBuild>
    <CustomBuild Include="..\..\crypto\ec\asm\x25519-x86_64.pl">
      <Filter>Source Files\asm\x64</Filter>
    </CustomBuild>
    <CustomBuild Include="..\..\engines\asm\e_padlock-x86_64.pl">
      <Filter>Source Files\asm\x64</Filter>
    </CustomBuild>
    <CustomBuild Include="..\..\engines\asm\e_padlock-x86.pl">
      <Filter>Source Files\asm\x86</Filter>
    </CustomBuild>
  </ItemGroup>
</Project>